
Microsoft Visual Studio Solution File, Format Version 12.00
# Visual Studio 15
VisualStudioVersion = 15.0.28307.168
MinimumVisualStudioVersion = 10.0.40219.1
Project("{FAE04EC0-301F-11D3-BF4B-00C04F79EFBC}") = "HalloXForms.Android", "HalloXForms\HalloXForms.Android\HalloXForms.Android.csproj", "{37BBEEF1-F7F7-4608-AF0C-8E7E3AE37B01}"
EndProject
Project("{FAE04EC0-301F-11D3-BF4B-00C04F79EFBC}") = "HalloXForms.iOS", "HalloXForms\HalloXForms.iOS\HalloXForms.iOS.csproj", "{A944EF0F-CAE5-46E0-8929-49FF1AFE9757}"
EndProject
Project("{FAE04EC0-301F-11D3-BF4B-00C04F79EFBC}") = "HalloXForms.UWP", "HalloXForms\HalloXForms.UWP\HalloXForms.UWP.csproj", "{BCA25271-4B57-4DDC-AC2B-C4E03E678799}"
EndProject
Project("{FAE04EC0-301F-11D3-BF4B-00C04F79EFBC}") = "HalloXForms", "HalloXForms\HalloXForms\HalloXForms.csproj", "{E75782BA-66DE-4EBC-90FD-096D03A9456D}"
EndProject
Global
	GlobalSection(SolutionConfigurationPlatforms) = preSolution
		Ad-Hoc|Any CPU = Ad-Hoc|Any CPU
		Ad-Hoc|ARM = Ad-Hoc|ARM
		Ad-Hoc|iPhone = Ad-Hoc|iPhone
		Ad-Hoc|iPhoneSimulator = Ad-Hoc|iPhoneSimulator
		Ad-Hoc|x64 = Ad-Hoc|x64
		Ad-Hoc|x86 = Ad-Hoc|x86
		AppStore|Any CPU = AppStore|Any CPU
		AppStore|ARM = AppStore|ARM
		AppStore|iPhone = AppStore|iPhone
		AppStore|iPhoneSimulator = AppStore|iPhoneSimulator
		AppStore|x64 = AppStore|x64
		AppStore|x86 = AppStore|x86
		Debug|Any CPU = Debug|Any CPU
		Debug|ARM = Debug|ARM
		Debug|iPhone = Debug|iPhone
		Debug|iPhoneSimulator = Debug|iPhoneSimulator
		Debug|x64 = Debug|x64
		Debug|x86 = Debug|x86
		Release|Any CPU = Release|Any CPU
		Release|ARM = Release|ARM
		Release|iPhone = Release|iPhone
		Release|iPhoneSimulator = Release|iPhoneSimulator
		Release|x64 = Release|x64
		Release|x86 = Release|x86
	EndGlobalSection
	GlobalSection(ProjectConfigurationPlatforms) = postSolution
		{37BBEEF1-F7F7-4608-AF0C-8E7E3AE37B01}.Ad-Hoc|Any CPU.ActiveCfg = Release|Any CPU
		{37BBEEF1-F7F7-4608-AF0C-8E7E3AE37B01}.Ad-Hoc|Any CPU.Build.0 = Release|Any CPU
		{37BBEEF1-F7F7-4608-AF0C-8E7E3AE37B01}.Ad-Hoc|Any CPU.Deploy.0 = Release|Any CPU
		{37BBEEF1-F7F7-4608-AF0C-8E7E3AE37B01}.Ad-Hoc|ARM.ActiveCfg = Release|Any CPU
		{37BBEEF1-F7F7-4608-AF0C-8E7E3AE37B01}.Ad-Hoc|ARM.Build.0 = Release|Any CPU
		{37BBEEF1-F7F7-4608-AF0C-8E7E3AE37B01}.Ad-Hoc|ARM.Deploy.0 = Release|Any CPU
		{37BBEEF1-F7F7-4608-AF0C-8E7E3AE37B01}.Ad-Hoc|iPhone.ActiveCfg = Release|Any CPU
		{37BBEEF1-F7F7-4608-AF0C-8E7E3AE37B01}.Ad-Hoc|iPhone.Build.0 = Release|Any CPU
		{37BBEEF1-F7F7-4608-AF0C-8E7E3AE37B01}.Ad-Hoc|iPhone.Deploy.0 = Release|Any CPU
		{37BBEEF1-F7F7-4608-AF0C-8E7E3AE37B01}.Ad-Hoc|iPhoneSimulator.ActiveCfg = Release|Any CPU
		{37BBEEF1-F7F7-4608-AF0C-8E7E3AE37B01}.Ad-Hoc|iPhoneSimulator.Build.0 = Release|Any CPU
		{37BBEEF1-F7F7-4608-AF0C-8E7E3AE37B01}.Ad-Hoc|iPhoneSimulator.Deploy.0 = Release|Any CPU
		{37BBEEF1-F7F7-4608-AF0C-8E7E3AE37B01}.Ad-Hoc|x64.ActiveCfg = Release|Any CPU
		{37BBEEF1-F7F7-4608-AF0C-8E7E3AE37B01}.Ad-Hoc|x64.Build.0 = Release|Any CPU
		{37BBEEF1-F7F7-4608-AF0C-8E7E3AE37B01}.Ad-Hoc|x64.Deploy.0 = Release|Any CPU
		{37BBEEF1-F7F7-4608-AF0C-8E7E3AE37B01}.Ad-Hoc|x86.ActiveCfg = Release|Any CPU
		{37BBEEF1-F7F7-4608-AF0C-8E7E3AE37B01}.Ad-Hoc|x86.Build.0 = Release|Any CPU
		{37BBEEF1-F7F7-4608-AF0C-8E7E3AE37B01}.Ad-Hoc|x86.Deploy.0 = Release|Any CPU
		{37BBEEF1-F7F7-4608-AF0C-8E7E3AE37B01}.AppStore|Any CPU.ActiveCfg = Release|Any CPU
		{37BBEEF1-F7F7-4608-AF0C-8E7E3AE37B01}.AppStore|Any CPU.Build.0 = Release|Any CPU
		{37BBEEF1-F7F7-4608-AF0C-8E7E3AE37B01}.AppStore|Any CPU.Deploy.0 = Release|Any CPU
		{37BBEEF1-F7F7-4608-AF0C-8E7E3AE37B01}.AppStore|ARM.ActiveCfg = Release|Any CPU
		{37BBEEF1-F7F7-4608-AF0C-8E7E3AE37B01}.AppStore|ARM.Build.0 = Release|Any CPU
		{37BBEEF1-F7F7-4608-AF0C-8E7E3AE37B01}.AppStore|ARM.Deploy.0 = Release|Any CPU
		{37BBEEF1-F7F7-4608-AF0C-8E7E3AE37B01}.AppStore|iPhone.ActiveCfg = Release|Any CPU
		{37BBEEF1-F7F7-4608-AF0C-8E7E3AE37B01}.AppStore|iPhone.Build.0 = Release|Any CPU
		{37BBEEF1-F7F7-4608-AF0C-8E7E3AE37B01}.AppStore|iPhone.Deploy.0 = Release|Any CPU
		{37BBEEF1-F7F7-4608-AF0C-8E7E3AE37B01}.AppStore|iPhoneSimulator.ActiveCfg = Release|Any CPU
		{37BBEEF1-F7F7-4608-AF0C-8E7E3AE37B01}.AppStore|iPhoneSimulator.Build.0 = Release|Any CPU
		{37BBEEF1-F7F7-4608-AF0C-8E7E3AE37B01}.AppStore|iPhoneSimulator.Deploy.0 = Release|Any CPU
		{37BBEEF1-F7F7-4608-AF0C-8E7E3AE37B01}.AppStore|x64.ActiveCfg = Release|Any CPU
		{37BBEEF1-F7F7-4608-AF0C-8E7E3AE37B01}.AppStore|x64.Build.0 = Release|Any CPU
		{37BBEEF1-F7F7-4608-AF0C-8E7E3AE37B01}.AppStore|x64.Deploy.0 = Release|Any CPU
		{37BBEEF1-F7F7-4608-AF0C-8E7E3AE37B01}.AppStore|x86.ActiveCfg = Release|Any CPU
		{37BBEEF1-F7F7-4608-AF0C-8E7E3AE37B01}.AppStore|x86.Build.0 = Release|Any CPU
		{37BBEEF1-F7F7-4608-AF0C-8E7E3AE37B01}.AppStore|x86.Deploy.0 = Release|Any CPU
		{37BBEEF1-F7F7-4608-AF0C-8E7E3AE37B01}.Debug|Any CPU.ActiveCfg = Debug|Any CPU
		{37BBEEF1-F7F7-4608-AF0C-8E7E3AE37B01}.Debug|Any CPU.Build.0 = Debug|Any CPU
		{37BBEEF1-F7F7-4608-AF0C-8E7E3AE37B01}.Debug|Any CPU.Deploy.0 = Debug|Any CPU
		{37BBEEF1-F7F7-4608-AF0C-8E7E3AE37B01}.Debug|ARM.ActiveCfg = Debug|Any CPU
		{37BBEEF1-F7F7-4608-AF0C-8E7E3AE37B01}.Debug|ARM.Build.0 = Debug|Any CPU
		{37BBEEF1-F7F7-4608-AF0C-8E7E3AE37B01}.Debug|ARM.Deploy.0 = Debug|Any CPU
		{37BBEEF1-F7F7-4608-AF0C-8E7E3AE37B01}.Debug|iPhone.ActiveCfg = Debug|Any CPU
		{37BBEEF1-F7F7-4608-AF0C-8E7E3AE37B01}.Debug|iPhone.Build.0 = Debug|Any CPU
		{37BBEEF1-F7F7-4608-AF0C-8E7E3AE37B01}.Debug|iPhone.Deploy.0 = Debug|Any CPU
		{37BBEEF1-F7F7-4608-AF0C-8E7E3AE37B01}.Debug|iPhoneSimulator.ActiveCfg = Debug|Any CPU
		{37BBEEF1-F7F7-4608-AF0C-8E7E3AE37B01}.Debug|iPhoneSimulator.Build.0 = Debug|Any CPU
		{37BBEEF1-F7F7-4608-AF0C-8E7E3AE37B01}.Debug|iPhoneSimulator.Deploy.0 = Debug|Any CPU
		{37BBEEF1-F7F7-4608-AF0C-8E7E3AE37B01}.Debug|x64.ActiveCfg = Debug|Any CPU
		{37BBEEF1-F7F7-4608-AF0C-8E7E3AE37B01}.Debug|x64.Build.0 = Debug|Any CPU
		{37BBEEF1-F7F7-4608-AF0C-8E7E3AE37B01}.Debug|x64.Deploy.0 = Debug|Any CPU
		{37BBEEF1-F7F7-4608-AF0C-8E7E3AE37B01}.Debug|x86.ActiveCfg = Debug|Any CPU
		{37BBEEF1-F7F7-4608-AF0C-8E7E3AE37B01}.Debug|x86.Build.0 = Debug|Any CPU
		{37BBEEF1-F7F7-4608-AF0C-8E7E3AE37B01}.Debug|x86.Deploy.0 = Debug|Any CPU
		{37BBEEF1-F7F7-4608-AF0C-8E7E3AE37B01}.Release|Any CPU.ActiveCfg = Release|Any CPU
		{37BBEEF1-F7F7-4608-AF0C-8E7E3AE37B01}.Release|Any CPU.Build.0 = Release|Any CPU
		{37BBEEF1-F7F7-4608-AF0C-8E7E3AE37B01}.Release|Any CPU.Deploy.0 = Release|Any CPU
		{37BBEEF1-F7F7-4608-AF0C-8E7E3AE37B01}.Release|ARM.ActiveCfg = Release|Any CPU
		{37BBEEF1-F7F7-4608-AF0C-8E7E3AE37B01}.Release|ARM.Build.0 = Release|Any CPU
		{37BBEEF1-F7F7-4608-AF0C-8E7E3AE37B01}.Release|ARM.Deploy.0 = Release|Any CPU
		{37BBEEF1-F7F7-4608-AF0C-8E7E3AE37B01}.Release|iPhone.ActiveCfg = Release|Any CPU
		{37BBEEF1-F7F7-4608-AF0C-8E7E3AE37B01}.Release|iPhone.Build.0 = Release|Any CPU
		{37BBEEF1-F7F7-4608-AF0C-8E7E3AE37B01}.Release|iPhone.Deploy.0 = Release|Any CPU
		{37BBEEF1-F7F7-4608-AF0C-8E7E3AE37B01}.Release|iPhoneSimulator.ActiveCfg = Release|Any CPU
		{37BBEEF1-F7F7-4608-AF0C-8E7E3AE37B01}.Release|iPhoneSimulator.Build.0 = Release|Any CPU
		{37BBEEF1-F7F7-4608-AF0C-8E7E3AE37B01}.Release|iPhoneSimulator.Deploy.0 = Release|Any CPU
		{37BBEEF1-F7F7-4608-AF0C-8E7E3AE37B01}.Release|x64.ActiveCfg = Release|Any CPU
		{37BBEEF1-F7F7-4608-AF0C-8E7E3AE37B01}.Release|x64.Build.0 = Release|Any CPU
		{37BBEEF1-F7F7-4608-AF0C-8E7E3AE37B01}.Release|x64.Deploy.0 = Release|Any CPU
		{37BBEEF1-F7F7-4608-AF0C-8E7E3AE37B01}.Release|x86.ActiveCfg = Release|Any CPU
		{37BBEEF1-F7F7-4608-AF0C-8E7E3AE37B01}.Release|x86.Build.0 = Release|Any CPU
		{37BBEEF1-F7F7-4608-AF0C-8E7E3AE37B01}.Release|x86.Deploy.0 = Release|Any CPU
		{A944EF0F-CAE5-46E0-8929-49FF1AFE9757}.Ad-Hoc|Any CPU.ActiveCfg = Ad-Hoc|iPhone
		{A944EF0F-CAE5-46E0-8929-49FF1AFE9757}.Ad-Hoc|Any CPU.Build.0 = Ad-Hoc|iPhone
		{A944EF0F-CAE5-46E0-8929-49FF1AFE9757}.Ad-Hoc|Any CPU.Deploy.0 = Ad-Hoc|iPhone
		{A944EF0F-CAE5-46E0-8929-49FF1AFE9757}.Ad-Hoc|ARM.ActiveCfg = Ad-Hoc|iPhone
		{A944EF0F-CAE5-46E0-8929-49FF1AFE9757}.Ad-Hoc|ARM.Build.0 = Ad-Hoc|iPhone
		{A944EF0F-CAE5-46E0-8929-49FF1AFE9757}.Ad-Hoc|ARM.Deploy.0 = Ad-Hoc|iPhone
		{A944EF0F-CAE5-46E0-8929-49FF1AFE9757}.Ad-Hoc|iPhone.ActiveCfg = Ad-Hoc|iPhone
		{A944EF0F-CAE5-46E0-8929-49FF1AFE9757}.Ad-Hoc|iPhone.Build.0 = Ad-Hoc|iPhone
		{A944EF0F-CAE5-46E0-8929-49FF1AFE9757}.Ad-Hoc|iPhone.Deploy.0 = Ad-Hoc|iPhone
		{A944EF0F-CAE5-46E0-8929-49FF1AFE9757}.Ad-Hoc|iPhoneSimulator.ActiveCfg = Ad-Hoc|iPhoneSimulator
		{A944EF0F-CAE5-46E0-8929-49FF1AFE9757}.Ad-Hoc|iPhoneSimulator.Build.0 = Ad-Hoc|iPhoneSimulator
		{A944EF0F-CAE5-46E0-8929-49FF1AFE9757}.Ad-Hoc|iPhoneSimulator.Deploy.0 = Ad-Hoc|iPhoneSimulator
		{A944EF0F-CAE5-46E0-8929-49FF1AFE9757}.Ad-Hoc|x64.ActiveCfg = Ad-Hoc|iPhone
		{A944EF0F-CAE5-46E0-8929-49FF1AFE9757}.Ad-Hoc|x64.Build.0 = Ad-Hoc|iPhone
		{A944EF0F-CAE5-46E0-8929-49FF1AFE9757}.Ad-Hoc|x64.Deploy.0 = Ad-Hoc|iPhone
		{A944EF0F-CAE5-46E0-8929-49FF1AFE9757}.Ad-Hoc|x86.ActiveCfg = Ad-Hoc|iPhone
		{A944EF0F-CAE5-46E0-8929-49FF1AFE9757}.Ad-Hoc|x86.Build.0 = Ad-Hoc|iPhone
		{A944EF0F-CAE5-46E0-8929-49FF1AFE9757}.Ad-Hoc|x86.Deploy.0 = Ad-Hoc|iPhone
		{A944EF0F-CAE5-46E0-8929-49FF1AFE9757}.AppStore|Any CPU.ActiveCfg = AppStore|iPhone
		{A944EF0F-CAE5-46E0-8929-49FF1AFE9757}.AppStore|Any CPU.Build.0 = AppStore|iPhone
		{A944EF0F-CAE5-46E0-8929-49FF1AFE9757}.AppStore|Any CPU.Deploy.0 = AppStore|iPhone
		{A944EF0F-CAE5-46E0-8929-49FF1AFE9757}.AppStore|ARM.ActiveCfg = AppStore|iPhone
		{A944EF0F-CAE5-46E0-8929-49FF1AFE9757}.AppStore|ARM.Build.0 = AppStore|iPhone
		{A944EF0F-CAE5-46E0-8929-49FF1AFE9757}.AppStore|ARM.Deploy.0 = AppStore|iPhone
		{A944EF0F-CAE5-46E0-8929-49FF1AFE9757}.AppStore|iPhone.ActiveCfg = AppStore|iPhone
		{A944EF0F-CAE5-46E0-8929-49FF1AFE9757}.AppStore|iPhone.Build.0 = AppStore|iPhone
		{A944EF0F-CAE5-46E0-8929-49FF1AFE9757}.AppStore|iPhone.Deploy.0 = AppStore|iPhone
		{A944EF0F-CAE5-46E0-8929-49FF1AFE9757}.AppStore|iPhoneSimulator.ActiveCfg = AppStore|iPhoneSimulator
		{A944EF0F-CAE5-46E0-8929-49FF1AFE9757}.AppStore|iPhoneSimulator.Build.0 = AppStore|iPhoneSimulator
		{A944EF0F-CAE5-46E0-8929-49FF1AFE9757}.AppStore|iPhoneSimulator.Deploy.0 = AppStore|iPhoneSimulator
		{A944EF0F-CAE5-46E0-8929-49FF1AFE9757}.AppStore|x64.ActiveCfg = AppStore|iPhone
		{A944EF0F-CAE5-46E0-8929-49FF1AFE9757}.AppStore|x64.Build.0 = AppStore|iPhone
		{A944EF0F-CAE5-46E0-8929-49FF1AFE9757}.AppStore|x64.Deploy.0 = AppStore|iPhone
		{A944EF0F-CAE5-46E0-8929-49FF1AFE9757}.AppStore|x86.ActiveCfg = AppStore|iPhone
		{A944EF0F-CAE5-46E0-8929-49FF1AFE9757}.AppStore|x86.Build.0 = AppStore|iPhone
		{A944EF0F-CAE5-46E0-8929-49FF1AFE9757}.AppStore|x86.Deploy.0 = AppStore|iPhone
		{A944EF0F-CAE5-46E0-8929-49FF1AFE9757}.Debug|Any CPU.ActiveCfg = Debug|iPhoneSimulator
		{A944EF0F-CAE5-46E0-8929-49FF1AFE9757}.Debug|Any CPU.Build.0 = Debug|iPhoneSimulator
		{A944EF0F-CAE5-46E0-8929-49FF1AFE9757}.Debug|Any CPU.Deploy.0 = Debug|iPhoneSimulator
		{A944EF0F-CAE5-46E0-8929-49FF1AFE9757}.Debug|ARM.ActiveCfg = Debug|iPhone
		{A944EF0F-CAE5-46E0-8929-49FF1AFE9757}.Debug|ARM.Build.0 = Debug|iPhone
		{A944EF0F-CAE5-46E0-8929-49FF1AFE9757}.Debug|ARM.Deploy.0 = Debug|iPhone
		{A944EF0F-CAE5-46E0-8929-49FF1AFE9757}.Debug|iPhone.ActiveCfg = Debug|iPhone
		{A944EF0F-CAE5-46E0-8929-49FF1AFE9757}.Debug|iPhone.Build.0 = Debug|iPhone
		{A944EF0F-CAE5-46E0-8929-49FF1AFE9757}.Debug|iPhone.Deploy.0 = Debug|iPhone
		{A944EF0F-CAE5-46E0-8929-49FF1AFE9757}.Debug|iPhoneSimulator.ActiveCfg = Debug|iPhoneSimulator
		{A944EF0F-CAE5-46E0-8929-49FF1AFE9757}.Debug|iPhoneSimulator.Build.0 = Debug|iPhoneSimulator
		{A944EF0F-CAE5-46E0-8929-49FF1AFE9757}.Debug|iPhoneSimulator.Deploy.0 = Debug|iPhoneSimulator
		{A944EF0F-CAE5-46E0-8929-49FF1AFE9757}.Debug|x64.ActiveCfg = Debug|iPhone
		{A944EF0F-CAE5-46E0-8929-49FF1AFE9757}.Debug|x64.Build.0 = Debug|iPhone
		{A944EF0F-CAE5-46E0-8929-49FF1AFE9757}.Debug|x64.Deploy.0 = Debug|iPhone
		{A944EF0F-CAE5-46E0-8929-49FF1AFE9757}.Debug|x86.ActiveCfg = Debug|iPhone
		{A944EF0F-CAE5-46E0-8929-49FF1AFE9757}.Debug|x86.Build.0 = Debug|iPhone
		{A944EF0F-CAE5-46E0-8929-49FF1AFE9757}.Debug|x86.Deploy.0 = Debug|iPhone
		{A944EF0F-CAE5-46E0-8929-49FF1AFE9757}.Release|Any CPU.ActiveCfg = Release|iPhone
		{A944EF0F-CAE5-46E0-8929-49FF1AFE9757}.Release|Any CPU.Build.0 = Release|iPhone
		{A944EF0F-CAE5-46E0-8929-49FF1AFE9757}.Release|Any CPU.Deploy.0 = Release|iPhone
		{A944EF0F-CAE5-46E0-8929-49FF1AFE9757}.Release|ARM.ActiveCfg = Release|iPhone
		{A944EF0F-CAE5-46E0-8929-49FF1AFE9757}.Release|ARM.Build.0 = Release|iPhone
		{A944EF0F-CAE5-46E0-8929-49FF1AFE9757}.Release|ARM.Deploy.0 = Release|iPhone
		{A944EF0F-CAE5-46E0-8929-49FF1AFE9757}.Release|iPhone.ActiveCfg = Release|iPhone
		{A944EF0F-CAE5-46E0-8929-49FF1AFE9757}.Release|iPhone.Build.0 = Release|iPhone
		{A944EF0F-CAE5-46E0-8929-49FF1AFE9757}.Release|iPhone.Deploy.0 = Release|iPhone
		{A944EF0F-CAE5-46E0-8929-49FF1AFE9757}.Release|iPhoneSimulator.ActiveCfg = Release|iPhoneSimulator
		{A944EF0F-CAE5-46E0-8929-49FF1AFE9757}.Release|iPhoneSimulator.Build.0 = Release|iPhoneSimulator
		{A944EF0F-CAE5-46E0-8929-49FF1AFE9757}.Release|iPhoneSimulator.Deploy.0 = Release|iPhoneSimulator
		{A944EF0F-CAE5-46E0-8929-49FF1AFE9757}.Release|x64.ActiveCfg = Release|iPhone
		{A944EF0F-CAE5-46E0-8929-49FF1AFE9757}.Release|x64.Build.0 = Release|iPhone
		{A944EF0F-CAE5-46E0-8929-49FF1AFE9757}.Release|x64.Deploy.0 = Release|iPhone
		{A944EF0F-CAE5-46E0-8929-49FF1AFE9757}.Release|x86.ActiveCfg = Release|iPhone
		{A944EF0F-CAE5-46E0-8929-49FF1AFE9757}.Release|x86.Build.0 = Release|iPhone
		{A944EF0F-CAE5-46E0-8929-49FF1AFE9757}.Release|x86.Deploy.0 = Release|iPhone
		{BCA25271-4B57-4DDC-AC2B-C4E03E678799}.Ad-Hoc|Any CPU.ActiveCfg = Release|x86
		{BCA25271-4B57-4DDC-AC2B-C4E03E678799}.Ad-Hoc|Any CPU.Build.0 = Release|x86
		{BCA25271-4B57-4DDC-AC2B-C4E03E678799}.Ad-Hoc|Any CPU.Deploy.0 = Release|x86
		{BCA25271-4B57-4DDC-AC2B-C4E03E678799}.Ad-Hoc|ARM.ActiveCfg = Release|ARM
		{BCA25271-4B57-4DDC-AC2B-C4E03E678799}.Ad-Hoc|ARM.Build.0 = Release|ARM
		{BCA25271-4B57-4DDC-AC2B-C4E03E678799}.Ad-Hoc|ARM.Deploy.0 = Release|ARM
		{BCA25271-4B57-4DDC-AC2B-C4E03E678799}.Ad-Hoc|iPhone.ActiveCfg = Release|x86
		{BCA25271-4B57-4DDC-AC2B-C4E03E678799}.Ad-Hoc|iPhone.Build.0 = Release|x86
		{BCA25271-4B57-4DDC-AC2B-C4E03E678799}.Ad-Hoc|iPhone.Deploy.0 = Release|x86
		{BCA25271-4B57-4DDC-AC2B-C4E03E678799}.Ad-Hoc|iPhoneSimulator.ActiveCfg = Release|x86
		{BCA25271-4B57-4DDC-AC2B-C4E03E678799}.Ad-Hoc|iPhoneSimulator.Build.0 = Release|x86
		{BCA25271-4B57-4DDC-AC2B-C4E03E678799}.Ad-Hoc|iPhoneSimulator.Deploy.0 = Release|x86
		{BCA25271-4B57-4DDC-AC2B-C4E03E678799}.Ad-Hoc|x64.ActiveCfg = Release|x64
		{BCA25271-4B57-4DDC-AC2B-C4E03E678799}.Ad-Hoc|x64.Build.0 = Release|x64
		{BCA25271-4B57-4DDC-AC2B-C4E03E678799}.Ad-Hoc|x64.Deploy.0 = Release|x64
		{BCA25271-4B57-4DDC-AC2B-C4E03E678799}.Ad-Hoc|x86.ActiveCfg = Release|x86
		{BCA25271-4B57-4DDC-AC2B-C4E03E678799}.Ad-Hoc|x86.Build.0 = Release|x86
		{BCA25271-4B57-4DDC-AC2B-C4E03E678799}.Ad-Hoc|x86.Deploy.0 = Release|x86
		{BCA25271-4B57-4DDC-AC2B-C4E03E678799}.AppStore|Any CPU.ActiveCfg = Release|x86
		{BCA25271-4B57-4DDC-AC2B-C4E03E678799}.AppStore|Any CPU.Build.0 = Release|x86
		{BCA25271-4B57-4DDC-AC2B-C4E03E678799}.AppStore|Any CPU.Deploy.0 = Release|x86
		{BCA25271-4B57-4DDC-AC2B-C4E03E678799}.AppStore|ARM.ActiveCfg = Release|ARM
		{BCA25271-4B57-4DDC-AC2B-C4E03E678799}.AppStore|ARM.Build.0 = Release|ARM
		{BCA25271-4B57-4DDC-AC2B-C4E03E678799}.AppStore|ARM.Deploy.0 = Release|ARM
		{BCA25271-4B57-4DDC-AC2B-C4E03E678799}.AppStore|iPhone.ActiveCfg = Release|x86
		{BCA25271-4B57-4DDC-AC2B-C4E03E678799}.AppStore|iPhone.Build.0 = Release|x86
		{BCA25271-4B57-4DDC-AC2B-C4E03E678799}.AppStore|iPhone.Deploy.0 = Release|x86
		{BCA25271-4B57-4DDC-AC2B-C4E03E678799}.AppStore|iPhoneSimulator.ActiveCfg = Release|x86
		{BCA25271-4B57-4DDC-AC2B-C4E03E678799}.AppStore|iPhoneSimulator.Build.0 = Release|x86
		{BCA25271-4B57-4DDC-AC2B-C4E03E678799}.AppStore|iPhoneSimulator.Deploy.0 = Release|x86
		{BCA25271-4B57-4DDC-AC2B-C4E03E678799}.AppStore|x64.ActiveCfg = Release|x64
		{BCA25271-4B57-4DDC-AC2B-C4E03E678799}.AppStore|x64.Build.0 = Release|x64
		{BCA25271-4B57-4DDC-AC2B-C4E03E678799}.AppStore|x64.Deploy.0 = Release|x64
		{BCA25271-4B57-4DDC-AC2B-C4E03E678799}.AppStore|x86.ActiveCfg = Release|x86
		{BCA25271-4B57-4DDC-AC2B-C4E03E678799}.AppStore|x86.Build.0 = Release|x86
		{BCA25271-4B57-4DDC-AC2B-C4E03E678799}.AppStore|x86.Deploy.0 = Release|x86
		{BCA25271-4B57-4DDC-AC2B-C4E03E678799}.Debug|Any CPU.ActiveCfg = Debug|x86
		{BCA25271-4B57-4DDC-AC2B-C4E03E678799}.Debug|Any CPU.Build.0 = Debug|x86
		{BCA25271-4B57-4DDC-AC2B-C4E03E678799}.Debug|Any CPU.Deploy.0 = Debug|x86
		{BCA25271-4B57-4DDC-AC2B-C4E03E678799}.Debug|ARM.ActiveCfg = Debug|ARM
		{BCA25271-4B57-4DDC-AC2B-C4E03E678799}.Debug|ARM.Build.0 = Debug|ARM
		{BCA25271-4B57-4DDC-AC2B-C4E03E678799}.Debug|ARM.Deploy.0 = Debug|ARM
		{BCA25271-4B57-4DDC-AC2B-C4E03E678799}.Debug|iPhone.ActiveCfg = Debug|x86
		{BCA25271-4B57-4DDC-AC2B-C4E03E678799}.Debug|iPhone.Build.0 = Debug|x86
		{BCA25271-4B57-4DDC-AC2B-C4E03E678799}.Debug|iPhone.Deploy.0 = Debug|x86
		{BCA25271-4B57-4DDC-AC2B-C4E03E678799}.Debug|iPhoneSimulator.ActiveCfg = Debug|x86
		{BCA25271-4B57-4DDC-AC2B-C4E03E678799}.Debug|iPhoneSimulator.Build.0 = Debug|x86
		{BCA25271-4B57-4DDC-AC2B-C4E03E678799}.Debug|iPhoneSimulator.Deploy.0 = Debug|x86
		{BCA25271-4B57-4DDC-AC2B-C4E03E678799}.Debug|x64.ActiveCfg = Debug|x64
		{BCA25271-4B57-4DDC-AC2B-C4E03E678799}.Debug|x64.Build.0 = Debug|x64
		{BCA25271-4B57-4DDC-AC2B-C4E03E678799}.Debug|x64.Deploy.0 = Debug|x64
		{BCA25271-4B57-4DDC-AC2B-C4E03E678799}.Debug|x86.ActiveCfg = Debug|x86
		{BCA25271-4B57-4DDC-AC2B-C4E03E678799}.Debug|x86.Build.0 = Debug|x86
		{BCA25271-4B57-4DDC-AC2B-C4E03E678799}.Debug|x86.Deploy.0 = Debug|x86
		{BCA25271-4B57-4DDC-AC2B-C4E03E678799}.Release|Any CPU.ActiveCfg = Release|x86
		{BCA25271-4B57-4DDC-AC2B-C4E03E678799}.Release|Any CPU.Build.0 = Release|x86
		{BCA25271-4B57-4DDC-AC2B-C4E03E678799}.Release|Any CPU.Deploy.0 = Release|x86
		{BCA25271-4B57-4DDC-AC2B-C4E03E678799}.Release|ARM.ActiveCfg = Release|ARM
		{BCA25271-4B57-4DDC-AC2B-C4E03E678799}.Release|ARM.Build.0 = Release|ARM
		{BCA25271-4B57-4DDC-AC2B-C4E03E678799}.Release|ARM.Deploy.0 = Release|ARM
		{BCA25271-4B57-4DDC-AC2B-C4E03E678799}.Release|iPhone.ActiveCfg = Release|x86
		{BCA25271-4B57-4DDC-AC2B-C4E03E678799}.Release|iPhone.Build.0 = Release|x86
		{BCA25271-4B57-4DDC-AC2B-C4E03E678799}.Release|iPhone.Deploy.0 = Release|x86
		{BCA25271-4B57-4DDC-AC2B-C4E03E678799}.Release|iPhoneSimulator.ActiveCfg = Release|x86
		{BCA25271-4B57-4DDC-AC2B-C4E03E678799}.Release|iPhoneSimulator.Build.0 = Release|x86
		{BCA25271-4B57-4DDC-AC2B-C4E03E678799}.Release|iPhoneSimulator.Deploy.0 = Release|x86
		{BCA25271-4B57-4DDC-AC2B-C4E03E678799}.Release|x64.ActiveCfg = Release|x64
		{BCA25271-4B57-4DDC-AC2B-C4E03E678799}.Release|x64.Build.0 = Release|x64
		{BCA25271-4B57-4DDC-AC2B-C4E03E678799}.Release|x64.Deploy.0 = Release|x64
		{BCA25271-4B57-4DDC-AC2B-C4E03E678799}.Release|x86.ActiveCfg = Release|x86
		{BCA25271-4B57-4DDC-AC2B-C4E03E678799}.Release|x86.Build.0 = Release|x86
		{BCA25271-4B57-4DDC-AC2B-C4E03E678799}.Release|x86.Deploy.0 = Release|x86
		{E75782BA-66DE-4EBC-90FD-096D03A9456D}.Ad-Hoc|Any CPU.ActiveCfg = Debug|Any CPU
		{E75782BA-66DE-4EBC-90FD-096D03A9456D}.Ad-Hoc|Any CPU.Build.0 = Debug|Any CPU
		{E75782BA-66DE-4EBC-90FD-096D03A9456D}.Ad-Hoc|Any CPU.Deploy.0 = Debug|Any CPU
		{E75782BA-66DE-4EBC-90FD-096D03A9456D}.Ad-Hoc|ARM.ActiveCfg = Debug|Any CPU
		{E75782BA-66DE-4EBC-90FD-096D03A9456D}.Ad-Hoc|ARM.Build.0 = Debug|Any CPU
		{E75782BA-66DE-4EBC-90FD-096D03A9456D}.Ad-Hoc|ARM.Deploy.0 = Debug|Any CPU
		{E75782BA-66DE-4EBC-90FD-096D03A9456D}.Ad-Hoc|iPhone.ActiveCfg = Debug|Any CPU
		{E75782BA-66DE-4EBC-90FD-096D03A9456D}.Ad-Hoc|iPhone.Build.0 = Debug|Any CPU
		{E75782BA-66DE-4EBC-90FD-096D03A9456D}.Ad-Hoc|iPhone.Deploy.0 = Debug|Any CPU
		{E75782BA-66DE-4EBC-90FD-096D03A9456D}.Ad-Hoc|iPhoneSimulator.ActiveCfg = Debug|Any CPU
		{E75782BA-66DE-4EBC-90FD-096D03A9456D}.Ad-Hoc|iPhoneSimulator.Build.0 = Debug|Any CPU
		{E75782BA-66DE-4EBC-90FD-096D03A9456D}.Ad-Hoc|iPhoneSimulator.Deploy.0 = Debug|Any CPU
		{E75782BA-66DE-4EBC-90FD-096D03A9456D}.Ad-Hoc|x64.ActiveCfg = Debug|Any CPU
		{E75782BA-66DE-4EBC-90FD-096D03A9456D}.Ad-Hoc|x64.Build.0 = Debug|Any CPU
		{E75782BA-66DE-4EBC-90FD-096D03A9456D}.Ad-Hoc|x64.Deploy.0 = Debug|Any CPU
		{E75782BA-66DE-4EBC-90FD-096D03A9456D}.Ad-Hoc|x86.ActiveCfg = Debug|Any CPU
		{E75782BA-66DE-4EBC-90FD-096D03A9456D}.Ad-Hoc|x86.Build.0 = Debug|Any CPU
		{E75782BA-66DE-4EBC-90FD-096D03A9456D}.Ad-Hoc|x86.Deploy.0 = Debug|Any CPU
		{E75782BA-66DE-4EBC-90FD-096D03A9456D}.AppStore|Any CPU.ActiveCfg = Debug|Any CPU
		{E75782BA-66DE-4EBC-90FD-096D03A9456D}.AppStore|Any CPU.Build.0 = Debug|Any CPU
		{E75782BA-66DE-4EBC-90FD-096D03A9456D}.AppStore|Any CPU.Deploy.0 = Debug|Any CPU
		{E75782BA-66DE-4EBC-90FD-096D03A9456D}.AppStore|ARM.ActiveCfg = Debug|Any CPU
		{E75782BA-66DE-4EBC-90FD-096D03A9456D}.AppStore|ARM.Build.0 = Debug|Any CPU
		{E75782BA-66DE-4EBC-90FD-096D03A9456D}.AppStore|ARM.Deploy.0 = Debug|Any CPU
		{E75782BA-66DE-4EBC-90FD-096D03A9456D}.AppStore|iPhone.ActiveCfg = Debug|Any CPU
		{E75782BA-66DE-4EBC-90FD-096D03A9456D}.AppStore|iPhone.Build.0 = Debug|Any CPU
		{E75782BA-66DE-4EBC-90FD-096D03A9456D}.AppStore|iPhone.Deploy.0 = Debug|Any CPU
		{E75782BA-66DE-4EBC-90FD-096D03A9456D}.AppStore|iPhoneSimulator.ActiveCfg = Debug|Any CPU
		{E75782BA-66DE-4EBC-90FD-096D03A9456D}.AppStore|iPhoneSimulator.Build.0 = Debug|Any CPU
		{E75782BA-66DE-4EBC-90FD-096D03A9456D}.AppStore|iPhoneSimulator.Deploy.0 = Debug|Any CPU
		{E75782BA-66DE-4EBC-90FD-096D03A9456D}.AppStore|x64.ActiveCfg = Debug|Any CPU
		{E75782BA-66DE-4EBC-90FD-096D03A9456D}.AppStore|x64.Build.0 = Debug|Any CPU
		{E75782BA-66DE-4EBC-90FD-096D03A9456D}.AppStore|x64.Deploy.0 = Debug|Any CPU
		{E75782BA-66DE-4EBC-90FD-096D03A9456D}.AppStore|x86.ActiveCfg = Debug|Any CPU
		{E75782BA-66DE-4EBC-90FD-096D03A9456D}.AppStore|x86.Build.0 = Debug|Any CPU
		{E75782BA-66DE-4EBC-90FD-096D03A9456D}.AppStore|x86.Deploy.0 = Debug|Any CPU
		{E75782BA-66DE-4EBC-90FD-096D03A9456D}.Debug|Any CPU.ActiveCfg = Debug|Any CPU
		{E75782BA-66DE-4EBC-90FD-096D03A9456D}.Debug|Any CPU.Build.0 = Debug|Any CPU
		{E75782BA-66DE-4EBC-90FD-096D03A9456D}.Debug|Any CPU.Deploy.0 = Debug|Any CPU
		{E75782BA-66DE-4EBC-90FD-096D03A9456D}.Debug|ARM.ActiveCfg = Debug|Any CPU
		{E75782BA-66DE-4EBC-90FD-096D03A9456D}.Debug|ARM.Build.0 = Debug|Any CPU
		{E75782BA-66DE-4EBC-90FD-096D03A9456D}.Debug|ARM.Deploy.0 = Debug|Any CPU
		{E75782BA-66DE-4EBC-90FD-096D03A9456D}.Debug|iPhone.ActiveCfg = Debug|Any CPU
		{E75782BA-66DE-4EBC-90FD-096D03A9456D}.Debug|iPhone.Build.0 = Debug|Any CPU
		{E75782BA-66DE-4EBC-90FD-096D03A9456D}.Debug|iPhone.Deploy.0 = Debug|Any CPU
		{E75782BA-66DE-4EBC-90FD-096D03A9456D}.Debug|iPhoneSimulator.ActiveCfg = Debug|Any CPU
		{E75782BA-66DE-4EBC-90FD-096D03A9456D}.Debug|iPhoneSimulator.Build.0 = Debug|Any CPU
		{E75782BA-66DE-4EBC-90FD-096D03A9456D}.Debug|iPhoneSimulator.Deploy.0 = Debug|Any CPU
		{E75782BA-66DE-4EBC-90FD-096D03A9456D}.Debug|x64.ActiveCfg = Debug|Any CPU
		{E75782BA-66DE-4EBC-90FD-096D03A9456D}.Debug|x64.Build.0 = Debug|Any CPU
		{E75782BA-66DE-4EBC-90FD-096D03A9456D}.Debug|x64.Deploy.0 = Debug|Any CPU
		{E75782BA-66DE-4EBC-90FD-096D03A9456D}.Debug|x86.ActiveCfg = Debug|Any CPU
		{E75782BA-66DE-4EBC-90FD-096D03A9456D}.Debug|x86.Build.0 = Debug|Any CPU
		{E75782BA-66DE-4EBC-90FD-096D03A9456D}.Debug|x86.Deploy.0 = Debug|Any CPU
		{E75782BA-66DE-4EBC-90FD-096D03A9456D}.Release|Any CPU.ActiveCfg = Release|Any CPU
		{E75782BA-66DE-4EBC-90FD-096D03A9456D}.Release|Any CPU.Build.0 = Release|Any CPU
		{E75782BA-66DE-4EBC-90FD-096D03A9456D}.Release|Any CPU.Deploy.0 = Release|Any CPU
		{E75782BA-66DE-4EBC-90FD-096D03A9456D}.Release|ARM.ActiveCfg = Release|Any CPU
		{E75782BA-66DE-4EBC-90FD-096D03A9456D}.Release|ARM.Build.0 = Release|Any CPU
		{E75782BA-66DE-4EBC-90FD-096D03A9456D}.Release|ARM.Deploy.0 = Release|Any CPU
		{E75782BA-66DE-4EBC-90FD-096D03A9456D}.Release|iPhone.ActiveCfg = Release|Any CPU
		{E75782BA-66DE-4EBC-90FD-096D03A9456D}.Release|iPhone.Build.0 = Release|Any CPU
		{E75782BA-66DE-4EBC-90FD-096D03A9456D}.Release|iPhone.Deploy.0 = Release|Any CPU
		{E75782BA-66DE-4EBC-90FD-096D03A9456D}.Release|iPhoneSimulator.ActiveCfg = Release|Any CPU
		{E75782BA-66DE-4EBC-90FD-096D03A9456D}.Release|iPhoneSimulator.Build.0 = Release|Any CPU
		{E75782BA-66DE-4EBC-90FD-096D03A9456D}.Release|iPhoneSimulator.Deploy.0 = Release|Any CPU
		{E75782BA-66DE-4EBC-90FD-096D03A9456D}.Release|x64.ActiveCfg = Release|Any CPU
		{E75782BA-66DE-4EBC-90FD-096D03A9456D}.Release|x64.Build.0 = Release|Any CPU
		{E75782BA-66DE-4EBC-90FD-096D03A9456D}.Release|x64.Deploy.0 = Release|Any CPU
		{E75782BA-66DE-4EBC-90FD-096D03A9456D}.Release|x86.ActiveCfg = Release|Any CPU
		{E75782BA-66DE-4EBC-90FD-096D03A9456D}.Release|x86.Build.0 = Release|Any CPU
		{E75782BA-66DE-4EBC-90FD-096D03A9456D}.Release|x86.Deploy.0 = Release|Any CPU
	EndGlobalSection
	GlobalSection(SolutionProperties) = preSolution
		HideSolutionNode = FALSE
	EndGlobalSection
	GlobalSection(ExtensibilityGlobals) = postSolution
		SolutionGuid = {9BE36905-2DC9-4A27-93F9-2283D6DC4AE1}
	EndGlobalSection
EndGlobal
