
Microsoft Visual Studio Solution File, Format Version 12.00
# Visual Studio 15
VisualStudioVersion = 15.0.28307.168
MinimumVisualStudioVersion = 10.0.40219.1
Project("{FAE04EC0-301F-11D3-BF4B-00C04F79EFBC}") = "Steuerelemente.Android", "Steuerelemente\Steuerelemente.Android\Steuerelemente.Android.csproj", "{83F461D1-A313-4CDC-A712-843E35261109}"
EndProject
Project("{FAE04EC0-301F-11D3-BF4B-00C04F79EFBC}") = "Steuerelemente.iOS", "Steuerelemente\Steuerelemente.iOS\Steuerelemente.iOS.csproj", "{9C708F0B-3CC0-4B68-B773-D50C58EE1BBE}"
EndProject
Project("{FAE04EC0-301F-11D3-BF4B-00C04F79EFBC}") = "Steuerelemente.UWP", "Steuerelemente\Steuerelemente.UWP\Steuerelemente.UWP.csproj", "{4CA99C3A-DF2B-43D8-8A0D-7346A690FFCA}"
EndProject
Project("{FAE04EC0-301F-11D3-BF4B-00C04F79EFBC}") = "Steuerelemente", "Steuerelemente\Steuerelemente\Steuerelemente.csproj", "{3905BCE5-3789-436B-BC1B-674539986356}"
EndProject
Global
	GlobalSection(SolutionConfigurationPlatforms) = preSolution
		Ad-Hoc|Any CPU = Ad-Hoc|Any CPU
		Ad-Hoc|ARM = Ad-Hoc|ARM
		Ad-Hoc|iPhone = Ad-Hoc|iPhone
		Ad-Hoc|iPhoneSimulator = Ad-Hoc|iPhoneSimulator
		Ad-Hoc|x64 = Ad-Hoc|x64
		Ad-Hoc|x86 = Ad-Hoc|x86
		AppStore|Any CPU = AppStore|Any CPU
		AppStore|ARM = AppStore|ARM
		AppStore|iPhone = AppStore|iPhone
		AppStore|iPhoneSimulator = AppStore|iPhoneSimulator
		AppStore|x64 = AppStore|x64
		AppStore|x86 = AppStore|x86
		Debug|Any CPU = Debug|Any CPU
		Debug|ARM = Debug|ARM
		Debug|iPhone = Debug|iPhone
		Debug|iPhoneSimulator = Debug|iPhoneSimulator
		Debug|x64 = Debug|x64
		Debug|x86 = Debug|x86
		Release|Any CPU = Release|Any CPU
		Release|ARM = Release|ARM
		Release|iPhone = Release|iPhone
		Release|iPhoneSimulator = Release|iPhoneSimulator
		Release|x64 = Release|x64
		Release|x86 = Release|x86
	EndGlobalSection
	GlobalSection(ProjectConfigurationPlatforms) = postSolution
		{83F461D1-A313-4CDC-A712-843E35261109}.Ad-Hoc|Any CPU.ActiveCfg = Release|Any CPU
		{83F461D1-A313-4CDC-A712-843E35261109}.Ad-Hoc|Any CPU.Build.0 = Release|Any CPU
		{83F461D1-A313-4CDC-A712-843E35261109}.Ad-Hoc|Any CPU.Deploy.0 = Release|Any CPU
		{83F461D1-A313-4CDC-A712-843E35261109}.Ad-Hoc|ARM.ActiveCfg = Release|Any CPU
		{83F461D1-A313-4CDC-A712-843E35261109}.Ad-Hoc|ARM.Build.0 = Release|Any CPU
		{83F461D1-A313-4CDC-A712-843E35261109}.Ad-Hoc|ARM.Deploy.0 = Release|Any CPU
		{83F461D1-A313-4CDC-A712-843E35261109}.Ad-Hoc|iPhone.ActiveCfg = Release|Any CPU
		{83F461D1-A313-4CDC-A712-843E35261109}.Ad-Hoc|iPhone.Build.0 = Release|Any CPU
		{83F461D1-A313-4CDC-A712-843E35261109}.Ad-Hoc|iPhone.Deploy.0 = Release|Any CPU
		{83F461D1-A313-4CDC-A712-843E35261109}.Ad-Hoc|iPhoneSimulator.ActiveCfg = Release|Any CPU
		{83F461D1-A313-4CDC-A712-843E35261109}.Ad-Hoc|iPhoneSimulator.Build.0 = Release|Any CPU
		{83F461D1-A313-4CDC-A712-843E35261109}.Ad-Hoc|iPhoneSimulator.Deploy.0 = Release|Any CPU
		{83F461D1-A313-4CDC-A712-843E35261109}.Ad-Hoc|x64.ActiveCfg = Release|Any CPU
		{83F461D1-A313-4CDC-A712-843E35261109}.Ad-Hoc|x64.Build.0 = Release|Any CPU
		{83F461D1-A313-4CDC-A712-843E35261109}.Ad-Hoc|x64.Deploy.0 = Release|Any CPU
		{83F461D1-A313-4CDC-A712-843E35261109}.Ad-Hoc|x86.ActiveCfg = Release|Any CPU
		{83F461D1-A313-4CDC-A712-843E35261109}.Ad-Hoc|x86.Build.0 = Release|Any CPU
		{83F461D1-A313-4CDC-A712-843E35261109}.Ad-Hoc|x86.Deploy.0 = Release|Any CPU
		{83F461D1-A313-4CDC-A712-843E35261109}.AppStore|Any CPU.ActiveCfg = Release|Any CPU
		{83F461D1-A313-4CDC-A712-843E35261109}.AppStore|Any CPU.Build.0 = Release|Any CPU
		{83F461D1-A313-4CDC-A712-843E35261109}.AppStore|Any CPU.Deploy.0 = Release|Any CPU
		{83F461D1-A313-4CDC-A712-843E35261109}.AppStore|ARM.ActiveCfg = Release|Any CPU
		{83F461D1-A313-4CDC-A712-843E35261109}.AppStore|ARM.Build.0 = Release|Any CPU
		{83F461D1-A313-4CDC-A712-843E35261109}.AppStore|ARM.Deploy.0 = Release|Any CPU
		{83F461D1-A313-4CDC-A712-843E35261109}.AppStore|iPhone.ActiveCfg = Release|Any CPU
		{83F461D1-A313-4CDC-A712-843E35261109}.AppStore|iPhone.Build.0 = Release|Any CPU
		{83F461D1-A313-4CDC-A712-843E35261109}.AppStore|iPhone.Deploy.0 = Release|Any CPU
		{83F461D1-A313-4CDC-A712-843E35261109}.AppStore|iPhoneSimulator.ActiveCfg = Release|Any CPU
		{83F461D1-A313-4CDC-A712-843E35261109}.AppStore|iPhoneSimulator.Build.0 = Release|Any CPU
		{83F461D1-A313-4CDC-A712-843E35261109}.AppStore|iPhoneSimulator.Deploy.0 = Release|Any CPU
		{83F461D1-A313-4CDC-A712-843E35261109}.AppStore|x64.ActiveCfg = Release|Any CPU
		{83F461D1-A313-4CDC-A712-843E35261109}.AppStore|x64.Build.0 = Release|Any CPU
		{83F461D1-A313-4CDC-A712-843E35261109}.AppStore|x64.Deploy.0 = Release|Any CPU
		{83F461D1-A313-4CDC-A712-843E35261109}.AppStore|x86.ActiveCfg = Release|Any CPU
		{83F461D1-A313-4CDC-A712-843E35261109}.AppStore|x86.Build.0 = Release|Any CPU
		{83F461D1-A313-4CDC-A712-843E35261109}.AppStore|x86.Deploy.0 = Release|Any CPU
		{83F461D1-A313-4CDC-A712-843E35261109}.Debug|Any CPU.ActiveCfg = Debug|Any CPU
		{83F461D1-A313-4CDC-A712-843E35261109}.Debug|Any CPU.Build.0 = Debug|Any CPU
		{83F461D1-A313-4CDC-A712-843E35261109}.Debug|Any CPU.Deploy.0 = Debug|Any CPU
		{83F461D1-A313-4CDC-A712-843E35261109}.Debug|ARM.ActiveCfg = Debug|Any CPU
		{83F461D1-A313-4CDC-A712-843E35261109}.Debug|ARM.Build.0 = Debug|Any CPU
		{83F461D1-A313-4CDC-A712-843E35261109}.Debug|ARM.Deploy.0 = Debug|Any CPU
		{83F461D1-A313-4CDC-A712-843E35261109}.Debug|iPhone.ActiveCfg = Debug|Any CPU
		{83F461D1-A313-4CDC-A712-843E35261109}.Debug|iPhone.Build.0 = Debug|Any CPU
		{83F461D1-A313-4CDC-A712-843E35261109}.Debug|iPhone.Deploy.0 = Debug|Any CPU
		{83F461D1-A313-4CDC-A712-843E35261109}.Debug|iPhoneSimulator.ActiveCfg = Debug|Any CPU
		{83F461D1-A313-4CDC-A712-843E35261109}.Debug|iPhoneSimulator.Build.0 = Debug|Any CPU
		{83F461D1-A313-4CDC-A712-843E35261109}.Debug|iPhoneSimulator.Deploy.0 = Debug|Any CPU
		{83F461D1-A313-4CDC-A712-843E35261109}.Debug|x64.ActiveCfg = Debug|Any CPU
		{83F461D1-A313-4CDC-A712-843E35261109}.Debug|x64.Build.0 = Debug|Any CPU
		{83F461D1-A313-4CDC-A712-843E35261109}.Debug|x64.Deploy.0 = Debug|Any CPU
		{83F461D1-A313-4CDC-A712-843E35261109}.Debug|x86.ActiveCfg = Debug|Any CPU
		{83F461D1-A313-4CDC-A712-843E35261109}.Debug|x86.Build.0 = Debug|Any CPU
		{83F461D1-A313-4CDC-A712-843E35261109}.Debug|x86.Deploy.0 = Debug|Any CPU
		{83F461D1-A313-4CDC-A712-843E35261109}.Release|Any CPU.ActiveCfg = Release|Any CPU
		{83F461D1-A313-4CDC-A712-843E35261109}.Release|Any CPU.Build.0 = Release|Any CPU
		{83F461D1-A313-4CDC-A712-843E35261109}.Release|Any CPU.Deploy.0 = Release|Any CPU
		{83F461D1-A313-4CDC-A712-843E35261109}.Release|ARM.ActiveCfg = Release|Any CPU
		{83F461D1-A313-4CDC-A712-843E35261109}.Release|ARM.Build.0 = Release|Any CPU
		{83F461D1-A313-4CDC-A712-843E35261109}.Release|ARM.Deploy.0 = Release|Any CPU
		{83F461D1-A313-4CDC-A712-843E35261109}.Release|iPhone.ActiveCfg = Release|Any CPU
		{83F461D1-A313-4CDC-A712-843E35261109}.Release|iPhone.Build.0 = Release|Any CPU
		{83F461D1-A313-4CDC-A712-843E35261109}.Release|iPhone.Deploy.0 = Release|Any CPU
		{83F461D1-A313-4CDC-A712-843E35261109}.Release|iPhoneSimulator.ActiveCfg = Release|Any CPU
		{83F461D1-A313-4CDC-A712-843E35261109}.Release|iPhoneSimulator.Build.0 = Release|Any CPU
		{83F461D1-A313-4CDC-A712-843E35261109}.Release|iPhoneSimulator.Deploy.0 = Release|Any CPU
		{83F461D1-A313-4CDC-A712-843E35261109}.Release|x64.ActiveCfg = Release|Any CPU
		{83F461D1-A313-4CDC-A712-843E35261109}.Release|x64.Build.0 = Release|Any CPU
		{83F461D1-A313-4CDC-A712-843E35261109}.Release|x64.Deploy.0 = Release|Any CPU
		{83F461D1-A313-4CDC-A712-843E35261109}.Release|x86.ActiveCfg = Release|Any CPU
		{83F461D1-A313-4CDC-A712-843E35261109}.Release|x86.Build.0 = Release|Any CPU
		{83F461D1-A313-4CDC-A712-843E35261109}.Release|x86.Deploy.0 = Release|Any CPU
		{9C708F0B-3CC0-4B68-B773-D50C58EE1BBE}.Ad-Hoc|Any CPU.ActiveCfg = Ad-Hoc|iPhone
		{9C708F0B-3CC0-4B68-B773-D50C58EE1BBE}.Ad-Hoc|Any CPU.Build.0 = Ad-Hoc|iPhone
		{9C708F0B-3CC0-4B68-B773-D50C58EE1BBE}.Ad-Hoc|Any CPU.Deploy.0 = Ad-Hoc|iPhone
		{9C708F0B-3CC0-4B68-B773-D50C58EE1BBE}.Ad-Hoc|ARM.ActiveCfg = Ad-Hoc|iPhone
		{9C708F0B-3CC0-4B68-B773-D50C58EE1BBE}.Ad-Hoc|ARM.Build.0 = Ad-Hoc|iPhone
		{9C708F0B-3CC0-4B68-B773-D50C58EE1BBE}.Ad-Hoc|ARM.Deploy.0 = Ad-Hoc|iPhone
		{9C708F0B-3CC0-4B68-B773-D50C58EE1BBE}.Ad-Hoc|iPhone.ActiveCfg = Ad-Hoc|iPhone
		{9C708F0B-3CC0-4B68-B773-D50C58EE1BBE}.Ad-Hoc|iPhone.Build.0 = Ad-Hoc|iPhone
		{9C708F0B-3CC0-4B68-B773-D50C58EE1BBE}.Ad-Hoc|iPhone.Deploy.0 = Ad-Hoc|iPhone
		{9C708F0B-3CC0-4B68-B773-D50C58EE1BBE}.Ad-Hoc|iPhoneSimulator.ActiveCfg = Ad-Hoc|iPhoneSimulator
		{9C708F0B-3CC0-4B68-B773-D50C58EE1BBE}.Ad-Hoc|iPhoneSimulator.Build.0 = Ad-Hoc|iPhoneSimulator
		{9C708F0B-3CC0-4B68-B773-D50C58EE1BBE}.Ad-Hoc|iPhoneSimulator.Deploy.0 = Ad-Hoc|iPhoneSimulator
		{9C708F0B-3CC0-4B68-B773-D50C58EE1BBE}.Ad-Hoc|x64.ActiveCfg = Ad-Hoc|iPhone
		{9C708F0B-3CC0-4B68-B773-D50C58EE1BBE}.Ad-Hoc|x64.Build.0 = Ad-Hoc|iPhone
		{9C708F0B-3CC0-4B68-B773-D50C58EE1BBE}.Ad-Hoc|x64.Deploy.0 = Ad-Hoc|iPhone
		{9C708F0B-3CC0-4B68-B773-D50C58EE1BBE}.Ad-Hoc|x86.ActiveCfg = Ad-Hoc|iPhone
		{9C708F0B-3CC0-4B68-B773-D50C58EE1BBE}.Ad-Hoc|x86.Build.0 = Ad-Hoc|iPhone
		{9C708F0B-3CC0-4B68-B773-D50C58EE1BBE}.Ad-Hoc|x86.Deploy.0 = Ad-Hoc|iPhone
		{9C708F0B-3CC0-4B68-B773-D50C58EE1BBE}.AppStore|Any CPU.ActiveCfg = AppStore|iPhone
		{9C708F0B-3CC0-4B68-B773-D50C58EE1BBE}.AppStore|Any CPU.Build.0 = AppStore|iPhone
		{9C708F0B-3CC0-4B68-B773-D50C58EE1BBE}.AppStore|Any CPU.Deploy.0 = AppStore|iPhone
		{9C708F0B-3CC0-4B68-B773-D50C58EE1BBE}.AppStore|ARM.ActiveCfg = AppStore|iPhone
		{9C708F0B-3CC0-4B68-B773-D50C58EE1BBE}.AppStore|ARM.Build.0 = AppStore|iPhone
		{9C708F0B-3CC0-4B68-B773-D50C58EE1BBE}.AppStore|ARM.Deploy.0 = AppStore|iPhone
		{9C708F0B-3CC0-4B68-B773-D50C58EE1BBE}.AppStore|iPhone.ActiveCfg = AppStore|iPhone
		{9C708F0B-3CC0-4B68-B773-D50C58EE1BBE}.AppStore|iPhone.Build.0 = AppStore|iPhone
		{9C708F0B-3CC0-4B68-B773-D50C58EE1BBE}.AppStore|iPhone.Deploy.0 = AppStore|iPhone
		{9C708F0B-3CC0-4B68-B773-D50C58EE1BBE}.AppStore|iPhoneSimulator.ActiveCfg = AppStore|iPhoneSimulator
		{9C708F0B-3CC0-4B68-B773-D50C58EE1BBE}.AppStore|iPhoneSimulator.Build.0 = AppStore|iPhoneSimulator
		{9C708F0B-3CC0-4B68-B773-D50C58EE1BBE}.AppStore|iPhoneSimulator.Deploy.0 = AppStore|iPhoneSimulator
		{9C708F0B-3CC0-4B68-B773-D50C58EE1BBE}.AppStore|x64.ActiveCfg = AppStore|iPhone
		{9C708F0B-3CC0-4B68-B773-D50C58EE1BBE}.AppStore|x64.Build.0 = AppStore|iPhone
		{9C708F0B-3CC0-4B68-B773-D50C58EE1BBE}.AppStore|x64.Deploy.0 = AppStore|iPhone
		{9C708F0B-3CC0-4B68-B773-D50C58EE1BBE}.AppStore|x86.ActiveCfg = AppStore|iPhone
		{9C708F0B-3CC0-4B68-B773-D50C58EE1BBE}.AppStore|x86.Build.0 = AppStore|iPhone
		{9C708F0B-3CC0-4B68-B773-D50C58EE1BBE}.AppStore|x86.Deploy.0 = AppStore|iPhone
		{9C708F0B-3CC0-4B68-B773-D50C58EE1BBE}.Debug|Any CPU.ActiveCfg = Debug|iPhoneSimulator
		{9C708F0B-3CC0-4B68-B773-D50C58EE1BBE}.Debug|Any CPU.Build.0 = Debug|iPhoneSimulator
		{9C708F0B-3CC0-4B68-B773-D50C58EE1BBE}.Debug|Any CPU.Deploy.0 = Debug|iPhoneSimulator
		{9C708F0B-3CC0-4B68-B773-D50C58EE1BBE}.Debug|ARM.ActiveCfg = Debug|iPhone
		{9C708F0B-3CC0-4B68-B773-D50C58EE1BBE}.Debug|ARM.Build.0 = Debug|iPhone
		{9C708F0B-3CC0-4B68-B773-D50C58EE1BBE}.Debug|ARM.Deploy.0 = Debug|iPhone
		{9C708F0B-3CC0-4B68-B773-D50C58EE1BBE}.Debug|iPhone.ActiveCfg = Debug|iPhone
		{9C708F0B-3CC0-4B68-B773-D50C58EE1BBE}.Debug|iPhone.Build.0 = Debug|iPhone
		{9C708F0B-3CC0-4B68-B773-D50C58EE1BBE}.Debug|iPhone.Deploy.0 = Debug|iPhone
		{9C708F0B-3CC0-4B68-B773-D50C58EE1BBE}.Debug|iPhoneSimulator.ActiveCfg = Debug|iPhoneSimulator
		{9C708F0B-3CC0-4B68-B773-D50C58EE1BBE}.Debug|iPhoneSimulator.Build.0 = Debug|iPhoneSimulator
		{9C708F0B-3CC0-4B68-B773-D50C58EE1BBE}.Debug|iPhoneSimulator.Deploy.0 = Debug|iPhoneSimulator
		{9C708F0B-3CC0-4B68-B773-D50C58EE1BBE}.Debug|x64.ActiveCfg = Debug|iPhone
		{9C708F0B-3CC0-4B68-B773-D50C58EE1BBE}.Debug|x64.Build.0 = Debug|iPhone
		{9C708F0B-3CC0-4B68-B773-D50C58EE1BBE}.Debug|x64.Deploy.0 = Debug|iPhone
		{9C708F0B-3CC0-4B68-B773-D50C58EE1BBE}.Debug|x86.ActiveCfg = Debug|iPhone
		{9C708F0B-3CC0-4B68-B773-D50C58EE1BBE}.Debug|x86.Build.0 = Debug|iPhone
		{9C708F0B-3CC0-4B68-B773-D50C58EE1BBE}.Debug|x86.Deploy.0 = Debug|iPhone
		{9C708F0B-3CC0-4B68-B773-D50C58EE1BBE}.Release|Any CPU.ActiveCfg = Release|iPhone
		{9C708F0B-3CC0-4B68-B773-D50C58EE1BBE}.Release|Any CPU.Build.0 = Release|iPhone
		{9C708F0B-3CC0-4B68-B773-D50C58EE1BBE}.Release|Any CPU.Deploy.0 = Release|iPhone
		{9C708F0B-3CC0-4B68-B773-D50C58EE1BBE}.Release|ARM.ActiveCfg = Release|iPhone
		{9C708F0B-3CC0-4B68-B773-D50C58EE1BBE}.Release|ARM.Build.0 = Release|iPhone
		{9C708F0B-3CC0-4B68-B773-D50C58EE1BBE}.Release|ARM.Deploy.0 = Release|iPhone
		{9C708F0B-3CC0-4B68-B773-D50C58EE1BBE}.Release|iPhone.ActiveCfg = Release|iPhone
		{9C708F0B-3CC0-4B68-B773-D50C58EE1BBE}.Release|iPhone.Build.0 = Release|iPhone
		{9C708F0B-3CC0-4B68-B773-D50C58EE1BBE}.Release|iPhone.Deploy.0 = Release|iPhone
		{9C708F0B-3CC0-4B68-B773-D50C58EE1BBE}.Release|iPhoneSimulator.ActiveCfg = Release|iPhoneSimulator
		{9C708F0B-3CC0-4B68-B773-D50C58EE1BBE}.Release|iPhoneSimulator.Build.0 = Release|iPhoneSimulator
		{9C708F0B-3CC0-4B68-B773-D50C58EE1BBE}.Release|iPhoneSimulator.Deploy.0 = Release|iPhoneSimulator
		{9C708F0B-3CC0-4B68-B773-D50C58EE1BBE}.Release|x64.ActiveCfg = Release|iPhone
		{9C708F0B-3CC0-4B68-B773-D50C58EE1BBE}.Release|x64.Build.0 = Release|iPhone
		{9C708F0B-3CC0-4B68-B773-D50C58EE1BBE}.Release|x64.Deploy.0 = Release|iPhone
		{9C708F0B-3CC0-4B68-B773-D50C58EE1BBE}.Release|x86.ActiveCfg = Release|iPhone
		{9C708F0B-3CC0-4B68-B773-D50C58EE1BBE}.Release|x86.Build.0 = Release|iPhone
		{9C708F0B-3CC0-4B68-B773-D50C58EE1BBE}.Release|x86.Deploy.0 = Release|iPhone
		{4CA99C3A-DF2B-43D8-8A0D-7346A690FFCA}.Ad-Hoc|Any CPU.ActiveCfg = Release|x86
		{4CA99C3A-DF2B-43D8-8A0D-7346A690FFCA}.Ad-Hoc|Any CPU.Build.0 = Release|x86
		{4CA99C3A-DF2B-43D8-8A0D-7346A690FFCA}.Ad-Hoc|Any CPU.Deploy.0 = Release|x86
		{4CA99C3A-DF2B-43D8-8A0D-7346A690FFCA}.Ad-Hoc|ARM.ActiveCfg = Release|ARM
		{4CA99C3A-DF2B-43D8-8A0D-7346A690FFCA}.Ad-Hoc|ARM.Build.0 = Release|ARM
		{4CA99C3A-DF2B-43D8-8A0D-7346A690FFCA}.Ad-Hoc|ARM.Deploy.0 = Release|ARM
		{4CA99C3A-DF2B-43D8-8A0D-7346A690FFCA}.Ad-Hoc|iPhone.ActiveCfg = Release|x86
		{4CA99C3A-DF2B-43D8-8A0D-7346A690FFCA}.Ad-Hoc|iPhone.Build.0 = Release|x86
		{4CA99C3A-DF2B-43D8-8A0D-7346A690FFCA}.Ad-Hoc|iPhone.Deploy.0 = Release|x86
		{4CA99C3A-DF2B-43D8-8A0D-7346A690FFCA}.Ad-Hoc|iPhoneSimulator.ActiveCfg = Release|x86
		{4CA99C3A-DF2B-43D8-8A0D-7346A690FFCA}.Ad-Hoc|iPhoneSimulator.Build.0 = Release|x86
		{4CA99C3A-DF2B-43D8-8A0D-7346A690FFCA}.Ad-Hoc|iPhoneSimulator.Deploy.0 = Release|x86
		{4CA99C3A-DF2B-43D8-8A0D-7346A690FFCA}.Ad-Hoc|x64.ActiveCfg = Release|x64
		{4CA99C3A-DF2B-43D8-8A0D-7346A690FFCA}.Ad-Hoc|x64.Build.0 = Release|x64
		{4CA99C3A-DF2B-43D8-8A0D-7346A690FFCA}.Ad-Hoc|x64.Deploy.0 = Release|x64
		{4CA99C3A-DF2B-43D8-8A0D-7346A690FFCA}.Ad-Hoc|x86.ActiveCfg = Release|x86
		{4CA99C3A-DF2B-43D8-8A0D-7346A690FFCA}.Ad-Hoc|x86.Build.0 = Release|x86
		{4CA99C3A-DF2B-43D8-8A0D-7346A690FFCA}.Ad-Hoc|x86.Deploy.0 = Release|x86
		{4CA99C3A-DF2B-43D8-8A0D-7346A690FFCA}.AppStore|Any CPU.ActiveCfg = Release|x86
		{4CA99C3A-DF2B-43D8-8A0D-7346A690FFCA}.AppStore|Any CPU.Build.0 = Release|x86
		{4CA99C3A-DF2B-43D8-8A0D-7346A690FFCA}.AppStore|Any CPU.Deploy.0 = Release|x86
		{4CA99C3A-DF2B-43D8-8A0D-7346A690FFCA}.AppStore|ARM.ActiveCfg = Release|ARM
		{4CA99C3A-DF2B-43D8-8A0D-7346A690FFCA}.AppStore|ARM.Build.0 = Release|ARM
		{4CA99C3A-DF2B-43D8-8A0D-7346A690FFCA}.AppStore|ARM.Deploy.0 = Release|ARM
		{4CA99C3A-DF2B-43D8-8A0D-7346A690FFCA}.AppStore|iPhone.ActiveCfg = Release|x86
		{4CA99C3A-DF2B-43D8-8A0D-7346A690FFCA}.AppStore|iPhone.Build.0 = Release|x86
		{4CA99C3A-DF2B-43D8-8A0D-7346A690FFCA}.AppStore|iPhone.Deploy.0 = Release|x86
		{4CA99C3A-DF2B-43D8-8A0D-7346A690FFCA}.AppStore|iPhoneSimulator.ActiveCfg = Release|x86
		{4CA99C3A-DF2B-43D8-8A0D-7346A690FFCA}.AppStore|iPhoneSimulator.Build.0 = Release|x86
		{4CA99C3A-DF2B-43D8-8A0D-7346A690FFCA}.AppStore|iPhoneSimulator.Deploy.0 = Release|x86
		{4CA99C3A-DF2B-43D8-8A0D-7346A690FFCA}.AppStore|x64.ActiveCfg = Release|x64
		{4CA99C3A-DF2B-43D8-8A0D-7346A690FFCA}.AppStore|x64.Build.0 = Release|x64
		{4CA99C3A-DF2B-43D8-8A0D-7346A690FFCA}.AppStore|x64.Deploy.0 = Release|x64
		{4CA99C3A-DF2B-43D8-8A0D-7346A690FFCA}.AppStore|x86.ActiveCfg = Release|x86
		{4CA99C3A-DF2B-43D8-8A0D-7346A690FFCA}.AppStore|x86.Build.0 = Release|x86
		{4CA99C3A-DF2B-43D8-8A0D-7346A690FFCA}.AppStore|x86.Deploy.0 = Release|x86
		{4CA99C3A-DF2B-43D8-8A0D-7346A690FFCA}.Debug|Any CPU.ActiveCfg = Debug|x86
		{4CA99C3A-DF2B-43D8-8A0D-7346A690FFCA}.Debug|Any CPU.Build.0 = Debug|x86
		{4CA99C3A-DF2B-43D8-8A0D-7346A690FFCA}.Debug|Any CPU.Deploy.0 = Debug|x86
		{4CA99C3A-DF2B-43D8-8A0D-7346A690FFCA}.Debug|ARM.ActiveCfg = Debug|ARM
		{4CA99C3A-DF2B-43D8-8A0D-7346A690FFCA}.Debug|ARM.Build.0 = Debug|ARM
		{4CA99C3A-DF2B-43D8-8A0D-7346A690FFCA}.Debug|ARM.Deploy.0 = Debug|ARM
		{4CA99C3A-DF2B-43D8-8A0D-7346A690FFCA}.Debug|iPhone.ActiveCfg = Debug|x86
		{4CA99C3A-DF2B-43D8-8A0D-7346A690FFCA}.Debug|iPhone.Build.0 = Debug|x86
		{4CA99C3A-DF2B-43D8-8A0D-7346A690FFCA}.Debug|iPhone.Deploy.0 = Debug|x86
		{4CA99C3A-DF2B-43D8-8A0D-7346A690FFCA}.Debug|iPhoneSimulator.ActiveCfg = Debug|x86
		{4CA99C3A-DF2B-43D8-8A0D-7346A690FFCA}.Debug|iPhoneSimulator.Build.0 = Debug|x86
		{4CA99C3A-DF2B-43D8-8A0D-7346A690FFCA}.Debug|iPhoneSimulator.Deploy.0 = Debug|x86
		{4CA99C3A-DF2B-43D8-8A0D-7346A690FFCA}.Debug|x64.ActiveCfg = Debug|x64
		{4CA99C3A-DF2B-43D8-8A0D-7346A690FFCA}.Debug|x64.Build.0 = Debug|x64
		{4CA99C3A-DF2B-43D8-8A0D-7346A690FFCA}.Debug|x64.Deploy.0 = Debug|x64
		{4CA99C3A-DF2B-43D8-8A0D-7346A690FFCA}.Debug|x86.ActiveCfg = Debug|x86
		{4CA99C3A-DF2B-43D8-8A0D-7346A690FFCA}.Debug|x86.Build.0 = Debug|x86
		{4CA99C3A-DF2B-43D8-8A0D-7346A690FFCA}.Debug|x86.Deploy.0 = Debug|x86
		{4CA99C3A-DF2B-43D8-8A0D-7346A690FFCA}.Release|Any CPU.ActiveCfg = Release|x86
		{4CA99C3A-DF2B-43D8-8A0D-7346A690FFCA}.Release|Any CPU.Build.0 = Release|x86
		{4CA99C3A-DF2B-43D8-8A0D-7346A690FFCA}.Release|Any CPU.Deploy.0 = Release|x86
		{4CA99C3A-DF2B-43D8-8A0D-7346A690FFCA}.Release|ARM.ActiveCfg = Release|ARM
		{4CA99C3A-DF2B-43D8-8A0D-7346A690FFCA}.Release|ARM.Build.0 = Release|ARM
		{4CA99C3A-DF2B-43D8-8A0D-7346A690FFCA}.Release|ARM.Deploy.0 = Release|ARM
		{4CA99C3A-DF2B-43D8-8A0D-7346A690FFCA}.Release|iPhone.ActiveCfg = Release|x86
		{4CA99C3A-DF2B-43D8-8A0D-7346A690FFCA}.Release|iPhone.Build.0 = Release|x86
		{4CA99C3A-DF2B-43D8-8A0D-7346A690FFCA}.Release|iPhone.Deploy.0 = Release|x86
		{4CA99C3A-DF2B-43D8-8A0D-7346A690FFCA}.Release|iPhoneSimulator.ActiveCfg = Release|x86
		{4CA99C3A-DF2B-43D8-8A0D-7346A690FFCA}.Release|iPhoneSimulator.Build.0 = Release|x86
		{4CA99C3A-DF2B-43D8-8A0D-7346A690FFCA}.Release|iPhoneSimulator.Deploy.0 = Release|x86
		{4CA99C3A-DF2B-43D8-8A0D-7346A690FFCA}.Release|x64.ActiveCfg = Release|x64
		{4CA99C3A-DF2B-43D8-8A0D-7346A690FFCA}.Release|x64.Build.0 = Release|x64
		{4CA99C3A-DF2B-43D8-8A0D-7346A690FFCA}.Release|x64.Deploy.0 = Release|x64
		{4CA99C3A-DF2B-43D8-8A0D-7346A690FFCA}.Release|x86.ActiveCfg = Release|x86
		{4CA99C3A-DF2B-43D8-8A0D-7346A690FFCA}.Release|x86.Build.0 = Release|x86
		{4CA99C3A-DF2B-43D8-8A0D-7346A690FFCA}.Release|x86.Deploy.0 = Release|x86
		{3905BCE5-3789-436B-BC1B-674539986356}.Ad-Hoc|Any CPU.ActiveCfg = Debug|Any CPU
		{3905BCE5-3789-436B-BC1B-674539986356}.Ad-Hoc|Any CPU.Build.0 = Debug|Any CPU
		{3905BCE5-3789-436B-BC1B-674539986356}.Ad-Hoc|Any CPU.Deploy.0 = Debug|Any CPU
		{3905BCE5-3789-436B-BC1B-674539986356}.Ad-Hoc|ARM.ActiveCfg = Debug|Any CPU
		{3905BCE5-3789-436B-BC1B-674539986356}.Ad-Hoc|ARM.Build.0 = Debug|Any CPU
		{3905BCE5-3789-436B-BC1B-674539986356}.Ad-Hoc|ARM.Deploy.0 = Debug|Any CPU
		{3905BCE5-3789-436B-BC1B-674539986356}.Ad-Hoc|iPhone.ActiveCfg = Debug|Any CPU
		{3905BCE5-3789-436B-BC1B-674539986356}.Ad-Hoc|iPhone.Build.0 = Debug|Any CPU
		{3905BCE5-3789-436B-BC1B-674539986356}.Ad-Hoc|iPhone.Deploy.0 = Debug|Any CPU
		{3905BCE5-3789-436B-BC1B-674539986356}.Ad-Hoc|iPhoneSimulator.ActiveCfg = Debug|Any CPU
		{3905BCE5-3789-436B-BC1B-674539986356}.Ad-Hoc|iPhoneSimulator.Build.0 = Debug|Any CPU
		{3905BCE5-3789-436B-BC1B-674539986356}.Ad-Hoc|iPhoneSimulator.Deploy.0 = Debug|Any CPU
		{3905BCE5-3789-436B-BC1B-674539986356}.Ad-Hoc|x64.ActiveCfg = Debug|Any CPU
		{3905BCE5-3789-436B-BC1B-674539986356}.Ad-Hoc|x64.Build.0 = Debug|Any CPU
		{3905BCE5-3789-436B-BC1B-674539986356}.Ad-Hoc|x64.Deploy.0 = Debug|Any CPU
		{3905BCE5-3789-436B-BC1B-674539986356}.Ad-Hoc|x86.ActiveCfg = Debug|Any CPU
		{3905BCE5-3789-436B-BC1B-674539986356}.Ad-Hoc|x86.Build.0 = Debug|Any CPU
		{3905BCE5-3789-436B-BC1B-674539986356}.Ad-Hoc|x86.Deploy.0 = Debug|Any CPU
		{3905BCE5-3789-436B-BC1B-674539986356}.AppStore|Any CPU.ActiveCfg = Debug|Any CPU
		{3905BCE5-3789-436B-BC1B-674539986356}.AppStore|Any CPU.Build.0 = Debug|Any CPU
		{3905BCE5-3789-436B-BC1B-674539986356}.AppStore|Any CPU.Deploy.0 = Debug|Any CPU
		{3905BCE5-3789-436B-BC1B-674539986356}.AppStore|ARM.ActiveCfg = Debug|Any CPU
		{3905BCE5-3789-436B-BC1B-674539986356}.AppStore|ARM.Build.0 = Debug|Any CPU
		{3905BCE5-3789-436B-BC1B-674539986356}.AppStore|ARM.Deploy.0 = Debug|Any CPU
		{3905BCE5-3789-436B-BC1B-674539986356}.AppStore|iPhone.ActiveCfg = Debug|Any CPU
		{3905BCE5-3789-436B-BC1B-674539986356}.AppStore|iPhone.Build.0 = Debug|Any CPU
		{3905BCE5-3789-436B-BC1B-674539986356}.AppStore|iPhone.Deploy.0 = Debug|Any CPU
		{3905BCE5-3789-436B-BC1B-674539986356}.AppStore|iPhoneSimulator.ActiveCfg = Debug|Any CPU
		{3905BCE5-3789-436B-BC1B-674539986356}.AppStore|iPhoneSimulator.Build.0 = Debug|Any CPU
		{3905BCE5-3789-436B-BC1B-674539986356}.AppStore|iPhoneSimulator.Deploy.0 = Debug|Any CPU
		{3905BCE5-3789-436B-BC1B-674539986356}.AppStore|x64.ActiveCfg = Debug|Any CPU
		{3905BCE5-3789-436B-BC1B-674539986356}.AppStore|x64.Build.0 = Debug|Any CPU
		{3905BCE5-3789-436B-BC1B-674539986356}.AppStore|x64.Deploy.0 = Debug|Any CPU
		{3905BCE5-3789-436B-BC1B-674539986356}.AppStore|x86.ActiveCfg = Debug|Any CPU
		{3905BCE5-3789-436B-BC1B-674539986356}.AppStore|x86.Build.0 = Debug|Any CPU
		{3905BCE5-3789-436B-BC1B-674539986356}.AppStore|x86.Deploy.0 = Debug|Any CPU
		{3905BCE5-3789-436B-BC1B-674539986356}.Debug|Any CPU.ActiveCfg = Debug|Any CPU
		{3905BCE5-3789-436B-BC1B-674539986356}.Debug|Any CPU.Build.0 = Debug|Any CPU
		{3905BCE5-3789-436B-BC1B-674539986356}.Debug|Any CPU.Deploy.0 = Debug|Any CPU
		{3905BCE5-3789-436B-BC1B-674539986356}.Debug|ARM.ActiveCfg = Debug|Any CPU
		{3905BCE5-3789-436B-BC1B-674539986356}.Debug|ARM.Build.0 = Debug|Any CPU
		{3905BCE5-3789-436B-BC1B-674539986356}.Debug|ARM.Deploy.0 = Debug|Any CPU
		{3905BCE5-3789-436B-BC1B-674539986356}.Debug|iPhone.ActiveCfg = Debug|Any CPU
		{3905BCE5-3789-436B-BC1B-674539986356}.Debug|iPhone.Build.0 = Debug|Any CPU
		{3905BCE5-3789-436B-BC1B-674539986356}.Debug|iPhone.Deploy.0 = Debug|Any CPU
		{3905BCE5-3789-436B-BC1B-674539986356}.Debug|iPhoneSimulator.ActiveCfg = Debug|Any CPU
		{3905BCE5-3789-436B-BC1B-674539986356}.Debug|iPhoneSimulator.Build.0 = Debug|Any CPU
		{3905BCE5-3789-436B-BC1B-674539986356}.Debug|iPhoneSimulator.Deploy.0 = Debug|Any CPU
		{3905BCE5-3789-436B-BC1B-674539986356}.Debug|x64.ActiveCfg = Debug|Any CPU
		{3905BCE5-3789-436B-BC1B-674539986356}.Debug|x64.Build.0 = Debug|Any CPU
		{3905BCE5-3789-436B-BC1B-674539986356}.Debug|x64.Deploy.0 = Debug|Any CPU
		{3905BCE5-3789-436B-BC1B-674539986356}.Debug|x86.ActiveCfg = Debug|Any CPU
		{3905BCE5-3789-436B-BC1B-674539986356}.Debug|x86.Build.0 = Debug|Any CPU
		{3905BCE5-3789-436B-BC1B-674539986356}.Debug|x86.Deploy.0 = Debug|Any CPU
		{3905BCE5-3789-436B-BC1B-674539986356}.Release|Any CPU.ActiveCfg = Release|Any CPU
		{3905BCE5-3789-436B-BC1B-674539986356}.Release|Any CPU.Build.0 = Release|Any CPU
		{3905BCE5-3789-436B-BC1B-674539986356}.Release|Any CPU.Deploy.0 = Release|Any CPU
		{3905BCE5-3789-436B-BC1B-674539986356}.Release|ARM.ActiveCfg = Release|Any CPU
		{3905BCE5-3789-436B-BC1B-674539986356}.Release|ARM.Build.0 = Release|Any CPU
		{3905BCE5-3789-436B-BC1B-674539986356}.Release|ARM.Deploy.0 = Release|Any CPU
		{3905BCE5-3789-436B-BC1B-674539986356}.Release|iPhone.ActiveCfg = Release|Any CPU
		{3905BCE5-3789-436B-BC1B-674539986356}.Release|iPhone.Build.0 = Release|Any CPU
		{3905BCE5-3789-436B-BC1B-674539986356}.Release|iPhone.Deploy.0 = Release|Any CPU
		{3905BCE5-3789-436B-BC1B-674539986356}.Release|iPhoneSimulator.ActiveCfg = Release|Any CPU
		{3905BCE5-3789-436B-BC1B-674539986356}.Release|iPhoneSimulator.Build.0 = Release|Any CPU
		{3905BCE5-3789-436B-BC1B-674539986356}.Release|iPhoneSimulator.Deploy.0 = Release|Any CPU
		{3905BCE5-3789-436B-BC1B-674539986356}.Release|x64.ActiveCfg = Release|Any CPU
		{3905BCE5-3789-436B-BC1B-674539986356}.Release|x64.Build.0 = Release|Any CPU
		{3905BCE5-3789-436B-BC1B-674539986356}.Release|x64.Deploy.0 = Release|Any CPU
		{3905BCE5-3789-436B-BC1B-674539986356}.Release|x86.ActiveCfg = Release|Any CPU
		{3905BCE5-3789-436B-BC1B-674539986356}.Release|x86.Build.0 = Release|Any CPU
		{3905BCE5-3789-436B-BC1B-674539986356}.Release|x86.Deploy.0 = Release|Any CPU
	EndGlobalSection
	GlobalSection(SolutionProperties) = preSolution
		HideSolutionNode = FALSE
	EndGlobalSection
	GlobalSection(ExtensibilityGlobals) = postSolution
		SolutionGuid = {1BFE10BD-6D71-4E1E-9030-B7ACE531BCE3}
	EndGlobalSection
EndGlobal
