
Microsoft Visual Studio Solution File, Format Version 12.00
# Visual Studio 15
VisualStudioVersion = 15.0.28307.168
MinimumVisualStudioVersion = 10.0.40219.1
Project("{FAE04EC0-301F-11D3-BF4B-00C04F79EFBC}") = "MVVM_Simpel.Android", "MVVM_Simpel\MVVM_Simpel.Android\MVVM_Simpel.Android.csproj", "{3B09672D-7F38-4916-8C1B-D9547636D870}"
EndProject
Project("{FAE04EC0-301F-11D3-BF4B-00C04F79EFBC}") = "MVVM_Simpel.iOS", "MVVM_Simpel\MVVM_Simpel.iOS\MVVM_Simpel.iOS.csproj", "{5F2CF593-D019-4EB8-9BCF-63A9298702E9}"
EndProject
Project("{FAE04EC0-301F-11D3-BF4B-00C04F79EFBC}") = "MVVM_Simpel.UWP", "MVVM_Simpel\MVVM_Simpel.UWP\MVVM_Simpel.UWP.csproj", "{EE9E67DF-07B3-4BDF-A014-91DC64C15136}"
EndProject
Project("{FAE04EC0-301F-11D3-BF4B-00C04F79EFBC}") = "MVVM_Simpel", "MVVM_Simpel\MVVM_Simpel\MVVM_Simpel.csproj", "{A635665C-F0D3-40D7-AF15-F91A5AF66A0C}"
EndProject
Global
	GlobalSection(SolutionConfigurationPlatforms) = preSolution
		Ad-Hoc|Any CPU = Ad-Hoc|Any CPU
		Ad-Hoc|ARM = Ad-Hoc|ARM
		Ad-Hoc|iPhone = Ad-Hoc|iPhone
		Ad-Hoc|iPhoneSimulator = Ad-Hoc|iPhoneSimulator
		Ad-Hoc|x64 = Ad-Hoc|x64
		Ad-Hoc|x86 = Ad-Hoc|x86
		AppStore|Any CPU = AppStore|Any CPU
		AppStore|ARM = AppStore|ARM
		AppStore|iPhone = AppStore|iPhone
		AppStore|iPhoneSimulator = AppStore|iPhoneSimulator
		AppStore|x64 = AppStore|x64
		AppStore|x86 = AppStore|x86
		Debug|Any CPU = Debug|Any CPU
		Debug|ARM = Debug|ARM
		Debug|iPhone = Debug|iPhone
		Debug|iPhoneSimulator = Debug|iPhoneSimulator
		Debug|x64 = Debug|x64
		Debug|x86 = Debug|x86
		Release|Any CPU = Release|Any CPU
		Release|ARM = Release|ARM
		Release|iPhone = Release|iPhone
		Release|iPhoneSimulator = Release|iPhoneSimulator
		Release|x64 = Release|x64
		Release|x86 = Release|x86
	EndGlobalSection
	GlobalSection(ProjectConfigurationPlatforms) = postSolution
		{3B09672D-7F38-4916-8C1B-D9547636D870}.Ad-Hoc|Any CPU.ActiveCfg = Release|Any CPU
		{3B09672D-7F38-4916-8C1B-D9547636D870}.Ad-Hoc|Any CPU.Build.0 = Release|Any CPU
		{3B09672D-7F38-4916-8C1B-D9547636D870}.Ad-Hoc|Any CPU.Deploy.0 = Release|Any CPU
		{3B09672D-7F38-4916-8C1B-D9547636D870}.Ad-Hoc|ARM.ActiveCfg = Release|Any CPU
		{3B09672D-7F38-4916-8C1B-D9547636D870}.Ad-Hoc|ARM.Build.0 = Release|Any CPU
		{3B09672D-7F38-4916-8C1B-D9547636D870}.Ad-Hoc|ARM.Deploy.0 = Release|Any CPU
		{3B09672D-7F38-4916-8C1B-D9547636D870}.Ad-Hoc|iPhone.ActiveCfg = Release|Any CPU
		{3B09672D-7F38-4916-8C1B-D9547636D870}.Ad-Hoc|iPhone.Build.0 = Release|Any CPU
		{3B09672D-7F38-4916-8C1B-D9547636D870}.Ad-Hoc|iPhone.Deploy.0 = Release|Any CPU
		{3B09672D-7F38-4916-8C1B-D9547636D870}.Ad-Hoc|iPhoneSimulator.ActiveCfg = Release|Any CPU
		{3B09672D-7F38-4916-8C1B-D9547636D870}.Ad-Hoc|iPhoneSimulator.Build.0 = Release|Any CPU
		{3B09672D-7F38-4916-8C1B-D9547636D870}.Ad-Hoc|iPhoneSimulator.Deploy.0 = Release|Any CPU
		{3B09672D-7F38-4916-8C1B-D9547636D870}.Ad-Hoc|x64.ActiveCfg = Release|Any CPU
		{3B09672D-7F38-4916-8C1B-D9547636D870}.Ad-Hoc|x64.Build.0 = Release|Any CPU
		{3B09672D-7F38-4916-8C1B-D9547636D870}.Ad-Hoc|x64.Deploy.0 = Release|Any CPU
		{3B09672D-7F38-4916-8C1B-D9547636D870}.Ad-Hoc|x86.ActiveCfg = Release|Any CPU
		{3B09672D-7F38-4916-8C1B-D9547636D870}.Ad-Hoc|x86.Build.0 = Release|Any CPU
		{3B09672D-7F38-4916-8C1B-D9547636D870}.Ad-Hoc|x86.Deploy.0 = Release|Any CPU
		{3B09672D-7F38-4916-8C1B-D9547636D870}.AppStore|Any CPU.ActiveCfg = Release|Any CPU
		{3B09672D-7F38-4916-8C1B-D9547636D870}.AppStore|Any CPU.Build.0 = Release|Any CPU
		{3B09672D-7F38-4916-8C1B-D9547636D870}.AppStore|Any CPU.Deploy.0 = Release|Any CPU
		{3B09672D-7F38-4916-8C1B-D9547636D870}.AppStore|ARM.ActiveCfg = Release|Any CPU
		{3B09672D-7F38-4916-8C1B-D9547636D870}.AppStore|ARM.Build.0 = Release|Any CPU
		{3B09672D-7F38-4916-8C1B-D9547636D870}.AppStore|ARM.Deploy.0 = Release|Any CPU
		{3B09672D-7F38-4916-8C1B-D9547636D870}.AppStore|iPhone.ActiveCfg = Release|Any CPU
		{3B09672D-7F38-4916-8C1B-D9547636D870}.AppStore|iPhone.Build.0 = Release|Any CPU
		{3B09672D-7F38-4916-8C1B-D9547636D870}.AppStore|iPhone.Deploy.0 = Release|Any CPU
		{3B09672D-7F38-4916-8C1B-D9547636D870}.AppStore|iPhoneSimulator.ActiveCfg = Release|Any CPU
		{3B09672D-7F38-4916-8C1B-D9547636D870}.AppStore|iPhoneSimulator.Build.0 = Release|Any CPU
		{3B09672D-7F38-4916-8C1B-D9547636D870}.AppStore|iPhoneSimulator.Deploy.0 = Release|Any CPU
		{3B09672D-7F38-4916-8C1B-D9547636D870}.AppStore|x64.ActiveCfg = Release|Any CPU
		{3B09672D-7F38-4916-8C1B-D9547636D870}.AppStore|x64.Build.0 = Release|Any CPU
		{3B09672D-7F38-4916-8C1B-D9547636D870}.AppStore|x64.Deploy.0 = Release|Any CPU
		{3B09672D-7F38-4916-8C1B-D9547636D870}.AppStore|x86.ActiveCfg = Release|Any CPU
		{3B09672D-7F38-4916-8C1B-D9547636D870}.AppStore|x86.Build.0 = Release|Any CPU
		{3B09672D-7F38-4916-8C1B-D9547636D870}.AppStore|x86.Deploy.0 = Release|Any CPU
		{3B09672D-7F38-4916-8C1B-D9547636D870}.Debug|Any CPU.ActiveCfg = Debug|Any CPU
		{3B09672D-7F38-4916-8C1B-D9547636D870}.Debug|Any CPU.Build.0 = Debug|Any CPU
		{3B09672D-7F38-4916-8C1B-D9547636D870}.Debug|Any CPU.Deploy.0 = Debug|Any CPU
		{3B09672D-7F38-4916-8C1B-D9547636D870}.Debug|ARM.ActiveCfg = Debug|Any CPU
		{3B09672D-7F38-4916-8C1B-D9547636D870}.Debug|ARM.Build.0 = Debug|Any CPU
		{3B09672D-7F38-4916-8C1B-D9547636D870}.Debug|ARM.Deploy.0 = Debug|Any CPU
		{3B09672D-7F38-4916-8C1B-D9547636D870}.Debug|iPhone.ActiveCfg = Debug|Any CPU
		{3B09672D-7F38-4916-8C1B-D9547636D870}.Debug|iPhone.Build.0 = Debug|Any CPU
		{3B09672D-7F38-4916-8C1B-D9547636D870}.Debug|iPhone.Deploy.0 = Debug|Any CPU
		{3B09672D-7F38-4916-8C1B-D9547636D870}.Debug|iPhoneSimulator.ActiveCfg = Debug|Any CPU
		{3B09672D-7F38-4916-8C1B-D9547636D870}.Debug|iPhoneSimulator.Build.0 = Debug|Any CPU
		{3B09672D-7F38-4916-8C1B-D9547636D870}.Debug|iPhoneSimulator.Deploy.0 = Debug|Any CPU
		{3B09672D-7F38-4916-8C1B-D9547636D870}.Debug|x64.ActiveCfg = Debug|Any CPU
		{3B09672D-7F38-4916-8C1B-D9547636D870}.Debug|x64.Build.0 = Debug|Any CPU
		{3B09672D-7F38-4916-8C1B-D9547636D870}.Debug|x64.Deploy.0 = Debug|Any CPU
		{3B09672D-7F38-4916-8C1B-D9547636D870}.Debug|x86.ActiveCfg = Debug|Any CPU
		{3B09672D-7F38-4916-8C1B-D9547636D870}.Debug|x86.Build.0 = Debug|Any CPU
		{3B09672D-7F38-4916-8C1B-D9547636D870}.Debug|x86.Deploy.0 = Debug|Any CPU
		{3B09672D-7F38-4916-8C1B-D9547636D870}.Release|Any CPU.ActiveCfg = Release|Any CPU
		{3B09672D-7F38-4916-8C1B-D9547636D870}.Release|Any CPU.Build.0 = Release|Any CPU
		{3B09672D-7F38-4916-8C1B-D9547636D870}.Release|Any CPU.Deploy.0 = Release|Any CPU
		{3B09672D-7F38-4916-8C1B-D9547636D870}.Release|ARM.ActiveCfg = Release|Any CPU
		{3B09672D-7F38-4916-8C1B-D9547636D870}.Release|ARM.Build.0 = Release|Any CPU
		{3B09672D-7F38-4916-8C1B-D9547636D870}.Release|ARM.Deploy.0 = Release|Any CPU
		{3B09672D-7F38-4916-8C1B-D9547636D870}.Release|iPhone.ActiveCfg = Release|Any CPU
		{3B09672D-7F38-4916-8C1B-D9547636D870}.Release|iPhone.Build.0 = Release|Any CPU
		{3B09672D-7F38-4916-8C1B-D9547636D870}.Release|iPhone.Deploy.0 = Release|Any CPU
		{3B09672D-7F38-4916-8C1B-D9547636D870}.Release|iPhoneSimulator.ActiveCfg = Release|Any CPU
		{3B09672D-7F38-4916-8C1B-D9547636D870}.Release|iPhoneSimulator.Build.0 = Release|Any CPU
		{3B09672D-7F38-4916-8C1B-D9547636D870}.Release|iPhoneSimulator.Deploy.0 = Release|Any CPU
		{3B09672D-7F38-4916-8C1B-D9547636D870}.Release|x64.ActiveCfg = Release|Any CPU
		{3B09672D-7F38-4916-8C1B-D9547636D870}.Release|x64.Build.0 = Release|Any CPU
		{3B09672D-7F38-4916-8C1B-D9547636D870}.Release|x64.Deploy.0 = Release|Any CPU
		{3B09672D-7F38-4916-8C1B-D9547636D870}.Release|x86.ActiveCfg = Release|Any CPU
		{3B09672D-7F38-4916-8C1B-D9547636D870}.Release|x86.Build.0 = Release|Any CPU
		{3B09672D-7F38-4916-8C1B-D9547636D870}.Release|x86.Deploy.0 = Release|Any CPU
		{5F2CF593-D019-4EB8-9BCF-63A9298702E9}.Ad-Hoc|Any CPU.ActiveCfg = Ad-Hoc|iPhone
		{5F2CF593-D019-4EB8-9BCF-63A9298702E9}.Ad-Hoc|Any CPU.Build.0 = Ad-Hoc|iPhone
		{5F2CF593-D019-4EB8-9BCF-63A9298702E9}.Ad-Hoc|Any CPU.Deploy.0 = Ad-Hoc|iPhone
		{5F2CF593-D019-4EB8-9BCF-63A9298702E9}.Ad-Hoc|ARM.ActiveCfg = Ad-Hoc|iPhone
		{5F2CF593-D019-4EB8-9BCF-63A9298702E9}.Ad-Hoc|ARM.Build.0 = Ad-Hoc|iPhone
		{5F2CF593-D019-4EB8-9BCF-63A9298702E9}.Ad-Hoc|ARM.Deploy.0 = Ad-Hoc|iPhone
		{5F2CF593-D019-4EB8-9BCF-63A9298702E9}.Ad-Hoc|iPhone.ActiveCfg = Ad-Hoc|iPhone
		{5F2CF593-D019-4EB8-9BCF-63A9298702E9}.Ad-Hoc|iPhone.Build.0 = Ad-Hoc|iPhone
		{5F2CF593-D019-4EB8-9BCF-63A9298702E9}.Ad-Hoc|iPhone.Deploy.0 = Ad-Hoc|iPhone
		{5F2CF593-D019-4EB8-9BCF-63A9298702E9}.Ad-Hoc|iPhoneSimulator.ActiveCfg = Ad-Hoc|iPhoneSimulator
		{5F2CF593-D019-4EB8-9BCF-63A9298702E9}.Ad-Hoc|iPhoneSimulator.Build.0 = Ad-Hoc|iPhoneSimulator
		{5F2CF593-D019-4EB8-9BCF-63A9298702E9}.Ad-Hoc|iPhoneSimulator.Deploy.0 = Ad-Hoc|iPhoneSimulator
		{5F2CF593-D019-4EB8-9BCF-63A9298702E9}.Ad-Hoc|x64.ActiveCfg = Ad-Hoc|iPhone
		{5F2CF593-D019-4EB8-9BCF-63A9298702E9}.Ad-Hoc|x64.Build.0 = Ad-Hoc|iPhone
		{5F2CF593-D019-4EB8-9BCF-63A9298702E9}.Ad-Hoc|x64.Deploy.0 = Ad-Hoc|iPhone
		{5F2CF593-D019-4EB8-9BCF-63A9298702E9}.Ad-Hoc|x86.ActiveCfg = Ad-Hoc|iPhone
		{5F2CF593-D019-4EB8-9BCF-63A9298702E9}.Ad-Hoc|x86.Build.0 = Ad-Hoc|iPhone
		{5F2CF593-D019-4EB8-9BCF-63A9298702E9}.Ad-Hoc|x86.Deploy.0 = Ad-Hoc|iPhone
		{5F2CF593-D019-4EB8-9BCF-63A9298702E9}.AppStore|Any CPU.ActiveCfg = AppStore|iPhone
		{5F2CF593-D019-4EB8-9BCF-63A9298702E9}.AppStore|Any CPU.Build.0 = AppStore|iPhone
		{5F2CF593-D019-4EB8-9BCF-63A9298702E9}.AppStore|Any CPU.Deploy.0 = AppStore|iPhone
		{5F2CF593-D019-4EB8-9BCF-63A9298702E9}.AppStore|ARM.ActiveCfg = AppStore|iPhone
		{5F2CF593-D019-4EB8-9BCF-63A9298702E9}.AppStore|ARM.Build.0 = AppStore|iPhone
		{5F2CF593-D019-4EB8-9BCF-63A9298702E9}.AppStore|ARM.Deploy.0 = AppStore|iPhone
		{5F2CF593-D019-4EB8-9BCF-63A9298702E9}.AppStore|iPhone.ActiveCfg = AppStore|iPhone
		{5F2CF593-D019-4EB8-9BCF-63A9298702E9}.AppStore|iPhone.Build.0 = AppStore|iPhone
		{5F2CF593-D019-4EB8-9BCF-63A9298702E9}.AppStore|iPhone.Deploy.0 = AppStore|iPhone
		{5F2CF593-D019-4EB8-9BCF-63A9298702E9}.AppStore|iPhoneSimulator.ActiveCfg = AppStore|iPhoneSimulator
		{5F2CF593-D019-4EB8-9BCF-63A9298702E9}.AppStore|iPhoneSimulator.Build.0 = AppStore|iPhoneSimulator
		{5F2CF593-D019-4EB8-9BCF-63A9298702E9}.AppStore|iPhoneSimulator.Deploy.0 = AppStore|iPhoneSimulator
		{5F2CF593-D019-4EB8-9BCF-63A9298702E9}.AppStore|x64.ActiveCfg = AppStore|iPhone
		{5F2CF593-D019-4EB8-9BCF-63A9298702E9}.AppStore|x64.Build.0 = AppStore|iPhone
		{5F2CF593-D019-4EB8-9BCF-63A9298702E9}.AppStore|x64.Deploy.0 = AppStore|iPhone
		{5F2CF593-D019-4EB8-9BCF-63A9298702E9}.AppStore|x86.ActiveCfg = AppStore|iPhone
		{5F2CF593-D019-4EB8-9BCF-63A9298702E9}.AppStore|x86.Build.0 = AppStore|iPhone
		{5F2CF593-D019-4EB8-9BCF-63A9298702E9}.AppStore|x86.Deploy.0 = AppStore|iPhone
		{5F2CF593-D019-4EB8-9BCF-63A9298702E9}.Debug|Any CPU.ActiveCfg = Debug|iPhoneSimulator
		{5F2CF593-D019-4EB8-9BCF-63A9298702E9}.Debug|Any CPU.Build.0 = Debug|iPhoneSimulator
		{5F2CF593-D019-4EB8-9BCF-63A9298702E9}.Debug|Any CPU.Deploy.0 = Debug|iPhoneSimulator
		{5F2CF593-D019-4EB8-9BCF-63A9298702E9}.Debug|ARM.ActiveCfg = Debug|iPhone
		{5F2CF593-D019-4EB8-9BCF-63A9298702E9}.Debug|ARM.Build.0 = Debug|iPhone
		{5F2CF593-D019-4EB8-9BCF-63A9298702E9}.Debug|ARM.Deploy.0 = Debug|iPhone
		{5F2CF593-D019-4EB8-9BCF-63A9298702E9}.Debug|iPhone.ActiveCfg = Debug|iPhone
		{5F2CF593-D019-4EB8-9BCF-63A9298702E9}.Debug|iPhone.Build.0 = Debug|iPhone
		{5F2CF593-D019-4EB8-9BCF-63A9298702E9}.Debug|iPhone.Deploy.0 = Debug|iPhone
		{5F2CF593-D019-4EB8-9BCF-63A9298702E9}.Debug|iPhoneSimulator.ActiveCfg = Debug|iPhoneSimulator
		{5F2CF593-D019-4EB8-9BCF-63A9298702E9}.Debug|iPhoneSimulator.Build.0 = Debug|iPhoneSimulator
		{5F2CF593-D019-4EB8-9BCF-63A9298702E9}.Debug|iPhoneSimulator.Deploy.0 = Debug|iPhoneSimulator
		{5F2CF593-D019-4EB8-9BCF-63A9298702E9}.Debug|x64.ActiveCfg = Debug|iPhone
		{5F2CF593-D019-4EB8-9BCF-63A9298702E9}.Debug|x64.Build.0 = Debug|iPhone
		{5F2CF593-D019-4EB8-9BCF-63A9298702E9}.Debug|x64.Deploy.0 = Debug|iPhone
		{5F2CF593-D019-4EB8-9BCF-63A9298702E9}.Debug|x86.ActiveCfg = Debug|iPhone
		{5F2CF593-D019-4EB8-9BCF-63A9298702E9}.Debug|x86.Build.0 = Debug|iPhone
		{5F2CF593-D019-4EB8-9BCF-63A9298702E9}.Debug|x86.Deploy.0 = Debug|iPhone
		{5F2CF593-D019-4EB8-9BCF-63A9298702E9}.Release|Any CPU.ActiveCfg = Release|iPhone
		{5F2CF593-D019-4EB8-9BCF-63A9298702E9}.Release|Any CPU.Build.0 = Release|iPhone
		{5F2CF593-D019-4EB8-9BCF-63A9298702E9}.Release|Any CPU.Deploy.0 = Release|iPhone
		{5F2CF593-D019-4EB8-9BCF-63A9298702E9}.Release|ARM.ActiveCfg = Release|iPhone
		{5F2CF593-D019-4EB8-9BCF-63A9298702E9}.Release|ARM.Build.0 = Release|iPhone
		{5F2CF593-D019-4EB8-9BCF-63A9298702E9}.Release|ARM.Deploy.0 = Release|iPhone
		{5F2CF593-D019-4EB8-9BCF-63A9298702E9}.Release|iPhone.ActiveCfg = Release|iPhone
		{5F2CF593-D019-4EB8-9BCF-63A9298702E9}.Release|iPhone.Build.0 = Release|iPhone
		{5F2CF593-D019-4EB8-9BCF-63A9298702E9}.Release|iPhone.Deploy.0 = Release|iPhone
		{5F2CF593-D019-4EB8-9BCF-63A9298702E9}.Release|iPhoneSimulator.ActiveCfg = Release|iPhoneSimulator
		{5F2CF593-D019-4EB8-9BCF-63A9298702E9}.Release|iPhoneSimulator.Build.0 = Release|iPhoneSimulator
		{5F2CF593-D019-4EB8-9BCF-63A9298702E9}.Release|iPhoneSimulator.Deploy.0 = Release|iPhoneSimulator
		{5F2CF593-D019-4EB8-9BCF-63A9298702E9}.Release|x64.ActiveCfg = Release|iPhone
		{5F2CF593-D019-4EB8-9BCF-63A9298702E9}.Release|x64.Build.0 = Release|iPhone
		{5F2CF593-D019-4EB8-9BCF-63A9298702E9}.Release|x64.Deploy.0 = Release|iPhone
		{5F2CF593-D019-4EB8-9BCF-63A9298702E9}.Release|x86.ActiveCfg = Release|iPhone
		{5F2CF593-D019-4EB8-9BCF-63A9298702E9}.Release|x86.Build.0 = Release|iPhone
		{5F2CF593-D019-4EB8-9BCF-63A9298702E9}.Release|x86.Deploy.0 = Release|iPhone
		{EE9E67DF-07B3-4BDF-A014-91DC64C15136}.Ad-Hoc|Any CPU.ActiveCfg = Release|x86
		{EE9E67DF-07B3-4BDF-A014-91DC64C15136}.Ad-Hoc|Any CPU.Build.0 = Release|x86
		{EE9E67DF-07B3-4BDF-A014-91DC64C15136}.Ad-Hoc|Any CPU.Deploy.0 = Release|x86
		{EE9E67DF-07B3-4BDF-A014-91DC64C15136}.Ad-Hoc|ARM.ActiveCfg = Release|ARM
		{EE9E67DF-07B3-4BDF-A014-91DC64C15136}.Ad-Hoc|ARM.Build.0 = Release|ARM
		{EE9E67DF-07B3-4BDF-A014-91DC64C15136}.Ad-Hoc|ARM.Deploy.0 = Release|ARM
		{EE9E67DF-07B3-4BDF-A014-91DC64C15136}.Ad-Hoc|iPhone.ActiveCfg = Release|x86
		{EE9E67DF-07B3-4BDF-A014-91DC64C15136}.Ad-Hoc|iPhone.Build.0 = Release|x86
		{EE9E67DF-07B3-4BDF-A014-91DC64C15136}.Ad-Hoc|iPhone.Deploy.0 = Release|x86
		{EE9E67DF-07B3-4BDF-A014-91DC64C15136}.Ad-Hoc|iPhoneSimulator.ActiveCfg = Release|x86
		{EE9E67DF-07B3-4BDF-A014-91DC64C15136}.Ad-Hoc|iPhoneSimulator.Build.0 = Release|x86
		{EE9E67DF-07B3-4BDF-A014-91DC64C15136}.Ad-Hoc|iPhoneSimulator.Deploy.0 = Release|x86
		{EE9E67DF-07B3-4BDF-A014-91DC64C15136}.Ad-Hoc|x64.ActiveCfg = Release|x64
		{EE9E67DF-07B3-4BDF-A014-91DC64C15136}.Ad-Hoc|x64.Build.0 = Release|x64
		{EE9E67DF-07B3-4BDF-A014-91DC64C15136}.Ad-Hoc|x64.Deploy.0 = Release|x64
		{EE9E67DF-07B3-4BDF-A014-91DC64C15136}.Ad-Hoc|x86.ActiveCfg = Release|x86
		{EE9E67DF-07B3-4BDF-A014-91DC64C15136}.Ad-Hoc|x86.Build.0 = Release|x86
		{EE9E67DF-07B3-4BDF-A014-91DC64C15136}.Ad-Hoc|x86.Deploy.0 = Release|x86
		{EE9E67DF-07B3-4BDF-A014-91DC64C15136}.AppStore|Any CPU.ActiveCfg = Release|x86
		{EE9E67DF-07B3-4BDF-A014-91DC64C15136}.AppStore|Any CPU.Build.0 = Release|x86
		{EE9E67DF-07B3-4BDF-A014-91DC64C15136}.AppStore|Any CPU.Deploy.0 = Release|x86
		{EE9E67DF-07B3-4BDF-A014-91DC64C15136}.AppStore|ARM.ActiveCfg = Release|ARM
		{EE9E67DF-07B3-4BDF-A014-91DC64C15136}.AppStore|ARM.Build.0 = Release|ARM
		{EE9E67DF-07B3-4BDF-A014-91DC64C15136}.AppStore|ARM.Deploy.0 = Release|ARM
		{EE9E67DF-07B3-4BDF-A014-91DC64C15136}.AppStore|iPhone.ActiveCfg = Release|x86
		{EE9E67DF-07B3-4BDF-A014-91DC64C15136}.AppStore|iPhone.Build.0 = Release|x86
		{EE9E67DF-07B3-4BDF-A014-91DC64C15136}.AppStore|iPhone.Deploy.0 = Release|x86
		{EE9E67DF-07B3-4BDF-A014-91DC64C15136}.AppStore|iPhoneSimulator.ActiveCfg = Release|x86
		{EE9E67DF-07B3-4BDF-A014-91DC64C15136}.AppStore|iPhoneSimulator.Build.0 = Release|x86
		{EE9E67DF-07B3-4BDF-A014-91DC64C15136}.AppStore|iPhoneSimulator.Deploy.0 = Release|x86
		{EE9E67DF-07B3-4BDF-A014-91DC64C15136}.AppStore|x64.ActiveCfg = Release|x64
		{EE9E67DF-07B3-4BDF-A014-91DC64C15136}.AppStore|x64.Build.0 = Release|x64
		{EE9E67DF-07B3-4BDF-A014-91DC64C15136}.AppStore|x64.Deploy.0 = Release|x64
		{EE9E67DF-07B3-4BDF-A014-91DC64C15136}.AppStore|x86.ActiveCfg = Release|x86
		{EE9E67DF-07B3-4BDF-A014-91DC64C15136}.AppStore|x86.Build.0 = Release|x86
		{EE9E67DF-07B3-4BDF-A014-91DC64C15136}.AppStore|x86.Deploy.0 = Release|x86
		{EE9E67DF-07B3-4BDF-A014-91DC64C15136}.Debug|Any CPU.ActiveCfg = Debug|x86
		{EE9E67DF-07B3-4BDF-A014-91DC64C15136}.Debug|Any CPU.Build.0 = Debug|x86
		{EE9E67DF-07B3-4BDF-A014-91DC64C15136}.Debug|Any CPU.Deploy.0 = Debug|x86
		{EE9E67DF-07B3-4BDF-A014-91DC64C15136}.Debug|ARM.ActiveCfg = Debug|ARM
		{EE9E67DF-07B3-4BDF-A014-91DC64C15136}.Debug|ARM.Build.0 = Debug|ARM
		{EE9E67DF-07B3-4BDF-A014-91DC64C15136}.Debug|ARM.Deploy.0 = Debug|ARM
		{EE9E67DF-07B3-4BDF-A014-91DC64C15136}.Debug|iPhone.ActiveCfg = Debug|x86
		{EE9E67DF-07B3-4BDF-A014-91DC64C15136}.Debug|iPhone.Build.0 = Debug|x86
		{EE9E67DF-07B3-4BDF-A014-91DC64C15136}.Debug|iPhone.Deploy.0 = Debug|x86
		{EE9E67DF-07B3-4BDF-A014-91DC64C15136}.Debug|iPhoneSimulator.ActiveCfg = Debug|x86
		{EE9E67DF-07B3-4BDF-A014-91DC64C15136}.Debug|iPhoneSimulator.Build.0 = Debug|x86
		{EE9E67DF-07B3-4BDF-A014-91DC64C15136}.Debug|iPhoneSimulator.Deploy.0 = Debug|x86
		{EE9E67DF-07B3-4BDF-A014-91DC64C15136}.Debug|x64.ActiveCfg = Debug|x64
		{EE9E67DF-07B3-4BDF-A014-91DC64C15136}.Debug|x64.Build.0 = Debug|x64
		{EE9E67DF-07B3-4BDF-A014-91DC64C15136}.Debug|x64.Deploy.0 = Debug|x64
		{EE9E67DF-07B3-4BDF-A014-91DC64C15136}.Debug|x86.ActiveCfg = Debug|x86
		{EE9E67DF-07B3-4BDF-A014-91DC64C15136}.Debug|x86.Build.0 = Debug|x86
		{EE9E67DF-07B3-4BDF-A014-91DC64C15136}.Debug|x86.Deploy.0 = Debug|x86
		{EE9E67DF-07B3-4BDF-A014-91DC64C15136}.Release|Any CPU.ActiveCfg = Release|x86
		{EE9E67DF-07B3-4BDF-A014-91DC64C15136}.Release|Any CPU.Build.0 = Release|x86
		{EE9E67DF-07B3-4BDF-A014-91DC64C15136}.Release|Any CPU.Deploy.0 = Release|x86
		{EE9E67DF-07B3-4BDF-A014-91DC64C15136}.Release|ARM.ActiveCfg = Release|ARM
		{EE9E67DF-07B3-4BDF-A014-91DC64C15136}.Release|ARM.Build.0 = Release|ARM
		{EE9E67DF-07B3-4BDF-A014-91DC64C15136}.Release|ARM.Deploy.0 = Release|ARM
		{EE9E67DF-07B3-4BDF-A014-91DC64C15136}.Release|iPhone.ActiveCfg = Release|x86
		{EE9E67DF-07B3-4BDF-A014-91DC64C15136}.Release|iPhone.Build.0 = Release|x86
		{EE9E67DF-07B3-4BDF-A014-91DC64C15136}.Release|iPhone.Deploy.0 = Release|x86
		{EE9E67DF-07B3-4BDF-A014-91DC64C15136}.Release|iPhoneSimulator.ActiveCfg = Release|x86
		{EE9E67DF-07B3-4BDF-A014-91DC64C15136}.Release|iPhoneSimulator.Build.0 = Release|x86
		{EE9E67DF-07B3-4BDF-A014-91DC64C15136}.Release|iPhoneSimulator.Deploy.0 = Release|x86
		{EE9E67DF-07B3-4BDF-A014-91DC64C15136}.Release|x64.ActiveCfg = Release|x64
		{EE9E67DF-07B3-4BDF-A014-91DC64C15136}.Release|x64.Build.0 = Release|x64
		{EE9E67DF-07B3-4BDF-A014-91DC64C15136}.Release|x64.Deploy.0 = Release|x64
		{EE9E67DF-07B3-4BDF-A014-91DC64C15136}.Release|x86.ActiveCfg = Release|x86
		{EE9E67DF-07B3-4BDF-A014-91DC64C15136}.Release|x86.Build.0 = Release|x86
		{EE9E67DF-07B3-4BDF-A014-91DC64C15136}.Release|x86.Deploy.0 = Release|x86
		{A635665C-F0D3-40D7-AF15-F91A5AF66A0C}.Ad-Hoc|Any CPU.ActiveCfg = Debug|Any CPU
		{A635665C-F0D3-40D7-AF15-F91A5AF66A0C}.Ad-Hoc|Any CPU.Build.0 = Debug|Any CPU
		{A635665C-F0D3-40D7-AF15-F91A5AF66A0C}.Ad-Hoc|Any CPU.Deploy.0 = Debug|Any CPU
		{A635665C-F0D3-40D7-AF15-F91A5AF66A0C}.Ad-Hoc|ARM.ActiveCfg = Debug|Any CPU
		{A635665C-F0D3-40D7-AF15-F91A5AF66A0C}.Ad-Hoc|ARM.Build.0 = Debug|Any CPU
		{A635665C-F0D3-40D7-AF15-F91A5AF66A0C}.Ad-Hoc|ARM.Deploy.0 = Debug|Any CPU
		{A635665C-F0D3-40D7-AF15-F91A5AF66A0C}.Ad-Hoc|iPhone.ActiveCfg = Debug|Any CPU
		{A635665C-F0D3-40D7-AF15-F91A5AF66A0C}.Ad-Hoc|iPhone.Build.0 = Debug|Any CPU
		{A635665C-F0D3-40D7-AF15-F91A5AF66A0C}.Ad-Hoc|iPhone.Deploy.0 = Debug|Any CPU
		{A635665C-F0D3-40D7-AF15-F91A5AF66A0C}.Ad-Hoc|iPhoneSimulator.ActiveCfg = Debug|Any CPU
		{A635665C-F0D3-40D7-AF15-F91A5AF66A0C}.Ad-Hoc|iPhoneSimulator.Build.0 = Debug|Any CPU
		{A635665C-F0D3-40D7-AF15-F91A5AF66A0C}.Ad-Hoc|iPhoneSimulator.Deploy.0 = Debug|Any CPU
		{A635665C-F0D3-40D7-AF15-F91A5AF66A0C}.Ad-Hoc|x64.ActiveCfg = Debug|Any CPU
		{A635665C-F0D3-40D7-AF15-F91A5AF66A0C}.Ad-Hoc|x64.Build.0 = Debug|Any CPU
		{A635665C-F0D3-40D7-AF15-F91A5AF66A0C}.Ad-Hoc|x64.Deploy.0 = Debug|Any CPU
		{A635665C-F0D3-40D7-AF15-F91A5AF66A0C}.Ad-Hoc|x86.ActiveCfg = Debug|Any CPU
		{A635665C-F0D3-40D7-AF15-F91A5AF66A0C}.Ad-Hoc|x86.Build.0 = Debug|Any CPU
		{A635665C-F0D3-40D7-AF15-F91A5AF66A0C}.Ad-Hoc|x86.Deploy.0 = Debug|Any CPU
		{A635665C-F0D3-40D7-AF15-F91A5AF66A0C}.AppStore|Any CPU.ActiveCfg = Debug|Any CPU
		{A635665C-F0D3-40D7-AF15-F91A5AF66A0C}.AppStore|Any CPU.Build.0 = Debug|Any CPU
		{A635665C-F0D3-40D7-AF15-F91A5AF66A0C}.AppStore|Any CPU.Deploy.0 = Debug|Any CPU
		{A635665C-F0D3-40D7-AF15-F91A5AF66A0C}.AppStore|ARM.ActiveCfg = Debug|Any CPU
		{A635665C-F0D3-40D7-AF15-F91A5AF66A0C}.AppStore|ARM.Build.0 = Debug|Any CPU
		{A635665C-F0D3-40D7-AF15-F91A5AF66A0C}.AppStore|ARM.Deploy.0 = Debug|Any CPU
		{A635665C-F0D3-40D7-AF15-F91A5AF66A0C}.AppStore|iPhone.ActiveCfg = Debug|Any CPU
		{A635665C-F0D3-40D7-AF15-F91A5AF66A0C}.AppStore|iPhone.Build.0 = Debug|Any CPU
		{A635665C-F0D3-40D7-AF15-F91A5AF66A0C}.AppStore|iPhone.Deploy.0 = Debug|Any CPU
		{A635665C-F0D3-40D7-AF15-F91A5AF66A0C}.AppStore|iPhoneSimulator.ActiveCfg = Debug|Any CPU
		{A635665C-F0D3-40D7-AF15-F91A5AF66A0C}.AppStore|iPhoneSimulator.Build.0 = Debug|Any CPU
		{A635665C-F0D3-40D7-AF15-F91A5AF66A0C}.AppStore|iPhoneSimulator.Deploy.0 = Debug|Any CPU
		{A635665C-F0D3-40D7-AF15-F91A5AF66A0C}.AppStore|x64.ActiveCfg = Debug|Any CPU
		{A635665C-F0D3-40D7-AF15-F91A5AF66A0C}.AppStore|x64.Build.0 = Debug|Any CPU
		{A635665C-F0D3-40D7-AF15-F91A5AF66A0C}.AppStore|x64.Deploy.0 = Debug|Any CPU
		{A635665C-F0D3-40D7-AF15-F91A5AF66A0C}.AppStore|x86.ActiveCfg = Debug|Any CPU
		{A635665C-F0D3-40D7-AF15-F91A5AF66A0C}.AppStore|x86.Build.0 = Debug|Any CPU
		{A635665C-F0D3-40D7-AF15-F91A5AF66A0C}.AppStore|x86.Deploy.0 = Debug|Any CPU
		{A635665C-F0D3-40D7-AF15-F91A5AF66A0C}.Debug|Any CPU.ActiveCfg = Debug|Any CPU
		{A635665C-F0D3-40D7-AF15-F91A5AF66A0C}.Debug|Any CPU.Build.0 = Debug|Any CPU
		{A635665C-F0D3-40D7-AF15-F91A5AF66A0C}.Debug|Any CPU.Deploy.0 = Debug|Any CPU
		{A635665C-F0D3-40D7-AF15-F91A5AF66A0C}.Debug|ARM.ActiveCfg = Debug|Any CPU
		{A635665C-F0D3-40D7-AF15-F91A5AF66A0C}.Debug|ARM.Build.0 = Debug|Any CPU
		{A635665C-F0D3-40D7-AF15-F91A5AF66A0C}.Debug|ARM.Deploy.0 = Debug|Any CPU
		{A635665C-F0D3-40D7-AF15-F91A5AF66A0C}.Debug|iPhone.ActiveCfg = Debug|Any CPU
		{A635665C-F0D3-40D7-AF15-F91A5AF66A0C}.Debug|iPhone.Build.0 = Debug|Any CPU
		{A635665C-F0D3-40D7-AF15-F91A5AF66A0C}.Debug|iPhone.Deploy.0 = Debug|Any CPU
		{A635665C-F0D3-40D7-AF15-F91A5AF66A0C}.Debug|iPhoneSimulator.ActiveCfg = Debug|Any CPU
		{A635665C-F0D3-40D7-AF15-F91A5AF66A0C}.Debug|iPhoneSimulator.Build.0 = Debug|Any CPU
		{A635665C-F0D3-40D7-AF15-F91A5AF66A0C}.Debug|iPhoneSimulator.Deploy.0 = Debug|Any CPU
		{A635665C-F0D3-40D7-AF15-F91A5AF66A0C}.Debug|x64.ActiveCfg = Debug|Any CPU
		{A635665C-F0D3-40D7-AF15-F91A5AF66A0C}.Debug|x64.Build.0 = Debug|Any CPU
		{A635665C-F0D3-40D7-AF15-F91A5AF66A0C}.Debug|x64.Deploy.0 = Debug|Any CPU
		{A635665C-F0D3-40D7-AF15-F91A5AF66A0C}.Debug|x86.ActiveCfg = Debug|Any CPU
		{A635665C-F0D3-40D7-AF15-F91A5AF66A0C}.Debug|x86.Build.0 = Debug|Any CPU
		{A635665C-F0D3-40D7-AF15-F91A5AF66A0C}.Debug|x86.Deploy.0 = Debug|Any CPU
		{A635665C-F0D3-40D7-AF15-F91A5AF66A0C}.Release|Any CPU.ActiveCfg = Release|Any CPU
		{A635665C-F0D3-40D7-AF15-F91A5AF66A0C}.Release|Any CPU.Build.0 = Release|Any CPU
		{A635665C-F0D3-40D7-AF15-F91A5AF66A0C}.Release|Any CPU.Deploy.0 = Release|Any CPU
		{A635665C-F0D3-40D7-AF15-F91A5AF66A0C}.Release|ARM.ActiveCfg = Release|Any CPU
		{A635665C-F0D3-40D7-AF15-F91A5AF66A0C}.Release|ARM.Build.0 = Release|Any CPU
		{A635665C-F0D3-40D7-AF15-F91A5AF66A0C}.Release|ARM.Deploy.0 = Release|Any CPU
		{A635665C-F0D3-40D7-AF15-F91A5AF66A0C}.Release|iPhone.ActiveCfg = Release|Any CPU
		{A635665C-F0D3-40D7-AF15-F91A5AF66A0C}.Release|iPhone.Build.0 = Release|Any CPU
		{A635665C-F0D3-40D7-AF15-F91A5AF66A0C}.Release|iPhone.Deploy.0 = Release|Any CPU
		{A635665C-F0D3-40D7-AF15-F91A5AF66A0C}.Release|iPhoneSimulator.ActiveCfg = Release|Any CPU
		{A635665C-F0D3-40D7-AF15-F91A5AF66A0C}.Release|iPhoneSimulator.Build.0 = Release|Any CPU
		{A635665C-F0D3-40D7-AF15-F91A5AF66A0C}.Release|iPhoneSimulator.Deploy.0 = Release|Any CPU
		{A635665C-F0D3-40D7-AF15-F91A5AF66A0C}.Release|x64.ActiveCfg = Release|Any CPU
		{A635665C-F0D3-40D7-AF15-F91A5AF66A0C}.Release|x64.Build.0 = Release|Any CPU
		{A635665C-F0D3-40D7-AF15-F91A5AF66A0C}.Release|x64.Deploy.0 = Release|Any CPU
		{A635665C-F0D3-40D7-AF15-F91A5AF66A0C}.Release|x86.ActiveCfg = Release|Any CPU
		{A635665C-F0D3-40D7-AF15-F91A5AF66A0C}.Release|x86.Build.0 = Release|Any CPU
		{A635665C-F0D3-40D7-AF15-F91A5AF66A0C}.Release|x86.Deploy.0 = Release|Any CPU
	EndGlobalSection
	GlobalSection(SolutionProperties) = preSolution
		HideSolutionNode = FALSE
	EndGlobalSection
	GlobalSection(ExtensibilityGlobals) = postSolution
		SolutionGuid = {83A0D8E2-EDDD-419F-A1D2-2121EA52EA26}
	EndGlobalSection
EndGlobal
