
Microsoft Visual Studio Solution File, Format Version 12.00
# Visual Studio 15
VisualStudioVersion = 15.0.28307.168
MinimumVisualStudioVersion = 10.0.40219.1
Project("{FAE04EC0-301F-11D3-BF4B-00C04F79EFBC}") = "Image_Demo.Android", "Image_Demo\Image_Demo.Android\Image_Demo.Android.csproj", "{B7E301B7-3F57-46B4-858B-369F5C031B79}"
EndProject
Project("{FAE04EC0-301F-11D3-BF4B-00C04F79EFBC}") = "Image_Demo.iOS", "Image_Demo\Image_Demo.iOS\Image_Demo.iOS.csproj", "{E5337428-B4A0-4FF9-9FAD-C06EE39D5B1A}"
EndProject
Project("{FAE04EC0-301F-11D3-BF4B-00C04F79EFBC}") = "Image_Demo.UWP", "Image_Demo\Image_Demo.UWP\Image_Demo.UWP.csproj", "{D7759E94-E506-43AD-8B1A-14FBA3B479CC}"
EndProject
Project("{FAE04EC0-301F-11D3-BF4B-00C04F79EFBC}") = "Image_Demo", "Image_Demo\Image_Demo\Image_Demo.csproj", "{CC1BC59D-BFEE-4C37-A7F6-3E064A892FE7}"
EndProject
Global
	GlobalSection(SolutionConfigurationPlatforms) = preSolution
		Ad-Hoc|Any CPU = Ad-Hoc|Any CPU
		Ad-Hoc|ARM = Ad-Hoc|ARM
		Ad-Hoc|iPhone = Ad-Hoc|iPhone
		Ad-Hoc|iPhoneSimulator = Ad-Hoc|iPhoneSimulator
		Ad-Hoc|x64 = Ad-Hoc|x64
		Ad-Hoc|x86 = Ad-Hoc|x86
		AppStore|Any CPU = AppStore|Any CPU
		AppStore|ARM = AppStore|ARM
		AppStore|iPhone = AppStore|iPhone
		AppStore|iPhoneSimulator = AppStore|iPhoneSimulator
		AppStore|x64 = AppStore|x64
		AppStore|x86 = AppStore|x86
		Debug|Any CPU = Debug|Any CPU
		Debug|ARM = Debug|ARM
		Debug|iPhone = Debug|iPhone
		Debug|iPhoneSimulator = Debug|iPhoneSimulator
		Debug|x64 = Debug|x64
		Debug|x86 = Debug|x86
		Release|Any CPU = Release|Any CPU
		Release|ARM = Release|ARM
		Release|iPhone = Release|iPhone
		Release|iPhoneSimulator = Release|iPhoneSimulator
		Release|x64 = Release|x64
		Release|x86 = Release|x86
	EndGlobalSection
	GlobalSection(ProjectConfigurationPlatforms) = postSolution
		{B7E301B7-3F57-46B4-858B-369F5C031B79}.Ad-Hoc|Any CPU.ActiveCfg = Release|Any CPU
		{B7E301B7-3F57-46B4-858B-369F5C031B79}.Ad-Hoc|Any CPU.Build.0 = Release|Any CPU
		{B7E301B7-3F57-46B4-858B-369F5C031B79}.Ad-Hoc|Any CPU.Deploy.0 = Release|Any CPU
		{B7E301B7-3F57-46B4-858B-369F5C031B79}.Ad-Hoc|ARM.ActiveCfg = Release|Any CPU
		{B7E301B7-3F57-46B4-858B-369F5C031B79}.Ad-Hoc|ARM.Build.0 = Release|Any CPU
		{B7E301B7-3F57-46B4-858B-369F5C031B79}.Ad-Hoc|ARM.Deploy.0 = Release|Any CPU
		{B7E301B7-3F57-46B4-858B-369F5C031B79}.Ad-Hoc|iPhone.ActiveCfg = Release|Any CPU
		{B7E301B7-3F57-46B4-858B-369F5C031B79}.Ad-Hoc|iPhone.Build.0 = Release|Any CPU
		{B7E301B7-3F57-46B4-858B-369F5C031B79}.Ad-Hoc|iPhone.Deploy.0 = Release|Any CPU
		{B7E301B7-3F57-46B4-858B-369F5C031B79}.Ad-Hoc|iPhoneSimulator.ActiveCfg = Release|Any CPU
		{B7E301B7-3F57-46B4-858B-369F5C031B79}.Ad-Hoc|iPhoneSimulator.Build.0 = Release|Any CPU
		{B7E301B7-3F57-46B4-858B-369F5C031B79}.Ad-Hoc|iPhoneSimulator.Deploy.0 = Release|Any CPU
		{B7E301B7-3F57-46B4-858B-369F5C031B79}.Ad-Hoc|x64.ActiveCfg = Release|Any CPU
		{B7E301B7-3F57-46B4-858B-369F5C031B79}.Ad-Hoc|x64.Build.0 = Release|Any CPU
		{B7E301B7-3F57-46B4-858B-369F5C031B79}.Ad-Hoc|x64.Deploy.0 = Release|Any CPU
		{B7E301B7-3F57-46B4-858B-369F5C031B79}.Ad-Hoc|x86.ActiveCfg = Release|Any CPU
		{B7E301B7-3F57-46B4-858B-369F5C031B79}.Ad-Hoc|x86.Build.0 = Release|Any CPU
		{B7E301B7-3F57-46B4-858B-369F5C031B79}.Ad-Hoc|x86.Deploy.0 = Release|Any CPU
		{B7E301B7-3F57-46B4-858B-369F5C031B79}.AppStore|Any CPU.ActiveCfg = Release|Any CPU
		{B7E301B7-3F57-46B4-858B-369F5C031B79}.AppStore|Any CPU.Build.0 = Release|Any CPU
		{B7E301B7-3F57-46B4-858B-369F5C031B79}.AppStore|Any CPU.Deploy.0 = Release|Any CPU
		{B7E301B7-3F57-46B4-858B-369F5C031B79}.AppStore|ARM.ActiveCfg = Release|Any CPU
		{B7E301B7-3F57-46B4-858B-369F5C031B79}.AppStore|ARM.Build.0 = Release|Any CPU
		{B7E301B7-3F57-46B4-858B-369F5C031B79}.AppStore|ARM.Deploy.0 = Release|Any CPU
		{B7E301B7-3F57-46B4-858B-369F5C031B79}.AppStore|iPhone.ActiveCfg = Release|Any CPU
		{B7E301B7-3F57-46B4-858B-369F5C031B79}.AppStore|iPhone.Build.0 = Release|Any CPU
		{B7E301B7-3F57-46B4-858B-369F5C031B79}.AppStore|iPhone.Deploy.0 = Release|Any CPU
		{B7E301B7-3F57-46B4-858B-369F5C031B79}.AppStore|iPhoneSimulator.ActiveCfg = Release|Any CPU
		{B7E301B7-3F57-46B4-858B-369F5C031B79}.AppStore|iPhoneSimulator.Build.0 = Release|Any CPU
		{B7E301B7-3F57-46B4-858B-369F5C031B79}.AppStore|iPhoneSimulator.Deploy.0 = Release|Any CPU
		{B7E301B7-3F57-46B4-858B-369F5C031B79}.AppStore|x64.ActiveCfg = Release|Any CPU
		{B7E301B7-3F57-46B4-858B-369F5C031B79}.AppStore|x64.Build.0 = Release|Any CPU
		{B7E301B7-3F57-46B4-858B-369F5C031B79}.AppStore|x64.Deploy.0 = Release|Any CPU
		{B7E301B7-3F57-46B4-858B-369F5C031B79}.AppStore|x86.ActiveCfg = Release|Any CPU
		{B7E301B7-3F57-46B4-858B-369F5C031B79}.AppStore|x86.Build.0 = Release|Any CPU
		{B7E301B7-3F57-46B4-858B-369F5C031B79}.AppStore|x86.Deploy.0 = Release|Any CPU
		{B7E301B7-3F57-46B4-858B-369F5C031B79}.Debug|Any CPU.ActiveCfg = Debug|Any CPU
		{B7E301B7-3F57-46B4-858B-369F5C031B79}.Debug|Any CPU.Build.0 = Debug|Any CPU
		{B7E301B7-3F57-46B4-858B-369F5C031B79}.Debug|Any CPU.Deploy.0 = Debug|Any CPU
		{B7E301B7-3F57-46B4-858B-369F5C031B79}.Debug|ARM.ActiveCfg = Debug|Any CPU
		{B7E301B7-3F57-46B4-858B-369F5C031B79}.Debug|ARM.Build.0 = Debug|Any CPU
		{B7E301B7-3F57-46B4-858B-369F5C031B79}.Debug|ARM.Deploy.0 = Debug|Any CPU
		{B7E301B7-3F57-46B4-858B-369F5C031B79}.Debug|iPhone.ActiveCfg = Debug|Any CPU
		{B7E301B7-3F57-46B4-858B-369F5C031B79}.Debug|iPhone.Build.0 = Debug|Any CPU
		{B7E301B7-3F57-46B4-858B-369F5C031B79}.Debug|iPhone.Deploy.0 = Debug|Any CPU
		{B7E301B7-3F57-46B4-858B-369F5C031B79}.Debug|iPhoneSimulator.ActiveCfg = Debug|Any CPU
		{B7E301B7-3F57-46B4-858B-369F5C031B79}.Debug|iPhoneSimulator.Build.0 = Debug|Any CPU
		{B7E301B7-3F57-46B4-858B-369F5C031B79}.Debug|iPhoneSimulator.Deploy.0 = Debug|Any CPU
		{B7E301B7-3F57-46B4-858B-369F5C031B79}.Debug|x64.ActiveCfg = Debug|Any CPU
		{B7E301B7-3F57-46B4-858B-369F5C031B79}.Debug|x64.Build.0 = Debug|Any CPU
		{B7E301B7-3F57-46B4-858B-369F5C031B79}.Debug|x64.Deploy.0 = Debug|Any CPU
		{B7E301B7-3F57-46B4-858B-369F5C031B79}.Debug|x86.ActiveCfg = Debug|Any CPU
		{B7E301B7-3F57-46B4-858B-369F5C031B79}.Debug|x86.Build.0 = Debug|Any CPU
		{B7E301B7-3F57-46B4-858B-369F5C031B79}.Debug|x86.Deploy.0 = Debug|Any CPU
		{B7E301B7-3F57-46B4-858B-369F5C031B79}.Release|Any CPU.ActiveCfg = Release|Any CPU
		{B7E301B7-3F57-46B4-858B-369F5C031B79}.Release|Any CPU.Build.0 = Release|Any CPU
		{B7E301B7-3F57-46B4-858B-369F5C031B79}.Release|Any CPU.Deploy.0 = Release|Any CPU
		{B7E301B7-3F57-46B4-858B-369F5C031B79}.Release|ARM.ActiveCfg = Release|Any CPU
		{B7E301B7-3F57-46B4-858B-369F5C031B79}.Release|ARM.Build.0 = Release|Any CPU
		{B7E301B7-3F57-46B4-858B-369F5C031B79}.Release|ARM.Deploy.0 = Release|Any CPU
		{B7E301B7-3F57-46B4-858B-369F5C031B79}.Release|iPhone.ActiveCfg = Release|Any CPU
		{B7E301B7-3F57-46B4-858B-369F5C031B79}.Release|iPhone.Build.0 = Release|Any CPU
		{B7E301B7-3F57-46B4-858B-369F5C031B79}.Release|iPhone.Deploy.0 = Release|Any CPU
		{B7E301B7-3F57-46B4-858B-369F5C031B79}.Release|iPhoneSimulator.ActiveCfg = Release|Any CPU
		{B7E301B7-3F57-46B4-858B-369F5C031B79}.Release|iPhoneSimulator.Build.0 = Release|Any CPU
		{B7E301B7-3F57-46B4-858B-369F5C031B79}.Release|iPhoneSimulator.Deploy.0 = Release|Any CPU
		{B7E301B7-3F57-46B4-858B-369F5C031B79}.Release|x64.ActiveCfg = Release|Any CPU
		{B7E301B7-3F57-46B4-858B-369F5C031B79}.Release|x64.Build.0 = Release|Any CPU
		{B7E301B7-3F57-46B4-858B-369F5C031B79}.Release|x64.Deploy.0 = Release|Any CPU
		{B7E301B7-3F57-46B4-858B-369F5C031B79}.Release|x86.ActiveCfg = Release|Any CPU
		{B7E301B7-3F57-46B4-858B-369F5C031B79}.Release|x86.Build.0 = Release|Any CPU
		{B7E301B7-3F57-46B4-858B-369F5C031B79}.Release|x86.Deploy.0 = Release|Any CPU
		{E5337428-B4A0-4FF9-9FAD-C06EE39D5B1A}.Ad-Hoc|Any CPU.ActiveCfg = Ad-Hoc|iPhone
		{E5337428-B4A0-4FF9-9FAD-C06EE39D5B1A}.Ad-Hoc|Any CPU.Build.0 = Ad-Hoc|iPhone
		{E5337428-B4A0-4FF9-9FAD-C06EE39D5B1A}.Ad-Hoc|Any CPU.Deploy.0 = Ad-Hoc|iPhone
		{E5337428-B4A0-4FF9-9FAD-C06EE39D5B1A}.Ad-Hoc|ARM.ActiveCfg = Ad-Hoc|iPhone
		{E5337428-B4A0-4FF9-9FAD-C06EE39D5B1A}.Ad-Hoc|ARM.Build.0 = Ad-Hoc|iPhone
		{E5337428-B4A0-4FF9-9FAD-C06EE39D5B1A}.Ad-Hoc|ARM.Deploy.0 = Ad-Hoc|iPhone
		{E5337428-B4A0-4FF9-9FAD-C06EE39D5B1A}.Ad-Hoc|iPhone.ActiveCfg = Ad-Hoc|iPhone
		{E5337428-B4A0-4FF9-9FAD-C06EE39D5B1A}.Ad-Hoc|iPhone.Build.0 = Ad-Hoc|iPhone
		{E5337428-B4A0-4FF9-9FAD-C06EE39D5B1A}.Ad-Hoc|iPhone.Deploy.0 = Ad-Hoc|iPhone
		{E5337428-B4A0-4FF9-9FAD-C06EE39D5B1A}.Ad-Hoc|iPhoneSimulator.ActiveCfg = Ad-Hoc|iPhoneSimulator
		{E5337428-B4A0-4FF9-9FAD-C06EE39D5B1A}.Ad-Hoc|iPhoneSimulator.Build.0 = Ad-Hoc|iPhoneSimulator
		{E5337428-B4A0-4FF9-9FAD-C06EE39D5B1A}.Ad-Hoc|iPhoneSimulator.Deploy.0 = Ad-Hoc|iPhoneSimulator
		{E5337428-B4A0-4FF9-9FAD-C06EE39D5B1A}.Ad-Hoc|x64.ActiveCfg = Ad-Hoc|iPhone
		{E5337428-B4A0-4FF9-9FAD-C06EE39D5B1A}.Ad-Hoc|x64.Build.0 = Ad-Hoc|iPhone
		{E5337428-B4A0-4FF9-9FAD-C06EE39D5B1A}.Ad-Hoc|x64.Deploy.0 = Ad-Hoc|iPhone
		{E5337428-B4A0-4FF9-9FAD-C06EE39D5B1A}.Ad-Hoc|x86.ActiveCfg = Ad-Hoc|iPhone
		{E5337428-B4A0-4FF9-9FAD-C06EE39D5B1A}.Ad-Hoc|x86.Build.0 = Ad-Hoc|iPhone
		{E5337428-B4A0-4FF9-9FAD-C06EE39D5B1A}.Ad-Hoc|x86.Deploy.0 = Ad-Hoc|iPhone
		{E5337428-B4A0-4FF9-9FAD-C06EE39D5B1A}.AppStore|Any CPU.ActiveCfg = AppStore|iPhone
		{E5337428-B4A0-4FF9-9FAD-C06EE39D5B1A}.AppStore|Any CPU.Build.0 = AppStore|iPhone
		{E5337428-B4A0-4FF9-9FAD-C06EE39D5B1A}.AppStore|Any CPU.Deploy.0 = AppStore|iPhone
		{E5337428-B4A0-4FF9-9FAD-C06EE39D5B1A}.AppStore|ARM.ActiveCfg = AppStore|iPhone
		{E5337428-B4A0-4FF9-9FAD-C06EE39D5B1A}.AppStore|ARM.Build.0 = AppStore|iPhone
		{E5337428-B4A0-4FF9-9FAD-C06EE39D5B1A}.AppStore|ARM.Deploy.0 = AppStore|iPhone
		{E5337428-B4A0-4FF9-9FAD-C06EE39D5B1A}.AppStore|iPhone.ActiveCfg = AppStore|iPhone
		{E5337428-B4A0-4FF9-9FAD-C06EE39D5B1A}.AppStore|iPhone.Build.0 = AppStore|iPhone
		{E5337428-B4A0-4FF9-9FAD-C06EE39D5B1A}.AppStore|iPhone.Deploy.0 = AppStore|iPhone
		{E5337428-B4A0-4FF9-9FAD-C06EE39D5B1A}.AppStore|iPhoneSimulator.ActiveCfg = AppStore|iPhoneSimulator
		{E5337428-B4A0-4FF9-9FAD-C06EE39D5B1A}.AppStore|iPhoneSimulator.Build.0 = AppStore|iPhoneSimulator
		{E5337428-B4A0-4FF9-9FAD-C06EE39D5B1A}.AppStore|iPhoneSimulator.Deploy.0 = AppStore|iPhoneSimulator
		{E5337428-B4A0-4FF9-9FAD-C06EE39D5B1A}.AppStore|x64.ActiveCfg = AppStore|iPhone
		{E5337428-B4A0-4FF9-9FAD-C06EE39D5B1A}.AppStore|x64.Build.0 = AppStore|iPhone
		{E5337428-B4A0-4FF9-9FAD-C06EE39D5B1A}.AppStore|x64.Deploy.0 = AppStore|iPhone
		{E5337428-B4A0-4FF9-9FAD-C06EE39D5B1A}.AppStore|x86.ActiveCfg = AppStore|iPhone
		{E5337428-B4A0-4FF9-9FAD-C06EE39D5B1A}.AppStore|x86.Build.0 = AppStore|iPhone
		{E5337428-B4A0-4FF9-9FAD-C06EE39D5B1A}.AppStore|x86.Deploy.0 = AppStore|iPhone
		{E5337428-B4A0-4FF9-9FAD-C06EE39D5B1A}.Debug|Any CPU.ActiveCfg = Debug|iPhoneSimulator
		{E5337428-B4A0-4FF9-9FAD-C06EE39D5B1A}.Debug|Any CPU.Build.0 = Debug|iPhoneSimulator
		{E5337428-B4A0-4FF9-9FAD-C06EE39D5B1A}.Debug|Any CPU.Deploy.0 = Debug|iPhoneSimulator
		{E5337428-B4A0-4FF9-9FAD-C06EE39D5B1A}.Debug|ARM.ActiveCfg = Debug|iPhone
		{E5337428-B4A0-4FF9-9FAD-C06EE39D5B1A}.Debug|ARM.Build.0 = Debug|iPhone
		{E5337428-B4A0-4FF9-9FAD-C06EE39D5B1A}.Debug|ARM.Deploy.0 = Debug|iPhone
		{E5337428-B4A0-4FF9-9FAD-C06EE39D5B1A}.Debug|iPhone.ActiveCfg = Debug|iPhone
		{E5337428-B4A0-4FF9-9FAD-C06EE39D5B1A}.Debug|iPhone.Build.0 = Debug|iPhone
		{E5337428-B4A0-4FF9-9FAD-C06EE39D5B1A}.Debug|iPhone.Deploy.0 = Debug|iPhone
		{E5337428-B4A0-4FF9-9FAD-C06EE39D5B1A}.Debug|iPhoneSimulator.ActiveCfg = Debug|iPhoneSimulator
		{E5337428-B4A0-4FF9-9FAD-C06EE39D5B1A}.Debug|iPhoneSimulator.Build.0 = Debug|iPhoneSimulator
		{E5337428-B4A0-4FF9-9FAD-C06EE39D5B1A}.Debug|iPhoneSimulator.Deploy.0 = Debug|iPhoneSimulator
		{E5337428-B4A0-4FF9-9FAD-C06EE39D5B1A}.Debug|x64.ActiveCfg = Debug|iPhone
		{E5337428-B4A0-4FF9-9FAD-C06EE39D5B1A}.Debug|x64.Build.0 = Debug|iPhone
		{E5337428-B4A0-4FF9-9FAD-C06EE39D5B1A}.Debug|x64.Deploy.0 = Debug|iPhone
		{E5337428-B4A0-4FF9-9FAD-C06EE39D5B1A}.Debug|x86.ActiveCfg = Debug|iPhone
		{E5337428-B4A0-4FF9-9FAD-C06EE39D5B1A}.Debug|x86.Build.0 = Debug|iPhone
		{E5337428-B4A0-4FF9-9FAD-C06EE39D5B1A}.Debug|x86.Deploy.0 = Debug|iPhone
		{E5337428-B4A0-4FF9-9FAD-C06EE39D5B1A}.Release|Any CPU.ActiveCfg = Release|iPhone
		{E5337428-B4A0-4FF9-9FAD-C06EE39D5B1A}.Release|Any CPU.Build.0 = Release|iPhone
		{E5337428-B4A0-4FF9-9FAD-C06EE39D5B1A}.Release|Any CPU.Deploy.0 = Release|iPhone
		{E5337428-B4A0-4FF9-9FAD-C06EE39D5B1A}.Release|ARM.ActiveCfg = Release|iPhone
		{E5337428-B4A0-4FF9-9FAD-C06EE39D5B1A}.Release|ARM.Build.0 = Release|iPhone
		{E5337428-B4A0-4FF9-9FAD-C06EE39D5B1A}.Release|ARM.Deploy.0 = Release|iPhone
		{E5337428-B4A0-4FF9-9FAD-C06EE39D5B1A}.Release|iPhone.ActiveCfg = Release|iPhone
		{E5337428-B4A0-4FF9-9FAD-C06EE39D5B1A}.Release|iPhone.Build.0 = Release|iPhone
		{E5337428-B4A0-4FF9-9FAD-C06EE39D5B1A}.Release|iPhone.Deploy.0 = Release|iPhone
		{E5337428-B4A0-4FF9-9FAD-C06EE39D5B1A}.Release|iPhoneSimulator.ActiveCfg = Release|iPhoneSimulator
		{E5337428-B4A0-4FF9-9FAD-C06EE39D5B1A}.Release|iPhoneSimulator.Build.0 = Release|iPhoneSimulator
		{E5337428-B4A0-4FF9-9FAD-C06EE39D5B1A}.Release|iPhoneSimulator.Deploy.0 = Release|iPhoneSimulator
		{E5337428-B4A0-4FF9-9FAD-C06EE39D5B1A}.Release|x64.ActiveCfg = Release|iPhone
		{E5337428-B4A0-4FF9-9FAD-C06EE39D5B1A}.Release|x64.Build.0 = Release|iPhone
		{E5337428-B4A0-4FF9-9FAD-C06EE39D5B1A}.Release|x64.Deploy.0 = Release|iPhone
		{E5337428-B4A0-4FF9-9FAD-C06EE39D5B1A}.Release|x86.ActiveCfg = Release|iPhone
		{E5337428-B4A0-4FF9-9FAD-C06EE39D5B1A}.Release|x86.Build.0 = Release|iPhone
		{E5337428-B4A0-4FF9-9FAD-C06EE39D5B1A}.Release|x86.Deploy.0 = Release|iPhone
		{D7759E94-E506-43AD-8B1A-14FBA3B479CC}.Ad-Hoc|Any CPU.ActiveCfg = Release|x86
		{D7759E94-E506-43AD-8B1A-14FBA3B479CC}.Ad-Hoc|Any CPU.Build.0 = Release|x86
		{D7759E94-E506-43AD-8B1A-14FBA3B479CC}.Ad-Hoc|Any CPU.Deploy.0 = Release|x86
		{D7759E94-E506-43AD-8B1A-14FBA3B479CC}.Ad-Hoc|ARM.ActiveCfg = Release|ARM
		{D7759E94-E506-43AD-8B1A-14FBA3B479CC}.Ad-Hoc|ARM.Build.0 = Release|ARM
		{D7759E94-E506-43AD-8B1A-14FBA3B479CC}.Ad-Hoc|ARM.Deploy.0 = Release|ARM
		{D7759E94-E506-43AD-8B1A-14FBA3B479CC}.Ad-Hoc|iPhone.ActiveCfg = Release|x86
		{D7759E94-E506-43AD-8B1A-14FBA3B479CC}.Ad-Hoc|iPhone.Build.0 = Release|x86
		{D7759E94-E506-43AD-8B1A-14FBA3B479CC}.Ad-Hoc|iPhone.Deploy.0 = Release|x86
		{D7759E94-E506-43AD-8B1A-14FBA3B479CC}.Ad-Hoc|iPhoneSimulator.ActiveCfg = Release|x86
		{D7759E94-E506-43AD-8B1A-14FBA3B479CC}.Ad-Hoc|iPhoneSimulator.Build.0 = Release|x86
		{D7759E94-E506-43AD-8B1A-14FBA3B479CC}.Ad-Hoc|iPhoneSimulator.Deploy.0 = Release|x86
		{D7759E94-E506-43AD-8B1A-14FBA3B479CC}.Ad-Hoc|x64.ActiveCfg = Release|x64
		{D7759E94-E506-43AD-8B1A-14FBA3B479CC}.Ad-Hoc|x64.Build.0 = Release|x64
		{D7759E94-E506-43AD-8B1A-14FBA3B479CC}.Ad-Hoc|x64.Deploy.0 = Release|x64
		{D7759E94-E506-43AD-8B1A-14FBA3B479CC}.Ad-Hoc|x86.ActiveCfg = Release|x86
		{D7759E94-E506-43AD-8B1A-14FBA3B479CC}.Ad-Hoc|x86.Build.0 = Release|x86
		{D7759E94-E506-43AD-8B1A-14FBA3B479CC}.Ad-Hoc|x86.Deploy.0 = Release|x86
		{D7759E94-E506-43AD-8B1A-14FBA3B479CC}.AppStore|Any CPU.ActiveCfg = Release|x86
		{D7759E94-E506-43AD-8B1A-14FBA3B479CC}.AppStore|Any CPU.Build.0 = Release|x86
		{D7759E94-E506-43AD-8B1A-14FBA3B479CC}.AppStore|Any CPU.Deploy.0 = Release|x86
		{D7759E94-E506-43AD-8B1A-14FBA3B479CC}.AppStore|ARM.ActiveCfg = Release|ARM
		{D7759E94-E506-43AD-8B1A-14FBA3B479CC}.AppStore|ARM.Build.0 = Release|ARM
		{D7759E94-E506-43AD-8B1A-14FBA3B479CC}.AppStore|ARM.Deploy.0 = Release|ARM
		{D7759E94-E506-43AD-8B1A-14FBA3B479CC}.AppStore|iPhone.ActiveCfg = Release|x86
		{D7759E94-E506-43AD-8B1A-14FBA3B479CC}.AppStore|iPhone.Build.0 = Release|x86
		{D7759E94-E506-43AD-8B1A-14FBA3B479CC}.AppStore|iPhone.Deploy.0 = Release|x86
		{D7759E94-E506-43AD-8B1A-14FBA3B479CC}.AppStore|iPhoneSimulator.ActiveCfg = Release|x86
		{D7759E94-E506-43AD-8B1A-14FBA3B479CC}.AppStore|iPhoneSimulator.Build.0 = Release|x86
		{D7759E94-E506-43AD-8B1A-14FBA3B479CC}.AppStore|iPhoneSimulator.Deploy.0 = Release|x86
		{D7759E94-E506-43AD-8B1A-14FBA3B479CC}.AppStore|x64.ActiveCfg = Release|x64
		{D7759E94-E506-43AD-8B1A-14FBA3B479CC}.AppStore|x64.Build.0 = Release|x64
		{D7759E94-E506-43AD-8B1A-14FBA3B479CC}.AppStore|x64.Deploy.0 = Release|x64
		{D7759E94-E506-43AD-8B1A-14FBA3B479CC}.AppStore|x86.ActiveCfg = Release|x86
		{D7759E94-E506-43AD-8B1A-14FBA3B479CC}.AppStore|x86.Build.0 = Release|x86
		{D7759E94-E506-43AD-8B1A-14FBA3B479CC}.AppStore|x86.Deploy.0 = Release|x86
		{D7759E94-E506-43AD-8B1A-14FBA3B479CC}.Debug|Any CPU.ActiveCfg = Debug|x86
		{D7759E94-E506-43AD-8B1A-14FBA3B479CC}.Debug|Any CPU.Build.0 = Debug|x86
		{D7759E94-E506-43AD-8B1A-14FBA3B479CC}.Debug|Any CPU.Deploy.0 = Debug|x86
		{D7759E94-E506-43AD-8B1A-14FBA3B479CC}.Debug|ARM.ActiveCfg = Debug|ARM
		{D7759E94-E506-43AD-8B1A-14FBA3B479CC}.Debug|ARM.Build.0 = Debug|ARM
		{D7759E94-E506-43AD-8B1A-14FBA3B479CC}.Debug|ARM.Deploy.0 = Debug|ARM
		{D7759E94-E506-43AD-8B1A-14FBA3B479CC}.Debug|iPhone.ActiveCfg = Debug|x86
		{D7759E94-E506-43AD-8B1A-14FBA3B479CC}.Debug|iPhone.Build.0 = Debug|x86
		{D7759E94-E506-43AD-8B1A-14FBA3B479CC}.Debug|iPhone.Deploy.0 = Debug|x86
		{D7759E94-E506-43AD-8B1A-14FBA3B479CC}.Debug|iPhoneSimulator.ActiveCfg = Debug|x86
		{D7759E94-E506-43AD-8B1A-14FBA3B479CC}.Debug|iPhoneSimulator.Build.0 = Debug|x86
		{D7759E94-E506-43AD-8B1A-14FBA3B479CC}.Debug|iPhoneSimulator.Deploy.0 = Debug|x86
		{D7759E94-E506-43AD-8B1A-14FBA3B479CC}.Debug|x64.ActiveCfg = Debug|x64
		{D7759E94-E506-43AD-8B1A-14FBA3B479CC}.Debug|x64.Build.0 = Debug|x64
		{D7759E94-E506-43AD-8B1A-14FBA3B479CC}.Debug|x64.Deploy.0 = Debug|x64
		{D7759E94-E506-43AD-8B1A-14FBA3B479CC}.Debug|x86.ActiveCfg = Debug|x86
		{D7759E94-E506-43AD-8B1A-14FBA3B479CC}.Debug|x86.Build.0 = Debug|x86
		{D7759E94-E506-43AD-8B1A-14FBA3B479CC}.Debug|x86.Deploy.0 = Debug|x86
		{D7759E94-E506-43AD-8B1A-14FBA3B479CC}.Release|Any CPU.ActiveCfg = Release|x86
		{D7759E94-E506-43AD-8B1A-14FBA3B479CC}.Release|Any CPU.Build.0 = Release|x86
		{D7759E94-E506-43AD-8B1A-14FBA3B479CC}.Release|Any CPU.Deploy.0 = Release|x86
		{D7759E94-E506-43AD-8B1A-14FBA3B479CC}.Release|ARM.ActiveCfg = Release|ARM
		{D7759E94-E506-43AD-8B1A-14FBA3B479CC}.Release|ARM.Build.0 = Release|ARM
		{D7759E94-E506-43AD-8B1A-14FBA3B479CC}.Release|ARM.Deploy.0 = Release|ARM
		{D7759E94-E506-43AD-8B1A-14FBA3B479CC}.Release|iPhone.ActiveCfg = Release|x86
		{D7759E94-E506-43AD-8B1A-14FBA3B479CC}.Release|iPhone.Build.0 = Release|x86
		{D7759E94-E506-43AD-8B1A-14FBA3B479CC}.Release|iPhone.Deploy.0 = Release|x86
		{D7759E94-E506-43AD-8B1A-14FBA3B479CC}.Release|iPhoneSimulator.ActiveCfg = Release|x86
		{D7759E94-E506-43AD-8B1A-14FBA3B479CC}.Release|iPhoneSimulator.Build.0 = Release|x86
		{D7759E94-E506-43AD-8B1A-14FBA3B479CC}.Release|iPhoneSimulator.Deploy.0 = Release|x86
		{D7759E94-E506-43AD-8B1A-14FBA3B479CC}.Release|x64.ActiveCfg = Release|x64
		{D7759E94-E506-43AD-8B1A-14FBA3B479CC}.Release|x64.Build.0 = Release|x64
		{D7759E94-E506-43AD-8B1A-14FBA3B479CC}.Release|x64.Deploy.0 = Release|x64
		{D7759E94-E506-43AD-8B1A-14FBA3B479CC}.Release|x86.ActiveCfg = Release|x86
		{D7759E94-E506-43AD-8B1A-14FBA3B479CC}.Release|x86.Build.0 = Release|x86
		{D7759E94-E506-43AD-8B1A-14FBA3B479CC}.Release|x86.Deploy.0 = Release|x86
		{CC1BC59D-BFEE-4C37-A7F6-3E064A892FE7}.Ad-Hoc|Any CPU.ActiveCfg = Debug|Any CPU
		{CC1BC59D-BFEE-4C37-A7F6-3E064A892FE7}.Ad-Hoc|Any CPU.Build.0 = Debug|Any CPU
		{CC1BC59D-BFEE-4C37-A7F6-3E064A892FE7}.Ad-Hoc|Any CPU.Deploy.0 = Debug|Any CPU
		{CC1BC59D-BFEE-4C37-A7F6-3E064A892FE7}.Ad-Hoc|ARM.ActiveCfg = Debug|Any CPU
		{CC1BC59D-BFEE-4C37-A7F6-3E064A892FE7}.Ad-Hoc|ARM.Build.0 = Debug|Any CPU
		{CC1BC59D-BFEE-4C37-A7F6-3E064A892FE7}.Ad-Hoc|ARM.Deploy.0 = Debug|Any CPU
		{CC1BC59D-BFEE-4C37-A7F6-3E064A892FE7}.Ad-Hoc|iPhone.ActiveCfg = Debug|Any CPU
		{CC1BC59D-BFEE-4C37-A7F6-3E064A892FE7}.Ad-Hoc|iPhone.Build.0 = Debug|Any CPU
		{CC1BC59D-BFEE-4C37-A7F6-3E064A892FE7}.Ad-Hoc|iPhone.Deploy.0 = Debug|Any CPU
		{CC1BC59D-BFEE-4C37-A7F6-3E064A892FE7}.Ad-Hoc|iPhoneSimulator.ActiveCfg = Debug|Any CPU
		{CC1BC59D-BFEE-4C37-A7F6-3E064A892FE7}.Ad-Hoc|iPhoneSimulator.Build.0 = Debug|Any CPU
		{CC1BC59D-BFEE-4C37-A7F6-3E064A892FE7}.Ad-Hoc|iPhoneSimulator.Deploy.0 = Debug|Any CPU
		{CC1BC59D-BFEE-4C37-A7F6-3E064A892FE7}.Ad-Hoc|x64.ActiveCfg = Debug|Any CPU
		{CC1BC59D-BFEE-4C37-A7F6-3E064A892FE7}.Ad-Hoc|x64.Build.0 = Debug|Any CPU
		{CC1BC59D-BFEE-4C37-A7F6-3E064A892FE7}.Ad-Hoc|x64.Deploy.0 = Debug|Any CPU
		{CC1BC59D-BFEE-4C37-A7F6-3E064A892FE7}.Ad-Hoc|x86.ActiveCfg = Debug|Any CPU
		{CC1BC59D-BFEE-4C37-A7F6-3E064A892FE7}.Ad-Hoc|x86.Build.0 = Debug|Any CPU
		{CC1BC59D-BFEE-4C37-A7F6-3E064A892FE7}.Ad-Hoc|x86.Deploy.0 = Debug|Any CPU
		{CC1BC59D-BFEE-4C37-A7F6-3E064A892FE7}.AppStore|Any CPU.ActiveCfg = Debug|Any CPU
		{CC1BC59D-BFEE-4C37-A7F6-3E064A892FE7}.AppStore|Any CPU.Build.0 = Debug|Any CPU
		{CC1BC59D-BFEE-4C37-A7F6-3E064A892FE7}.AppStore|Any CPU.Deploy.0 = Debug|Any CPU
		{CC1BC59D-BFEE-4C37-A7F6-3E064A892FE7}.AppStore|ARM.ActiveCfg = Debug|Any CPU
		{CC1BC59D-BFEE-4C37-A7F6-3E064A892FE7}.AppStore|ARM.Build.0 = Debug|Any CPU
		{CC1BC59D-BFEE-4C37-A7F6-3E064A892FE7}.AppStore|ARM.Deploy.0 = Debug|Any CPU
		{CC1BC59D-BFEE-4C37-A7F6-3E064A892FE7}.AppStore|iPhone.ActiveCfg = Debug|Any CPU
		{CC1BC59D-BFEE-4C37-A7F6-3E064A892FE7}.AppStore|iPhone.Build.0 = Debug|Any CPU
		{CC1BC59D-BFEE-4C37-A7F6-3E064A892FE7}.AppStore|iPhone.Deploy.0 = Debug|Any CPU
		{CC1BC59D-BFEE-4C37-A7F6-3E064A892FE7}.AppStore|iPhoneSimulator.ActiveCfg = Debug|Any CPU
		{CC1BC59D-BFEE-4C37-A7F6-3E064A892FE7}.AppStore|iPhoneSimulator.Build.0 = Debug|Any CPU
		{CC1BC59D-BFEE-4C37-A7F6-3E064A892FE7}.AppStore|iPhoneSimulator.Deploy.0 = Debug|Any CPU
		{CC1BC59D-BFEE-4C37-A7F6-3E064A892FE7}.AppStore|x64.ActiveCfg = Debug|Any CPU
		{CC1BC59D-BFEE-4C37-A7F6-3E064A892FE7}.AppStore|x64.Build.0 = Debug|Any CPU
		{CC1BC59D-BFEE-4C37-A7F6-3E064A892FE7}.AppStore|x64.Deploy.0 = Debug|Any CPU
		{CC1BC59D-BFEE-4C37-A7F6-3E064A892FE7}.AppStore|x86.ActiveCfg = Debug|Any CPU
		{CC1BC59D-BFEE-4C37-A7F6-3E064A892FE7}.AppStore|x86.Build.0 = Debug|Any CPU
		{CC1BC59D-BFEE-4C37-A7F6-3E064A892FE7}.AppStore|x86.Deploy.0 = Debug|Any CPU
		{CC1BC59D-BFEE-4C37-A7F6-3E064A892FE7}.Debug|Any CPU.ActiveCfg = Debug|Any CPU
		{CC1BC59D-BFEE-4C37-A7F6-3E064A892FE7}.Debug|Any CPU.Build.0 = Debug|Any CPU
		{CC1BC59D-BFEE-4C37-A7F6-3E064A892FE7}.Debug|Any CPU.Deploy.0 = Debug|Any CPU
		{CC1BC59D-BFEE-4C37-A7F6-3E064A892FE7}.Debug|ARM.ActiveCfg = Debug|Any CPU
		{CC1BC59D-BFEE-4C37-A7F6-3E064A892FE7}.Debug|ARM.Build.0 = Debug|Any CPU
		{CC1BC59D-BFEE-4C37-A7F6-3E064A892FE7}.Debug|ARM.Deploy.0 = Debug|Any CPU
		{CC1BC59D-BFEE-4C37-A7F6-3E064A892FE7}.Debug|iPhone.ActiveCfg = Debug|Any CPU
		{CC1BC59D-BFEE-4C37-A7F6-3E064A892FE7}.Debug|iPhone.Build.0 = Debug|Any CPU
		{CC1BC59D-BFEE-4C37-A7F6-3E064A892FE7}.Debug|iPhone.Deploy.0 = Debug|Any CPU
		{CC1BC59D-BFEE-4C37-A7F6-3E064A892FE7}.Debug|iPhoneSimulator.ActiveCfg = Debug|Any CPU
		{CC1BC59D-BFEE-4C37-A7F6-3E064A892FE7}.Debug|iPhoneSimulator.Build.0 = Debug|Any CPU
		{CC1BC59D-BFEE-4C37-A7F6-3E064A892FE7}.Debug|iPhoneSimulator.Deploy.0 = Debug|Any CPU
		{CC1BC59D-BFEE-4C37-A7F6-3E064A892FE7}.Debug|x64.ActiveCfg = Debug|Any CPU
		{CC1BC59D-BFEE-4C37-A7F6-3E064A892FE7}.Debug|x64.Build.0 = Debug|Any CPU
		{CC1BC59D-BFEE-4C37-A7F6-3E064A892FE7}.Debug|x64.Deploy.0 = Debug|Any CPU
		{CC1BC59D-BFEE-4C37-A7F6-3E064A892FE7}.Debug|x86.ActiveCfg = Debug|Any CPU
		{CC1BC59D-BFEE-4C37-A7F6-3E064A892FE7}.Debug|x86.Build.0 = Debug|Any CPU
		{CC1BC59D-BFEE-4C37-A7F6-3E064A892FE7}.Debug|x86.Deploy.0 = Debug|Any CPU
		{CC1BC59D-BFEE-4C37-A7F6-3E064A892FE7}.Release|Any CPU.ActiveCfg = Release|Any CPU
		{CC1BC59D-BFEE-4C37-A7F6-3E064A892FE7}.Release|Any CPU.Build.0 = Release|Any CPU
		{CC1BC59D-BFEE-4C37-A7F6-3E064A892FE7}.Release|Any CPU.Deploy.0 = Release|Any CPU
		{CC1BC59D-BFEE-4C37-A7F6-3E064A892FE7}.Release|ARM.ActiveCfg = Release|Any CPU
		{CC1BC59D-BFEE-4C37-A7F6-3E064A892FE7}.Release|ARM.Build.0 = Release|Any CPU
		{CC1BC59D-BFEE-4C37-A7F6-3E064A892FE7}.Release|ARM.Deploy.0 = Release|Any CPU
		{CC1BC59D-BFEE-4C37-A7F6-3E064A892FE7}.Release|iPhone.ActiveCfg = Release|Any CPU
		{CC1BC59D-BFEE-4C37-A7F6-3E064A892FE7}.Release|iPhone.Build.0 = Release|Any CPU
		{CC1BC59D-BFEE-4C37-A7F6-3E064A892FE7}.Release|iPhone.Deploy.0 = Release|Any CPU
		{CC1BC59D-BFEE-4C37-A7F6-3E064A892FE7}.Release|iPhoneSimulator.ActiveCfg = Release|Any CPU
		{CC1BC59D-BFEE-4C37-A7F6-3E064A892FE7}.Release|iPhoneSimulator.Build.0 = Release|Any CPU
		{CC1BC59D-BFEE-4C37-A7F6-3E064A892FE7}.Release|iPhoneSimulator.Deploy.0 = Release|Any CPU
		{CC1BC59D-BFEE-4C37-A7F6-3E064A892FE7}.Release|x64.ActiveCfg = Release|Any CPU
		{CC1BC59D-BFEE-4C37-A7F6-3E064A892FE7}.Release|x64.Build.0 = Release|Any CPU
		{CC1BC59D-BFEE-4C37-A7F6-3E064A892FE7}.Release|x64.Deploy.0 = Release|Any CPU
		{CC1BC59D-BFEE-4C37-A7F6-3E064A892FE7}.Release|x86.ActiveCfg = Release|Any CPU
		{CC1BC59D-BFEE-4C37-A7F6-3E064A892FE7}.Release|x86.Build.0 = Release|Any CPU
		{CC1BC59D-BFEE-4C37-A7F6-3E064A892FE7}.Release|x86.Deploy.0 = Release|Any CPU
	EndGlobalSection
	GlobalSection(SolutionProperties) = preSolution
		HideSolutionNode = FALSE
	EndGlobalSection
	GlobalSection(ExtensibilityGlobals) = postSolution
		SolutionGuid = {1C3B0D41-D026-45D6-8842-294F480E0329}
	EndGlobalSection
EndGlobal
