
Microsoft Visual Studio Solution File, Format Version 12.00
# Visual Studio 15
VisualStudioVersion = 15.0.28307.168
MinimumVisualStudioVersion = 10.0.40219.1
Project("{FAE04EC0-301F-11D3-BF4B-00C04F79EFBC}") = "Sensoren.Android", "Sensoren\Sensoren.Android\Sensoren.Android.csproj", "{07EEB8CF-4C40-4E92-B2E6-B9B9EB308DCE}"
EndProject
Project("{FAE04EC0-301F-11D3-BF4B-00C04F79EFBC}") = "Sensoren.iOS", "Sensoren\Sensoren.iOS\Sensoren.iOS.csproj", "{9C193257-5326-4FFA-989D-A76FF84445F8}"
EndProject
Project("{FAE04EC0-301F-11D3-BF4B-00C04F79EFBC}") = "Sensoren.UWP", "Sensoren\Sensoren.UWP\Sensoren.UWP.csproj", "{4B068204-478A-48D1-A8B3-3B033982B0FB}"
EndProject
Project("{FAE04EC0-301F-11D3-BF4B-00C04F79EFBC}") = "Sensoren", "Sensoren\Sensoren\Sensoren.csproj", "{353F2C18-F689-4ED7-AEC0-FBC4DDB82434}"
EndProject
Global
	GlobalSection(SolutionConfigurationPlatforms) = preSolution
		Ad-Hoc|Any CPU = Ad-Hoc|Any CPU
		Ad-Hoc|ARM = Ad-Hoc|ARM
		Ad-Hoc|iPhone = Ad-Hoc|iPhone
		Ad-Hoc|iPhoneSimulator = Ad-Hoc|iPhoneSimulator
		Ad-Hoc|x64 = Ad-Hoc|x64
		Ad-Hoc|x86 = Ad-Hoc|x86
		AppStore|Any CPU = AppStore|Any CPU
		AppStore|ARM = AppStore|ARM
		AppStore|iPhone = AppStore|iPhone
		AppStore|iPhoneSimulator = AppStore|iPhoneSimulator
		AppStore|x64 = AppStore|x64
		AppStore|x86 = AppStore|x86
		Debug|Any CPU = Debug|Any CPU
		Debug|ARM = Debug|ARM
		Debug|iPhone = Debug|iPhone
		Debug|iPhoneSimulator = Debug|iPhoneSimulator
		Debug|x64 = Debug|x64
		Debug|x86 = Debug|x86
		Release|Any CPU = Release|Any CPU
		Release|ARM = Release|ARM
		Release|iPhone = Release|iPhone
		Release|iPhoneSimulator = Release|iPhoneSimulator
		Release|x64 = Release|x64
		Release|x86 = Release|x86
	EndGlobalSection
	GlobalSection(ProjectConfigurationPlatforms) = postSolution
		{07EEB8CF-4C40-4E92-B2E6-B9B9EB308DCE}.Ad-Hoc|Any CPU.ActiveCfg = Release|Any CPU
		{07EEB8CF-4C40-4E92-B2E6-B9B9EB308DCE}.Ad-Hoc|Any CPU.Build.0 = Release|Any CPU
		{07EEB8CF-4C40-4E92-B2E6-B9B9EB308DCE}.Ad-Hoc|Any CPU.Deploy.0 = Release|Any CPU
		{07EEB8CF-4C40-4E92-B2E6-B9B9EB308DCE}.Ad-Hoc|ARM.ActiveCfg = Release|Any CPU
		{07EEB8CF-4C40-4E92-B2E6-B9B9EB308DCE}.Ad-Hoc|ARM.Build.0 = Release|Any CPU
		{07EEB8CF-4C40-4E92-B2E6-B9B9EB308DCE}.Ad-Hoc|ARM.Deploy.0 = Release|Any CPU
		{07EEB8CF-4C40-4E92-B2E6-B9B9EB308DCE}.Ad-Hoc|iPhone.ActiveCfg = Release|Any CPU
		{07EEB8CF-4C40-4E92-B2E6-B9B9EB308DCE}.Ad-Hoc|iPhone.Build.0 = Release|Any CPU
		{07EEB8CF-4C40-4E92-B2E6-B9B9EB308DCE}.Ad-Hoc|iPhone.Deploy.0 = Release|Any CPU
		{07EEB8CF-4C40-4E92-B2E6-B9B9EB308DCE}.Ad-Hoc|iPhoneSimulator.ActiveCfg = Release|Any CPU
		{07EEB8CF-4C40-4E92-B2E6-B9B9EB308DCE}.Ad-Hoc|iPhoneSimulator.Build.0 = Release|Any CPU
		{07EEB8CF-4C40-4E92-B2E6-B9B9EB308DCE}.Ad-Hoc|iPhoneSimulator.Deploy.0 = Release|Any CPU
		{07EEB8CF-4C40-4E92-B2E6-B9B9EB308DCE}.Ad-Hoc|x64.ActiveCfg = Release|Any CPU
		{07EEB8CF-4C40-4E92-B2E6-B9B9EB308DCE}.Ad-Hoc|x64.Build.0 = Release|Any CPU
		{07EEB8CF-4C40-4E92-B2E6-B9B9EB308DCE}.Ad-Hoc|x64.Deploy.0 = Release|Any CPU
		{07EEB8CF-4C40-4E92-B2E6-B9B9EB308DCE}.Ad-Hoc|x86.ActiveCfg = Release|Any CPU
		{07EEB8CF-4C40-4E92-B2E6-B9B9EB308DCE}.Ad-Hoc|x86.Build.0 = Release|Any CPU
		{07EEB8CF-4C40-4E92-B2E6-B9B9EB308DCE}.Ad-Hoc|x86.Deploy.0 = Release|Any CPU
		{07EEB8CF-4C40-4E92-B2E6-B9B9EB308DCE}.AppStore|Any CPU.ActiveCfg = Release|Any CPU
		{07EEB8CF-4C40-4E92-B2E6-B9B9EB308DCE}.AppStore|Any CPU.Build.0 = Release|Any CPU
		{07EEB8CF-4C40-4E92-B2E6-B9B9EB308DCE}.AppStore|Any CPU.Deploy.0 = Release|Any CPU
		{07EEB8CF-4C40-4E92-B2E6-B9B9EB308DCE}.AppStore|ARM.ActiveCfg = Release|Any CPU
		{07EEB8CF-4C40-4E92-B2E6-B9B9EB308DCE}.AppStore|ARM.Build.0 = Release|Any CPU
		{07EEB8CF-4C40-4E92-B2E6-B9B9EB308DCE}.AppStore|ARM.Deploy.0 = Release|Any CPU
		{07EEB8CF-4C40-4E92-B2E6-B9B9EB308DCE}.AppStore|iPhone.ActiveCfg = Release|Any CPU
		{07EEB8CF-4C40-4E92-B2E6-B9B9EB308DCE}.AppStore|iPhone.Build.0 = Release|Any CPU
		{07EEB8CF-4C40-4E92-B2E6-B9B9EB308DCE}.AppStore|iPhone.Deploy.0 = Release|Any CPU
		{07EEB8CF-4C40-4E92-B2E6-B9B9EB308DCE}.AppStore|iPhoneSimulator.ActiveCfg = Release|Any CPU
		{07EEB8CF-4C40-4E92-B2E6-B9B9EB308DCE}.AppStore|iPhoneSimulator.Build.0 = Release|Any CPU
		{07EEB8CF-4C40-4E92-B2E6-B9B9EB308DCE}.AppStore|iPhoneSimulator.Deploy.0 = Release|Any CPU
		{07EEB8CF-4C40-4E92-B2E6-B9B9EB308DCE}.AppStore|x64.ActiveCfg = Release|Any CPU
		{07EEB8CF-4C40-4E92-B2E6-B9B9EB308DCE}.AppStore|x64.Build.0 = Release|Any CPU
		{07EEB8CF-4C40-4E92-B2E6-B9B9EB308DCE}.AppStore|x64.Deploy.0 = Release|Any CPU
		{07EEB8CF-4C40-4E92-B2E6-B9B9EB308DCE}.AppStore|x86.ActiveCfg = Release|Any CPU
		{07EEB8CF-4C40-4E92-B2E6-B9B9EB308DCE}.AppStore|x86.Build.0 = Release|Any CPU
		{07EEB8CF-4C40-4E92-B2E6-B9B9EB308DCE}.AppStore|x86.Deploy.0 = Release|Any CPU
		{07EEB8CF-4C40-4E92-B2E6-B9B9EB308DCE}.Debug|Any CPU.ActiveCfg = Debug|Any CPU
		{07EEB8CF-4C40-4E92-B2E6-B9B9EB308DCE}.Debug|Any CPU.Build.0 = Debug|Any CPU
		{07EEB8CF-4C40-4E92-B2E6-B9B9EB308DCE}.Debug|Any CPU.Deploy.0 = Debug|Any CPU
		{07EEB8CF-4C40-4E92-B2E6-B9B9EB308DCE}.Debug|ARM.ActiveCfg = Debug|Any CPU
		{07EEB8CF-4C40-4E92-B2E6-B9B9EB308DCE}.Debug|ARM.Build.0 = Debug|Any CPU
		{07EEB8CF-4C40-4E92-B2E6-B9B9EB308DCE}.Debug|ARM.Deploy.0 = Debug|Any CPU
		{07EEB8CF-4C40-4E92-B2E6-B9B9EB308DCE}.Debug|iPhone.ActiveCfg = Debug|Any CPU
		{07EEB8CF-4C40-4E92-B2E6-B9B9EB308DCE}.Debug|iPhone.Build.0 = Debug|Any CPU
		{07EEB8CF-4C40-4E92-B2E6-B9B9EB308DCE}.Debug|iPhone.Deploy.0 = Debug|Any CPU
		{07EEB8CF-4C40-4E92-B2E6-B9B9EB308DCE}.Debug|iPhoneSimulator.ActiveCfg = Debug|Any CPU
		{07EEB8CF-4C40-4E92-B2E6-B9B9EB308DCE}.Debug|iPhoneSimulator.Build.0 = Debug|Any CPU
		{07EEB8CF-4C40-4E92-B2E6-B9B9EB308DCE}.Debug|iPhoneSimulator.Deploy.0 = Debug|Any CPU
		{07EEB8CF-4C40-4E92-B2E6-B9B9EB308DCE}.Debug|x64.ActiveCfg = Debug|Any CPU
		{07EEB8CF-4C40-4E92-B2E6-B9B9EB308DCE}.Debug|x64.Build.0 = Debug|Any CPU
		{07EEB8CF-4C40-4E92-B2E6-B9B9EB308DCE}.Debug|x64.Deploy.0 = Debug|Any CPU
		{07EEB8CF-4C40-4E92-B2E6-B9B9EB308DCE}.Debug|x86.ActiveCfg = Debug|Any CPU
		{07EEB8CF-4C40-4E92-B2E6-B9B9EB308DCE}.Debug|x86.Build.0 = Debug|Any CPU
		{07EEB8CF-4C40-4E92-B2E6-B9B9EB308DCE}.Debug|x86.Deploy.0 = Debug|Any CPU
		{07EEB8CF-4C40-4E92-B2E6-B9B9EB308DCE}.Release|Any CPU.ActiveCfg = Release|Any CPU
		{07EEB8CF-4C40-4E92-B2E6-B9B9EB308DCE}.Release|Any CPU.Build.0 = Release|Any CPU
		{07EEB8CF-4C40-4E92-B2E6-B9B9EB308DCE}.Release|Any CPU.Deploy.0 = Release|Any CPU
		{07EEB8CF-4C40-4E92-B2E6-B9B9EB308DCE}.Release|ARM.ActiveCfg = Release|Any CPU
		{07EEB8CF-4C40-4E92-B2E6-B9B9EB308DCE}.Release|ARM.Build.0 = Release|Any CPU
		{07EEB8CF-4C40-4E92-B2E6-B9B9EB308DCE}.Release|ARM.Deploy.0 = Release|Any CPU
		{07EEB8CF-4C40-4E92-B2E6-B9B9EB308DCE}.Release|iPhone.ActiveCfg = Release|Any CPU
		{07EEB8CF-4C40-4E92-B2E6-B9B9EB308DCE}.Release|iPhone.Build.0 = Release|Any CPU
		{07EEB8CF-4C40-4E92-B2E6-B9B9EB308DCE}.Release|iPhone.Deploy.0 = Release|Any CPU
		{07EEB8CF-4C40-4E92-B2E6-B9B9EB308DCE}.Release|iPhoneSimulator.ActiveCfg = Release|Any CPU
		{07EEB8CF-4C40-4E92-B2E6-B9B9EB308DCE}.Release|iPhoneSimulator.Build.0 = Release|Any CPU
		{07EEB8CF-4C40-4E92-B2E6-B9B9EB308DCE}.Release|iPhoneSimulator.Deploy.0 = Release|Any CPU
		{07EEB8CF-4C40-4E92-B2E6-B9B9EB308DCE}.Release|x64.ActiveCfg = Release|Any CPU
		{07EEB8CF-4C40-4E92-B2E6-B9B9EB308DCE}.Release|x64.Build.0 = Release|Any CPU
		{07EEB8CF-4C40-4E92-B2E6-B9B9EB308DCE}.Release|x64.Deploy.0 = Release|Any CPU
		{07EEB8CF-4C40-4E92-B2E6-B9B9EB308DCE}.Release|x86.ActiveCfg = Release|Any CPU
		{07EEB8CF-4C40-4E92-B2E6-B9B9EB308DCE}.Release|x86.Build.0 = Release|Any CPU
		{07EEB8CF-4C40-4E92-B2E6-B9B9EB308DCE}.Release|x86.Deploy.0 = Release|Any CPU
		{9C193257-5326-4FFA-989D-A76FF84445F8}.Ad-Hoc|Any CPU.ActiveCfg = Ad-Hoc|iPhone
		{9C193257-5326-4FFA-989D-A76FF84445F8}.Ad-Hoc|Any CPU.Build.0 = Ad-Hoc|iPhone
		{9C193257-5326-4FFA-989D-A76FF84445F8}.Ad-Hoc|Any CPU.Deploy.0 = Ad-Hoc|iPhone
		{9C193257-5326-4FFA-989D-A76FF84445F8}.Ad-Hoc|ARM.ActiveCfg = Ad-Hoc|iPhone
		{9C193257-5326-4FFA-989D-A76FF84445F8}.Ad-Hoc|ARM.Build.0 = Ad-Hoc|iPhone
		{9C193257-5326-4FFA-989D-A76FF84445F8}.Ad-Hoc|ARM.Deploy.0 = Ad-Hoc|iPhone
		{9C193257-5326-4FFA-989D-A76FF84445F8}.Ad-Hoc|iPhone.ActiveCfg = Ad-Hoc|iPhone
		{9C193257-5326-4FFA-989D-A76FF84445F8}.Ad-Hoc|iPhone.Build.0 = Ad-Hoc|iPhone
		{9C193257-5326-4FFA-989D-A76FF84445F8}.Ad-Hoc|iPhone.Deploy.0 = Ad-Hoc|iPhone
		{9C193257-5326-4FFA-989D-A76FF84445F8}.Ad-Hoc|iPhoneSimulator.ActiveCfg = Ad-Hoc|iPhoneSimulator
		{9C193257-5326-4FFA-989D-A76FF84445F8}.Ad-Hoc|iPhoneSimulator.Build.0 = Ad-Hoc|iPhoneSimulator
		{9C193257-5326-4FFA-989D-A76FF84445F8}.Ad-Hoc|iPhoneSimulator.Deploy.0 = Ad-Hoc|iPhoneSimulator
		{9C193257-5326-4FFA-989D-A76FF84445F8}.Ad-Hoc|x64.ActiveCfg = Ad-Hoc|iPhone
		{9C193257-5326-4FFA-989D-A76FF84445F8}.Ad-Hoc|x64.Build.0 = Ad-Hoc|iPhone
		{9C193257-5326-4FFA-989D-A76FF84445F8}.Ad-Hoc|x64.Deploy.0 = Ad-Hoc|iPhone
		{9C193257-5326-4FFA-989D-A76FF84445F8}.Ad-Hoc|x86.ActiveCfg = Ad-Hoc|iPhone
		{9C193257-5326-4FFA-989D-A76FF84445F8}.Ad-Hoc|x86.Build.0 = Ad-Hoc|iPhone
		{9C193257-5326-4FFA-989D-A76FF84445F8}.Ad-Hoc|x86.Deploy.0 = Ad-Hoc|iPhone
		{9C193257-5326-4FFA-989D-A76FF84445F8}.AppStore|Any CPU.ActiveCfg = AppStore|iPhone
		{9C193257-5326-4FFA-989D-A76FF84445F8}.AppStore|Any CPU.Build.0 = AppStore|iPhone
		{9C193257-5326-4FFA-989D-A76FF84445F8}.AppStore|Any CPU.Deploy.0 = AppStore|iPhone
		{9C193257-5326-4FFA-989D-A76FF84445F8}.AppStore|ARM.ActiveCfg = AppStore|iPhone
		{9C193257-5326-4FFA-989D-A76FF84445F8}.AppStore|ARM.Build.0 = AppStore|iPhone
		{9C193257-5326-4FFA-989D-A76FF84445F8}.AppStore|ARM.Deploy.0 = AppStore|iPhone
		{9C193257-5326-4FFA-989D-A76FF84445F8}.AppStore|iPhone.ActiveCfg = AppStore|iPhone
		{9C193257-5326-4FFA-989D-A76FF84445F8}.AppStore|iPhone.Build.0 = AppStore|iPhone
		{9C193257-5326-4FFA-989D-A76FF84445F8}.AppStore|iPhone.Deploy.0 = AppStore|iPhone
		{9C193257-5326-4FFA-989D-A76FF84445F8}.AppStore|iPhoneSimulator.ActiveCfg = AppStore|iPhoneSimulator
		{9C193257-5326-4FFA-989D-A76FF84445F8}.AppStore|iPhoneSimulator.Build.0 = AppStore|iPhoneSimulator
		{9C193257-5326-4FFA-989D-A76FF84445F8}.AppStore|iPhoneSimulator.Deploy.0 = AppStore|iPhoneSimulator
		{9C193257-5326-4FFA-989D-A76FF84445F8}.AppStore|x64.ActiveCfg = AppStore|iPhone
		{9C193257-5326-4FFA-989D-A76FF84445F8}.AppStore|x64.Build.0 = AppStore|iPhone
		{9C193257-5326-4FFA-989D-A76FF84445F8}.AppStore|x64.Deploy.0 = AppStore|iPhone
		{9C193257-5326-4FFA-989D-A76FF84445F8}.AppStore|x86.ActiveCfg = AppStore|iPhone
		{9C193257-5326-4FFA-989D-A76FF84445F8}.AppStore|x86.Build.0 = AppStore|iPhone
		{9C193257-5326-4FFA-989D-A76FF84445F8}.AppStore|x86.Deploy.0 = AppStore|iPhone
		{9C193257-5326-4FFA-989D-A76FF84445F8}.Debug|Any CPU.ActiveCfg = Debug|iPhoneSimulator
		{9C193257-5326-4FFA-989D-A76FF84445F8}.Debug|Any CPU.Build.0 = Debug|iPhoneSimulator
		{9C193257-5326-4FFA-989D-A76FF84445F8}.Debug|Any CPU.Deploy.0 = Debug|iPhoneSimulator
		{9C193257-5326-4FFA-989D-A76FF84445F8}.Debug|ARM.ActiveCfg = Debug|iPhone
		{9C193257-5326-4FFA-989D-A76FF84445F8}.Debug|ARM.Build.0 = Debug|iPhone
		{9C193257-5326-4FFA-989D-A76FF84445F8}.Debug|ARM.Deploy.0 = Debug|iPhone
		{9C193257-5326-4FFA-989D-A76FF84445F8}.Debug|iPhone.ActiveCfg = Debug|iPhone
		{9C193257-5326-4FFA-989D-A76FF84445F8}.Debug|iPhone.Build.0 = Debug|iPhone
		{9C193257-5326-4FFA-989D-A76FF84445F8}.Debug|iPhone.Deploy.0 = Debug|iPhone
		{9C193257-5326-4FFA-989D-A76FF84445F8}.Debug|iPhoneSimulator.ActiveCfg = Debug|iPhoneSimulator
		{9C193257-5326-4FFA-989D-A76FF84445F8}.Debug|iPhoneSimulator.Build.0 = Debug|iPhoneSimulator
		{9C193257-5326-4FFA-989D-A76FF84445F8}.Debug|iPhoneSimulator.Deploy.0 = Debug|iPhoneSimulator
		{9C193257-5326-4FFA-989D-A76FF84445F8}.Debug|x64.ActiveCfg = Debug|iPhone
		{9C193257-5326-4FFA-989D-A76FF84445F8}.Debug|x64.Build.0 = Debug|iPhone
		{9C193257-5326-4FFA-989D-A76FF84445F8}.Debug|x64.Deploy.0 = Debug|iPhone
		{9C193257-5326-4FFA-989D-A76FF84445F8}.Debug|x86.ActiveCfg = Debug|iPhone
		{9C193257-5326-4FFA-989D-A76FF84445F8}.Debug|x86.Build.0 = Debug|iPhone
		{9C193257-5326-4FFA-989D-A76FF84445F8}.Debug|x86.Deploy.0 = Debug|iPhone
		{9C193257-5326-4FFA-989D-A76FF84445F8}.Release|Any CPU.ActiveCfg = Release|iPhone
		{9C193257-5326-4FFA-989D-A76FF84445F8}.Release|Any CPU.Build.0 = Release|iPhone
		{9C193257-5326-4FFA-989D-A76FF84445F8}.Release|Any CPU.Deploy.0 = Release|iPhone
		{9C193257-5326-4FFA-989D-A76FF84445F8}.Release|ARM.ActiveCfg = Release|iPhone
		{9C193257-5326-4FFA-989D-A76FF84445F8}.Release|ARM.Build.0 = Release|iPhone
		{9C193257-5326-4FFA-989D-A76FF84445F8}.Release|ARM.Deploy.0 = Release|iPhone
		{9C193257-5326-4FFA-989D-A76FF84445F8}.Release|iPhone.ActiveCfg = Release|iPhone
		{9C193257-5326-4FFA-989D-A76FF84445F8}.Release|iPhone.Build.0 = Release|iPhone
		{9C193257-5326-4FFA-989D-A76FF84445F8}.Release|iPhone.Deploy.0 = Release|iPhone
		{9C193257-5326-4FFA-989D-A76FF84445F8}.Release|iPhoneSimulator.ActiveCfg = Release|iPhoneSimulator
		{9C193257-5326-4FFA-989D-A76FF84445F8}.Release|iPhoneSimulator.Build.0 = Release|iPhoneSimulator
		{9C193257-5326-4FFA-989D-A76FF84445F8}.Release|iPhoneSimulator.Deploy.0 = Release|iPhoneSimulator
		{9C193257-5326-4FFA-989D-A76FF84445F8}.Release|x64.ActiveCfg = Release|iPhone
		{9C193257-5326-4FFA-989D-A76FF84445F8}.Release|x64.Build.0 = Release|iPhone
		{9C193257-5326-4FFA-989D-A76FF84445F8}.Release|x64.Deploy.0 = Release|iPhone
		{9C193257-5326-4FFA-989D-A76FF84445F8}.Release|x86.ActiveCfg = Release|iPhone
		{9C193257-5326-4FFA-989D-A76FF84445F8}.Release|x86.Build.0 = Release|iPhone
		{9C193257-5326-4FFA-989D-A76FF84445F8}.Release|x86.Deploy.0 = Release|iPhone
		{4B068204-478A-48D1-A8B3-3B033982B0FB}.Ad-Hoc|Any CPU.ActiveCfg = Release|x86
		{4B068204-478A-48D1-A8B3-3B033982B0FB}.Ad-Hoc|Any CPU.Build.0 = Release|x86
		{4B068204-478A-48D1-A8B3-3B033982B0FB}.Ad-Hoc|Any CPU.Deploy.0 = Release|x86
		{4B068204-478A-48D1-A8B3-3B033982B0FB}.Ad-Hoc|ARM.ActiveCfg = Release|ARM
		{4B068204-478A-48D1-A8B3-3B033982B0FB}.Ad-Hoc|ARM.Build.0 = Release|ARM
		{4B068204-478A-48D1-A8B3-3B033982B0FB}.Ad-Hoc|ARM.Deploy.0 = Release|ARM
		{4B068204-478A-48D1-A8B3-3B033982B0FB}.Ad-Hoc|iPhone.ActiveCfg = Release|x86
		{4B068204-478A-48D1-A8B3-3B033982B0FB}.Ad-Hoc|iPhone.Build.0 = Release|x86
		{4B068204-478A-48D1-A8B3-3B033982B0FB}.Ad-Hoc|iPhone.Deploy.0 = Release|x86
		{4B068204-478A-48D1-A8B3-3B033982B0FB}.Ad-Hoc|iPhoneSimulator.ActiveCfg = Release|x86
		{4B068204-478A-48D1-A8B3-3B033982B0FB}.Ad-Hoc|iPhoneSimulator.Build.0 = Release|x86
		{4B068204-478A-48D1-A8B3-3B033982B0FB}.Ad-Hoc|iPhoneSimulator.Deploy.0 = Release|x86
		{4B068204-478A-48D1-A8B3-3B033982B0FB}.Ad-Hoc|x64.ActiveCfg = Release|x64
		{4B068204-478A-48D1-A8B3-3B033982B0FB}.Ad-Hoc|x64.Build.0 = Release|x64
		{4B068204-478A-48D1-A8B3-3B033982B0FB}.Ad-Hoc|x64.Deploy.0 = Release|x64
		{4B068204-478A-48D1-A8B3-3B033982B0FB}.Ad-Hoc|x86.ActiveCfg = Release|x86
		{4B068204-478A-48D1-A8B3-3B033982B0FB}.Ad-Hoc|x86.Build.0 = Release|x86
		{4B068204-478A-48D1-A8B3-3B033982B0FB}.Ad-Hoc|x86.Deploy.0 = Release|x86
		{4B068204-478A-48D1-A8B3-3B033982B0FB}.AppStore|Any CPU.ActiveCfg = Release|x86
		{4B068204-478A-48D1-A8B3-3B033982B0FB}.AppStore|Any CPU.Build.0 = Release|x86
		{4B068204-478A-48D1-A8B3-3B033982B0FB}.AppStore|Any CPU.Deploy.0 = Release|x86
		{4B068204-478A-48D1-A8B3-3B033982B0FB}.AppStore|ARM.ActiveCfg = Release|ARM
		{4B068204-478A-48D1-A8B3-3B033982B0FB}.AppStore|ARM.Build.0 = Release|ARM
		{4B068204-478A-48D1-A8B3-3B033982B0FB}.AppStore|ARM.Deploy.0 = Release|ARM
		{4B068204-478A-48D1-A8B3-3B033982B0FB}.AppStore|iPhone.ActiveCfg = Release|x86
		{4B068204-478A-48D1-A8B3-3B033982B0FB}.AppStore|iPhone.Build.0 = Release|x86
		{4B068204-478A-48D1-A8B3-3B033982B0FB}.AppStore|iPhone.Deploy.0 = Release|x86
		{4B068204-478A-48D1-A8B3-3B033982B0FB}.AppStore|iPhoneSimulator.ActiveCfg = Release|x86
		{4B068204-478A-48D1-A8B3-3B033982B0FB}.AppStore|iPhoneSimulator.Build.0 = Release|x86
		{4B068204-478A-48D1-A8B3-3B033982B0FB}.AppStore|iPhoneSimulator.Deploy.0 = Release|x86
		{4B068204-478A-48D1-A8B3-3B033982B0FB}.AppStore|x64.ActiveCfg = Release|x64
		{4B068204-478A-48D1-A8B3-3B033982B0FB}.AppStore|x64.Build.0 = Release|x64
		{4B068204-478A-48D1-A8B3-3B033982B0FB}.AppStore|x64.Deploy.0 = Release|x64
		{4B068204-478A-48D1-A8B3-3B033982B0FB}.AppStore|x86.ActiveCfg = Release|x86
		{4B068204-478A-48D1-A8B3-3B033982B0FB}.AppStore|x86.Build.0 = Release|x86
		{4B068204-478A-48D1-A8B3-3B033982B0FB}.AppStore|x86.Deploy.0 = Release|x86
		{4B068204-478A-48D1-A8B3-3B033982B0FB}.Debug|Any CPU.ActiveCfg = Debug|x86
		{4B068204-478A-48D1-A8B3-3B033982B0FB}.Debug|Any CPU.Build.0 = Debug|x86
		{4B068204-478A-48D1-A8B3-3B033982B0FB}.Debug|Any CPU.Deploy.0 = Debug|x86
		{4B068204-478A-48D1-A8B3-3B033982B0FB}.Debug|ARM.ActiveCfg = Debug|ARM
		{4B068204-478A-48D1-A8B3-3B033982B0FB}.Debug|ARM.Build.0 = Debug|ARM
		{4B068204-478A-48D1-A8B3-3B033982B0FB}.Debug|ARM.Deploy.0 = Debug|ARM
		{4B068204-478A-48D1-A8B3-3B033982B0FB}.Debug|iPhone.ActiveCfg = Debug|x86
		{4B068204-478A-48D1-A8B3-3B033982B0FB}.Debug|iPhone.Build.0 = Debug|x86
		{4B068204-478A-48D1-A8B3-3B033982B0FB}.Debug|iPhone.Deploy.0 = Debug|x86
		{4B068204-478A-48D1-A8B3-3B033982B0FB}.Debug|iPhoneSimulator.ActiveCfg = Debug|x86
		{4B068204-478A-48D1-A8B3-3B033982B0FB}.Debug|iPhoneSimulator.Build.0 = Debug|x86
		{4B068204-478A-48D1-A8B3-3B033982B0FB}.Debug|iPhoneSimulator.Deploy.0 = Debug|x86
		{4B068204-478A-48D1-A8B3-3B033982B0FB}.Debug|x64.ActiveCfg = Debug|x64
		{4B068204-478A-48D1-A8B3-3B033982B0FB}.Debug|x64.Build.0 = Debug|x64
		{4B068204-478A-48D1-A8B3-3B033982B0FB}.Debug|x64.Deploy.0 = Debug|x64
		{4B068204-478A-48D1-A8B3-3B033982B0FB}.Debug|x86.ActiveCfg = Debug|x86
		{4B068204-478A-48D1-A8B3-3B033982B0FB}.Debug|x86.Build.0 = Debug|x86
		{4B068204-478A-48D1-A8B3-3B033982B0FB}.Debug|x86.Deploy.0 = Debug|x86
		{4B068204-478A-48D1-A8B3-3B033982B0FB}.Release|Any CPU.ActiveCfg = Release|x86
		{4B068204-478A-48D1-A8B3-3B033982B0FB}.Release|Any CPU.Build.0 = Release|x86
		{4B068204-478A-48D1-A8B3-3B033982B0FB}.Release|Any CPU.Deploy.0 = Release|x86
		{4B068204-478A-48D1-A8B3-3B033982B0FB}.Release|ARM.ActiveCfg = Release|ARM
		{4B068204-478A-48D1-A8B3-3B033982B0FB}.Release|ARM.Build.0 = Release|ARM
		{4B068204-478A-48D1-A8B3-3B033982B0FB}.Release|ARM.Deploy.0 = Release|ARM
		{4B068204-478A-48D1-A8B3-3B033982B0FB}.Release|iPhone.ActiveCfg = Release|x86
		{4B068204-478A-48D1-A8B3-3B033982B0FB}.Release|iPhone.Build.0 = Release|x86
		{4B068204-478A-48D1-A8B3-3B033982B0FB}.Release|iPhone.Deploy.0 = Release|x86
		{4B068204-478A-48D1-A8B3-3B033982B0FB}.Release|iPhoneSimulator.ActiveCfg = Release|x86
		{4B068204-478A-48D1-A8B3-3B033982B0FB}.Release|iPhoneSimulator.Build.0 = Release|x86
		{4B068204-478A-48D1-A8B3-3B033982B0FB}.Release|iPhoneSimulator.Deploy.0 = Release|x86
		{4B068204-478A-48D1-A8B3-3B033982B0FB}.Release|x64.ActiveCfg = Release|x64
		{4B068204-478A-48D1-A8B3-3B033982B0FB}.Release|x64.Build.0 = Release|x64
		{4B068204-478A-48D1-A8B3-3B033982B0FB}.Release|x64.Deploy.0 = Release|x64
		{4B068204-478A-48D1-A8B3-3B033982B0FB}.Release|x86.ActiveCfg = Release|x86
		{4B068204-478A-48D1-A8B3-3B033982B0FB}.Release|x86.Build.0 = Release|x86
		{4B068204-478A-48D1-A8B3-3B033982B0FB}.Release|x86.Deploy.0 = Release|x86
		{353F2C18-F689-4ED7-AEC0-FBC4DDB82434}.Ad-Hoc|Any CPU.ActiveCfg = Debug|Any CPU
		{353F2C18-F689-4ED7-AEC0-FBC4DDB82434}.Ad-Hoc|Any CPU.Build.0 = Debug|Any CPU
		{353F2C18-F689-4ED7-AEC0-FBC4DDB82434}.Ad-Hoc|Any CPU.Deploy.0 = Debug|Any CPU
		{353F2C18-F689-4ED7-AEC0-FBC4DDB82434}.Ad-Hoc|ARM.ActiveCfg = Debug|Any CPU
		{353F2C18-F689-4ED7-AEC0-FBC4DDB82434}.Ad-Hoc|ARM.Build.0 = Debug|Any CPU
		{353F2C18-F689-4ED7-AEC0-FBC4DDB82434}.Ad-Hoc|ARM.Deploy.0 = Debug|Any CPU
		{353F2C18-F689-4ED7-AEC0-FBC4DDB82434}.Ad-Hoc|iPhone.ActiveCfg = Debug|Any CPU
		{353F2C18-F689-4ED7-AEC0-FBC4DDB82434}.Ad-Hoc|iPhone.Build.0 = Debug|Any CPU
		{353F2C18-F689-4ED7-AEC0-FBC4DDB82434}.Ad-Hoc|iPhone.Deploy.0 = Debug|Any CPU
		{353F2C18-F689-4ED7-AEC0-FBC4DDB82434}.Ad-Hoc|iPhoneSimulator.ActiveCfg = Debug|Any CPU
		{353F2C18-F689-4ED7-AEC0-FBC4DDB82434}.Ad-Hoc|iPhoneSimulator.Build.0 = Debug|Any CPU
		{353F2C18-F689-4ED7-AEC0-FBC4DDB82434}.Ad-Hoc|iPhoneSimulator.Deploy.0 = Debug|Any CPU
		{353F2C18-F689-4ED7-AEC0-FBC4DDB82434}.Ad-Hoc|x64.ActiveCfg = Debug|Any CPU
		{353F2C18-F689-4ED7-AEC0-FBC4DDB82434}.Ad-Hoc|x64.Build.0 = Debug|Any CPU
		{353F2C18-F689-4ED7-AEC0-FBC4DDB82434}.Ad-Hoc|x64.Deploy.0 = Debug|Any CPU
		{353F2C18-F689-4ED7-AEC0-FBC4DDB82434}.Ad-Hoc|x86.ActiveCfg = Debug|Any CPU
		{353F2C18-F689-4ED7-AEC0-FBC4DDB82434}.Ad-Hoc|x86.Build.0 = Debug|Any CPU
		{353F2C18-F689-4ED7-AEC0-FBC4DDB82434}.Ad-Hoc|x86.Deploy.0 = Debug|Any CPU
		{353F2C18-F689-4ED7-AEC0-FBC4DDB82434}.AppStore|Any CPU.ActiveCfg = Debug|Any CPU
		{353F2C18-F689-4ED7-AEC0-FBC4DDB82434}.AppStore|Any CPU.Build.0 = Debug|Any CPU
		{353F2C18-F689-4ED7-AEC0-FBC4DDB82434}.AppStore|Any CPU.Deploy.0 = Debug|Any CPU
		{353F2C18-F689-4ED7-AEC0-FBC4DDB82434}.AppStore|ARM.ActiveCfg = Debug|Any CPU
		{353F2C18-F689-4ED7-AEC0-FBC4DDB82434}.AppStore|ARM.Build.0 = Debug|Any CPU
		{353F2C18-F689-4ED7-AEC0-FBC4DDB82434}.AppStore|ARM.Deploy.0 = Debug|Any CPU
		{353F2C18-F689-4ED7-AEC0-FBC4DDB82434}.AppStore|iPhone.ActiveCfg = Debug|Any CPU
		{353F2C18-F689-4ED7-AEC0-FBC4DDB82434}.AppStore|iPhone.Build.0 = Debug|Any CPU
		{353F2C18-F689-4ED7-AEC0-FBC4DDB82434}.AppStore|iPhone.Deploy.0 = Debug|Any CPU
		{353F2C18-F689-4ED7-AEC0-FBC4DDB82434}.AppStore|iPhoneSimulator.ActiveCfg = Debug|Any CPU
		{353F2C18-F689-4ED7-AEC0-FBC4DDB82434}.AppStore|iPhoneSimulator.Build.0 = Debug|Any CPU
		{353F2C18-F689-4ED7-AEC0-FBC4DDB82434}.AppStore|iPhoneSimulator.Deploy.0 = Debug|Any CPU
		{353F2C18-F689-4ED7-AEC0-FBC4DDB82434}.AppStore|x64.ActiveCfg = Debug|Any CPU
		{353F2C18-F689-4ED7-AEC0-FBC4DDB82434}.AppStore|x64.Build.0 = Debug|Any CPU
		{353F2C18-F689-4ED7-AEC0-FBC4DDB82434}.AppStore|x64.Deploy.0 = Debug|Any CPU
		{353F2C18-F689-4ED7-AEC0-FBC4DDB82434}.AppStore|x86.ActiveCfg = Debug|Any CPU
		{353F2C18-F689-4ED7-AEC0-FBC4DDB82434}.AppStore|x86.Build.0 = Debug|Any CPU
		{353F2C18-F689-4ED7-AEC0-FBC4DDB82434}.AppStore|x86.Deploy.0 = Debug|Any CPU
		{353F2C18-F689-4ED7-AEC0-FBC4DDB82434}.Debug|Any CPU.ActiveCfg = Debug|Any CPU
		{353F2C18-F689-4ED7-AEC0-FBC4DDB82434}.Debug|Any CPU.Build.0 = Debug|Any CPU
		{353F2C18-F689-4ED7-AEC0-FBC4DDB82434}.Debug|Any CPU.Deploy.0 = Debug|Any CPU
		{353F2C18-F689-4ED7-AEC0-FBC4DDB82434}.Debug|ARM.ActiveCfg = Debug|Any CPU
		{353F2C18-F689-4ED7-AEC0-FBC4DDB82434}.Debug|ARM.Build.0 = Debug|Any CPU
		{353F2C18-F689-4ED7-AEC0-FBC4DDB82434}.Debug|ARM.Deploy.0 = Debug|Any CPU
		{353F2C18-F689-4ED7-AEC0-FBC4DDB82434}.Debug|iPhone.ActiveCfg = Debug|Any CPU
		{353F2C18-F689-4ED7-AEC0-FBC4DDB82434}.Debug|iPhone.Build.0 = Debug|Any CPU
		{353F2C18-F689-4ED7-AEC0-FBC4DDB82434}.Debug|iPhone.Deploy.0 = Debug|Any CPU
		{353F2C18-F689-4ED7-AEC0-FBC4DDB82434}.Debug|iPhoneSimulator.ActiveCfg = Debug|Any CPU
		{353F2C18-F689-4ED7-AEC0-FBC4DDB82434}.Debug|iPhoneSimulator.Build.0 = Debug|Any CPU
		{353F2C18-F689-4ED7-AEC0-FBC4DDB82434}.Debug|iPhoneSimulator.Deploy.0 = Debug|Any CPU
		{353F2C18-F689-4ED7-AEC0-FBC4DDB82434}.Debug|x64.ActiveCfg = Debug|Any CPU
		{353F2C18-F689-4ED7-AEC0-FBC4DDB82434}.Debug|x64.Build.0 = Debug|Any CPU
		{353F2C18-F689-4ED7-AEC0-FBC4DDB82434}.Debug|x64.Deploy.0 = Debug|Any CPU
		{353F2C18-F689-4ED7-AEC0-FBC4DDB82434}.Debug|x86.ActiveCfg = Debug|Any CPU
		{353F2C18-F689-4ED7-AEC0-FBC4DDB82434}.Debug|x86.Build.0 = Debug|Any CPU
		{353F2C18-F689-4ED7-AEC0-FBC4DDB82434}.Debug|x86.Deploy.0 = Debug|Any CPU
		{353F2C18-F689-4ED7-AEC0-FBC4DDB82434}.Release|Any CPU.ActiveCfg = Release|Any CPU
		{353F2C18-F689-4ED7-AEC0-FBC4DDB82434}.Release|Any CPU.Build.0 = Release|Any CPU
		{353F2C18-F689-4ED7-AEC0-FBC4DDB82434}.Release|Any CPU.Deploy.0 = Release|Any CPU
		{353F2C18-F689-4ED7-AEC0-FBC4DDB82434}.Release|ARM.ActiveCfg = Release|Any CPU
		{353F2C18-F689-4ED7-AEC0-FBC4DDB82434}.Release|ARM.Build.0 = Release|Any CPU
		{353F2C18-F689-4ED7-AEC0-FBC4DDB82434}.Release|ARM.Deploy.0 = Release|Any CPU
		{353F2C18-F689-4ED7-AEC0-FBC4DDB82434}.Release|iPhone.ActiveCfg = Release|Any CPU
		{353F2C18-F689-4ED7-AEC0-FBC4DDB82434}.Release|iPhone.Build.0 = Release|Any CPU
		{353F2C18-F689-4ED7-AEC0-FBC4DDB82434}.Release|iPhone.Deploy.0 = Release|Any CPU
		{353F2C18-F689-4ED7-AEC0-FBC4DDB82434}.Release|iPhoneSimulator.ActiveCfg = Release|Any CPU
		{353F2C18-F689-4ED7-AEC0-FBC4DDB82434}.Release|iPhoneSimulator.Build.0 = Release|Any CPU
		{353F2C18-F689-4ED7-AEC0-FBC4DDB82434}.Release|iPhoneSimulator.Deploy.0 = Release|Any CPU
		{353F2C18-F689-4ED7-AEC0-FBC4DDB82434}.Release|x64.ActiveCfg = Release|Any CPU
		{353F2C18-F689-4ED7-AEC0-FBC4DDB82434}.Release|x64.Build.0 = Release|Any CPU
		{353F2C18-F689-4ED7-AEC0-FBC4DDB82434}.Release|x64.Deploy.0 = Release|Any CPU
		{353F2C18-F689-4ED7-AEC0-FBC4DDB82434}.Release|x86.ActiveCfg = Release|Any CPU
		{353F2C18-F689-4ED7-AEC0-FBC4DDB82434}.Release|x86.Build.0 = Release|Any CPU
		{353F2C18-F689-4ED7-AEC0-FBC4DDB82434}.Release|x86.Deploy.0 = Release|Any CPU
	EndGlobalSection
	GlobalSection(SolutionProperties) = preSolution
		HideSolutionNode = FALSE
	EndGlobalSection
	GlobalSection(ExtensibilityGlobals) = postSolution
		SolutionGuid = {46B2F2AE-01F8-46C7-AAF1-62708C95AA2A}
	EndGlobalSection
EndGlobal
