
Microsoft Visual Studio Solution File, Format Version 12.00
# Visual Studio 15
VisualStudioVersion = 15.0.28307.168
MinimumVisualStudioVersion = 10.0.40219.1
Project("{FAE04EC0-301F-11D3-BF4B-00C04F79EFBC}") = "MVVM_TodoListe.Android", "MVVM_TodoListe\MVVM_TodoListe.Android\MVVM_TodoListe.Android.csproj", "{23E799EB-AFFB-46F5-90CD-5CA992008242}"
EndProject
Project("{FAE04EC0-301F-11D3-BF4B-00C04F79EFBC}") = "MVVM_TodoListe.iOS", "MVVM_TodoListe\MVVM_TodoListe.iOS\MVVM_TodoListe.iOS.csproj", "{613D476D-9DDB-41F1-B062-5B18EACF4639}"
EndProject
Project("{FAE04EC0-301F-11D3-BF4B-00C04F79EFBC}") = "MVVM_TodoListe.UWP", "MVVM_TodoListe\MVVM_TodoListe.UWP\MVVM_TodoListe.UWP.csproj", "{05EFFE05-2120-49C8-A6C3-7F20422DD17B}"
EndProject
Project("{FAE04EC0-301F-11D3-BF4B-00C04F79EFBC}") = "MVVM_TodoListe", "MVVM_TodoListe\MVVM_TodoListe\MVVM_TodoListe.csproj", "{E5D71D45-060C-4AF7-8D1A-B565DC92489B}"
EndProject
Global
	GlobalSection(SolutionConfigurationPlatforms) = preSolution
		Ad-Hoc|Any CPU = Ad-Hoc|Any CPU
		Ad-Hoc|ARM = Ad-Hoc|ARM
		Ad-Hoc|iPhone = Ad-Hoc|iPhone
		Ad-Hoc|iPhoneSimulator = Ad-Hoc|iPhoneSimulator
		Ad-Hoc|x64 = Ad-Hoc|x64
		Ad-Hoc|x86 = Ad-Hoc|x86
		AppStore|Any CPU = AppStore|Any CPU
		AppStore|ARM = AppStore|ARM
		AppStore|iPhone = AppStore|iPhone
		AppStore|iPhoneSimulator = AppStore|iPhoneSimulator
		AppStore|x64 = AppStore|x64
		AppStore|x86 = AppStore|x86
		Debug|Any CPU = Debug|Any CPU
		Debug|ARM = Debug|ARM
		Debug|iPhone = Debug|iPhone
		Debug|iPhoneSimulator = Debug|iPhoneSimulator
		Debug|x64 = Debug|x64
		Debug|x86 = Debug|x86
		Release|Any CPU = Release|Any CPU
		Release|ARM = Release|ARM
		Release|iPhone = Release|iPhone
		Release|iPhoneSimulator = Release|iPhoneSimulator
		Release|x64 = Release|x64
		Release|x86 = Release|x86
	EndGlobalSection
	GlobalSection(ProjectConfigurationPlatforms) = postSolution
		{23E799EB-AFFB-46F5-90CD-5CA992008242}.Ad-Hoc|Any CPU.ActiveCfg = Release|Any CPU
		{23E799EB-AFFB-46F5-90CD-5CA992008242}.Ad-Hoc|Any CPU.Build.0 = Release|Any CPU
		{23E799EB-AFFB-46F5-90CD-5CA992008242}.Ad-Hoc|Any CPU.Deploy.0 = Release|Any CPU
		{23E799EB-AFFB-46F5-90CD-5CA992008242}.Ad-Hoc|ARM.ActiveCfg = Release|Any CPU
		{23E799EB-AFFB-46F5-90CD-5CA992008242}.Ad-Hoc|ARM.Build.0 = Release|Any CPU
		{23E799EB-AFFB-46F5-90CD-5CA992008242}.Ad-Hoc|ARM.Deploy.0 = Release|Any CPU
		{23E799EB-AFFB-46F5-90CD-5CA992008242}.Ad-Hoc|iPhone.ActiveCfg = Release|Any CPU
		{23E799EB-AFFB-46F5-90CD-5CA992008242}.Ad-Hoc|iPhone.Build.0 = Release|Any CPU
		{23E799EB-AFFB-46F5-90CD-5CA992008242}.Ad-Hoc|iPhone.Deploy.0 = Release|Any CPU
		{23E799EB-AFFB-46F5-90CD-5CA992008242}.Ad-Hoc|iPhoneSimulator.ActiveCfg = Release|Any CPU
		{23E799EB-AFFB-46F5-90CD-5CA992008242}.Ad-Hoc|iPhoneSimulator.Build.0 = Release|Any CPU
		{23E799EB-AFFB-46F5-90CD-5CA992008242}.Ad-Hoc|iPhoneSimulator.Deploy.0 = Release|Any CPU
		{23E799EB-AFFB-46F5-90CD-5CA992008242}.Ad-Hoc|x64.ActiveCfg = Release|Any CPU
		{23E799EB-AFFB-46F5-90CD-5CA992008242}.Ad-Hoc|x64.Build.0 = Release|Any CPU
		{23E799EB-AFFB-46F5-90CD-5CA992008242}.Ad-Hoc|x64.Deploy.0 = Release|Any CPU
		{23E799EB-AFFB-46F5-90CD-5CA992008242}.Ad-Hoc|x86.ActiveCfg = Release|Any CPU
		{23E799EB-AFFB-46F5-90CD-5CA992008242}.Ad-Hoc|x86.Build.0 = Release|Any CPU
		{23E799EB-AFFB-46F5-90CD-5CA992008242}.Ad-Hoc|x86.Deploy.0 = Release|Any CPU
		{23E799EB-AFFB-46F5-90CD-5CA992008242}.AppStore|Any CPU.ActiveCfg = Release|Any CPU
		{23E799EB-AFFB-46F5-90CD-5CA992008242}.AppStore|Any CPU.Build.0 = Release|Any CPU
		{23E799EB-AFFB-46F5-90CD-5CA992008242}.AppStore|Any CPU.Deploy.0 = Release|Any CPU
		{23E799EB-AFFB-46F5-90CD-5CA992008242}.AppStore|ARM.ActiveCfg = Release|Any CPU
		{23E799EB-AFFB-46F5-90CD-5CA992008242}.AppStore|ARM.Build.0 = Release|Any CPU
		{23E799EB-AFFB-46F5-90CD-5CA992008242}.AppStore|ARM.Deploy.0 = Release|Any CPU
		{23E799EB-AFFB-46F5-90CD-5CA992008242}.AppStore|iPhone.ActiveCfg = Release|Any CPU
		{23E799EB-AFFB-46F5-90CD-5CA992008242}.AppStore|iPhone.Build.0 = Release|Any CPU
		{23E799EB-AFFB-46F5-90CD-5CA992008242}.AppStore|iPhone.Deploy.0 = Release|Any CPU
		{23E799EB-AFFB-46F5-90CD-5CA992008242}.AppStore|iPhoneSimulator.ActiveCfg = Release|Any CPU
		{23E799EB-AFFB-46F5-90CD-5CA992008242}.AppStore|iPhoneSimulator.Build.0 = Release|Any CPU
		{23E799EB-AFFB-46F5-90CD-5CA992008242}.AppStore|iPhoneSimulator.Deploy.0 = Release|Any CPU
		{23E799EB-AFFB-46F5-90CD-5CA992008242}.AppStore|x64.ActiveCfg = Release|Any CPU
		{23E799EB-AFFB-46F5-90CD-5CA992008242}.AppStore|x64.Build.0 = Release|Any CPU
		{23E799EB-AFFB-46F5-90CD-5CA992008242}.AppStore|x64.Deploy.0 = Release|Any CPU
		{23E799EB-AFFB-46F5-90CD-5CA992008242}.AppStore|x86.ActiveCfg = Release|Any CPU
		{23E799EB-AFFB-46F5-90CD-5CA992008242}.AppStore|x86.Build.0 = Release|Any CPU
		{23E799EB-AFFB-46F5-90CD-5CA992008242}.AppStore|x86.Deploy.0 = Release|Any CPU
		{23E799EB-AFFB-46F5-90CD-5CA992008242}.Debug|Any CPU.ActiveCfg = Debug|Any CPU
		{23E799EB-AFFB-46F5-90CD-5CA992008242}.Debug|Any CPU.Build.0 = Debug|Any CPU
		{23E799EB-AFFB-46F5-90CD-5CA992008242}.Debug|Any CPU.Deploy.0 = Debug|Any CPU
		{23E799EB-AFFB-46F5-90CD-5CA992008242}.Debug|ARM.ActiveCfg = Debug|Any CPU
		{23E799EB-AFFB-46F5-90CD-5CA992008242}.Debug|ARM.Build.0 = Debug|Any CPU
		{23E799EB-AFFB-46F5-90CD-5CA992008242}.Debug|ARM.Deploy.0 = Debug|Any CPU
		{23E799EB-AFFB-46F5-90CD-5CA992008242}.Debug|iPhone.ActiveCfg = Debug|Any CPU
		{23E799EB-AFFB-46F5-90CD-5CA992008242}.Debug|iPhone.Build.0 = Debug|Any CPU
		{23E799EB-AFFB-46F5-90CD-5CA992008242}.Debug|iPhone.Deploy.0 = Debug|Any CPU
		{23E799EB-AFFB-46F5-90CD-5CA992008242}.Debug|iPhoneSimulator.ActiveCfg = Debug|Any CPU
		{23E799EB-AFFB-46F5-90CD-5CA992008242}.Debug|iPhoneSimulator.Build.0 = Debug|Any CPU
		{23E799EB-AFFB-46F5-90CD-5CA992008242}.Debug|iPhoneSimulator.Deploy.0 = Debug|Any CPU
		{23E799EB-AFFB-46F5-90CD-5CA992008242}.Debug|x64.ActiveCfg = Debug|Any CPU
		{23E799EB-AFFB-46F5-90CD-5CA992008242}.Debug|x64.Build.0 = Debug|Any CPU
		{23E799EB-AFFB-46F5-90CD-5CA992008242}.Debug|x64.Deploy.0 = Debug|Any CPU
		{23E799EB-AFFB-46F5-90CD-5CA992008242}.Debug|x86.ActiveCfg = Debug|Any CPU
		{23E799EB-AFFB-46F5-90CD-5CA992008242}.Debug|x86.Build.0 = Debug|Any CPU
		{23E799EB-AFFB-46F5-90CD-5CA992008242}.Debug|x86.Deploy.0 = Debug|Any CPU
		{23E799EB-AFFB-46F5-90CD-5CA992008242}.Release|Any CPU.ActiveCfg = Release|Any CPU
		{23E799EB-AFFB-46F5-90CD-5CA992008242}.Release|Any CPU.Build.0 = Release|Any CPU
		{23E799EB-AFFB-46F5-90CD-5CA992008242}.Release|Any CPU.Deploy.0 = Release|Any CPU
		{23E799EB-AFFB-46F5-90CD-5CA992008242}.Release|ARM.ActiveCfg = Release|Any CPU
		{23E799EB-AFFB-46F5-90CD-5CA992008242}.Release|ARM.Build.0 = Release|Any CPU
		{23E799EB-AFFB-46F5-90CD-5CA992008242}.Release|ARM.Deploy.0 = Release|Any CPU
		{23E799EB-AFFB-46F5-90CD-5CA992008242}.Release|iPhone.ActiveCfg = Release|Any CPU
		{23E799EB-AFFB-46F5-90CD-5CA992008242}.Release|iPhone.Build.0 = Release|Any CPU
		{23E799EB-AFFB-46F5-90CD-5CA992008242}.Release|iPhone.Deploy.0 = Release|Any CPU
		{23E799EB-AFFB-46F5-90CD-5CA992008242}.Release|iPhoneSimulator.ActiveCfg = Release|Any CPU
		{23E799EB-AFFB-46F5-90CD-5CA992008242}.Release|iPhoneSimulator.Build.0 = Release|Any CPU
		{23E799EB-AFFB-46F5-90CD-5CA992008242}.Release|iPhoneSimulator.Deploy.0 = Release|Any CPU
		{23E799EB-AFFB-46F5-90CD-5CA992008242}.Release|x64.ActiveCfg = Release|Any CPU
		{23E799EB-AFFB-46F5-90CD-5CA992008242}.Release|x64.Build.0 = Release|Any CPU
		{23E799EB-AFFB-46F5-90CD-5CA992008242}.Release|x64.Deploy.0 = Release|Any CPU
		{23E799EB-AFFB-46F5-90CD-5CA992008242}.Release|x86.ActiveCfg = Release|Any CPU
		{23E799EB-AFFB-46F5-90CD-5CA992008242}.Release|x86.Build.0 = Release|Any CPU
		{23E799EB-AFFB-46F5-90CD-5CA992008242}.Release|x86.Deploy.0 = Release|Any CPU
		{613D476D-9DDB-41F1-B062-5B18EACF4639}.Ad-Hoc|Any CPU.ActiveCfg = Ad-Hoc|iPhone
		{613D476D-9DDB-41F1-B062-5B18EACF4639}.Ad-Hoc|Any CPU.Build.0 = Ad-Hoc|iPhone
		{613D476D-9DDB-41F1-B062-5B18EACF4639}.Ad-Hoc|Any CPU.Deploy.0 = Ad-Hoc|iPhone
		{613D476D-9DDB-41F1-B062-5B18EACF4639}.Ad-Hoc|ARM.ActiveCfg = Ad-Hoc|iPhone
		{613D476D-9DDB-41F1-B062-5B18EACF4639}.Ad-Hoc|ARM.Build.0 = Ad-Hoc|iPhone
		{613D476D-9DDB-41F1-B062-5B18EACF4639}.Ad-Hoc|ARM.Deploy.0 = Ad-Hoc|iPhone
		{613D476D-9DDB-41F1-B062-5B18EACF4639}.Ad-Hoc|iPhone.ActiveCfg = Ad-Hoc|iPhone
		{613D476D-9DDB-41F1-B062-5B18EACF4639}.Ad-Hoc|iPhone.Build.0 = Ad-Hoc|iPhone
		{613D476D-9DDB-41F1-B062-5B18EACF4639}.Ad-Hoc|iPhone.Deploy.0 = Ad-Hoc|iPhone
		{613D476D-9DDB-41F1-B062-5B18EACF4639}.Ad-Hoc|iPhoneSimulator.ActiveCfg = Ad-Hoc|iPhoneSimulator
		{613D476D-9DDB-41F1-B062-5B18EACF4639}.Ad-Hoc|iPhoneSimulator.Build.0 = Ad-Hoc|iPhoneSimulator
		{613D476D-9DDB-41F1-B062-5B18EACF4639}.Ad-Hoc|iPhoneSimulator.Deploy.0 = Ad-Hoc|iPhoneSimulator
		{613D476D-9DDB-41F1-B062-5B18EACF4639}.Ad-Hoc|x64.ActiveCfg = Ad-Hoc|iPhone
		{613D476D-9DDB-41F1-B062-5B18EACF4639}.Ad-Hoc|x64.Build.0 = Ad-Hoc|iPhone
		{613D476D-9DDB-41F1-B062-5B18EACF4639}.Ad-Hoc|x64.Deploy.0 = Ad-Hoc|iPhone
		{613D476D-9DDB-41F1-B062-5B18EACF4639}.Ad-Hoc|x86.ActiveCfg = Ad-Hoc|iPhone
		{613D476D-9DDB-41F1-B062-5B18EACF4639}.Ad-Hoc|x86.Build.0 = Ad-Hoc|iPhone
		{613D476D-9DDB-41F1-B062-5B18EACF4639}.Ad-Hoc|x86.Deploy.0 = Ad-Hoc|iPhone
		{613D476D-9DDB-41F1-B062-5B18EACF4639}.AppStore|Any CPU.ActiveCfg = AppStore|iPhone
		{613D476D-9DDB-41F1-B062-5B18EACF4639}.AppStore|Any CPU.Build.0 = AppStore|iPhone
		{613D476D-9DDB-41F1-B062-5B18EACF4639}.AppStore|Any CPU.Deploy.0 = AppStore|iPhone
		{613D476D-9DDB-41F1-B062-5B18EACF4639}.AppStore|ARM.ActiveCfg = AppStore|iPhone
		{613D476D-9DDB-41F1-B062-5B18EACF4639}.AppStore|ARM.Build.0 = AppStore|iPhone
		{613D476D-9DDB-41F1-B062-5B18EACF4639}.AppStore|ARM.Deploy.0 = AppStore|iPhone
		{613D476D-9DDB-41F1-B062-5B18EACF4639}.AppStore|iPhone.ActiveCfg = AppStore|iPhone
		{613D476D-9DDB-41F1-B062-5B18EACF4639}.AppStore|iPhone.Build.0 = AppStore|iPhone
		{613D476D-9DDB-41F1-B062-5B18EACF4639}.AppStore|iPhone.Deploy.0 = AppStore|iPhone
		{613D476D-9DDB-41F1-B062-5B18EACF4639}.AppStore|iPhoneSimulator.ActiveCfg = AppStore|iPhoneSimulator
		{613D476D-9DDB-41F1-B062-5B18EACF4639}.AppStore|iPhoneSimulator.Build.0 = AppStore|iPhoneSimulator
		{613D476D-9DDB-41F1-B062-5B18EACF4639}.AppStore|iPhoneSimulator.Deploy.0 = AppStore|iPhoneSimulator
		{613D476D-9DDB-41F1-B062-5B18EACF4639}.AppStore|x64.ActiveCfg = AppStore|iPhone
		{613D476D-9DDB-41F1-B062-5B18EACF4639}.AppStore|x64.Build.0 = AppStore|iPhone
		{613D476D-9DDB-41F1-B062-5B18EACF4639}.AppStore|x64.Deploy.0 = AppStore|iPhone
		{613D476D-9DDB-41F1-B062-5B18EACF4639}.AppStore|x86.ActiveCfg = AppStore|iPhone
		{613D476D-9DDB-41F1-B062-5B18EACF4639}.AppStore|x86.Build.0 = AppStore|iPhone
		{613D476D-9DDB-41F1-B062-5B18EACF4639}.AppStore|x86.Deploy.0 = AppStore|iPhone
		{613D476D-9DDB-41F1-B062-5B18EACF4639}.Debug|Any CPU.ActiveCfg = Debug|iPhoneSimulator
		{613D476D-9DDB-41F1-B062-5B18EACF4639}.Debug|Any CPU.Build.0 = Debug|iPhoneSimulator
		{613D476D-9DDB-41F1-B062-5B18EACF4639}.Debug|Any CPU.Deploy.0 = Debug|iPhoneSimulator
		{613D476D-9DDB-41F1-B062-5B18EACF4639}.Debug|ARM.ActiveCfg = Debug|iPhone
		{613D476D-9DDB-41F1-B062-5B18EACF4639}.Debug|ARM.Build.0 = Debug|iPhone
		{613D476D-9DDB-41F1-B062-5B18EACF4639}.Debug|ARM.Deploy.0 = Debug|iPhone
		{613D476D-9DDB-41F1-B062-5B18EACF4639}.Debug|iPhone.ActiveCfg = Debug|iPhone
		{613D476D-9DDB-41F1-B062-5B18EACF4639}.Debug|iPhone.Build.0 = Debug|iPhone
		{613D476D-9DDB-41F1-B062-5B18EACF4639}.Debug|iPhone.Deploy.0 = Debug|iPhone
		{613D476D-9DDB-41F1-B062-5B18EACF4639}.Debug|iPhoneSimulator.ActiveCfg = Debug|iPhoneSimulator
		{613D476D-9DDB-41F1-B062-5B18EACF4639}.Debug|iPhoneSimulator.Build.0 = Debug|iPhoneSimulator
		{613D476D-9DDB-41F1-B062-5B18EACF4639}.Debug|iPhoneSimulator.Deploy.0 = Debug|iPhoneSimulator
		{613D476D-9DDB-41F1-B062-5B18EACF4639}.Debug|x64.ActiveCfg = Debug|iPhone
		{613D476D-9DDB-41F1-B062-5B18EACF4639}.Debug|x64.Build.0 = Debug|iPhone
		{613D476D-9DDB-41F1-B062-5B18EACF4639}.Debug|x64.Deploy.0 = Debug|iPhone
		{613D476D-9DDB-41F1-B062-5B18EACF4639}.Debug|x86.ActiveCfg = Debug|iPhone
		{613D476D-9DDB-41F1-B062-5B18EACF4639}.Debug|x86.Build.0 = Debug|iPhone
		{613D476D-9DDB-41F1-B062-5B18EACF4639}.Debug|x86.Deploy.0 = Debug|iPhone
		{613D476D-9DDB-41F1-B062-5B18EACF4639}.Release|Any CPU.ActiveCfg = Release|iPhone
		{613D476D-9DDB-41F1-B062-5B18EACF4639}.Release|Any CPU.Build.0 = Release|iPhone
		{613D476D-9DDB-41F1-B062-5B18EACF4639}.Release|Any CPU.Deploy.0 = Release|iPhone
		{613D476D-9DDB-41F1-B062-5B18EACF4639}.Release|ARM.ActiveCfg = Release|iPhone
		{613D476D-9DDB-41F1-B062-5B18EACF4639}.Release|ARM.Build.0 = Release|iPhone
		{613D476D-9DDB-41F1-B062-5B18EACF4639}.Release|ARM.Deploy.0 = Release|iPhone
		{613D476D-9DDB-41F1-B062-5B18EACF4639}.Release|iPhone.ActiveCfg = Release|iPhone
		{613D476D-9DDB-41F1-B062-5B18EACF4639}.Release|iPhone.Build.0 = Release|iPhone
		{613D476D-9DDB-41F1-B062-5B18EACF4639}.Release|iPhone.Deploy.0 = Release|iPhone
		{613D476D-9DDB-41F1-B062-5B18EACF4639}.Release|iPhoneSimulator.ActiveCfg = Release|iPhoneSimulator
		{613D476D-9DDB-41F1-B062-5B18EACF4639}.Release|iPhoneSimulator.Build.0 = Release|iPhoneSimulator
		{613D476D-9DDB-41F1-B062-5B18EACF4639}.Release|iPhoneSimulator.Deploy.0 = Release|iPhoneSimulator
		{613D476D-9DDB-41F1-B062-5B18EACF4639}.Release|x64.ActiveCfg = Release|iPhone
		{613D476D-9DDB-41F1-B062-5B18EACF4639}.Release|x64.Build.0 = Release|iPhone
		{613D476D-9DDB-41F1-B062-5B18EACF4639}.Release|x64.Deploy.0 = Release|iPhone
		{613D476D-9DDB-41F1-B062-5B18EACF4639}.Release|x86.ActiveCfg = Release|iPhone
		{613D476D-9DDB-41F1-B062-5B18EACF4639}.Release|x86.Build.0 = Release|iPhone
		{613D476D-9DDB-41F1-B062-5B18EACF4639}.Release|x86.Deploy.0 = Release|iPhone
		{05EFFE05-2120-49C8-A6C3-7F20422DD17B}.Ad-Hoc|Any CPU.ActiveCfg = Release|x86
		{05EFFE05-2120-49C8-A6C3-7F20422DD17B}.Ad-Hoc|Any CPU.Build.0 = Release|x86
		{05EFFE05-2120-49C8-A6C3-7F20422DD17B}.Ad-Hoc|Any CPU.Deploy.0 = Release|x86
		{05EFFE05-2120-49C8-A6C3-7F20422DD17B}.Ad-Hoc|ARM.ActiveCfg = Release|ARM
		{05EFFE05-2120-49C8-A6C3-7F20422DD17B}.Ad-Hoc|ARM.Build.0 = Release|ARM
		{05EFFE05-2120-49C8-A6C3-7F20422DD17B}.Ad-Hoc|ARM.Deploy.0 = Release|ARM
		{05EFFE05-2120-49C8-A6C3-7F20422DD17B}.Ad-Hoc|iPhone.ActiveCfg = Release|x86
		{05EFFE05-2120-49C8-A6C3-7F20422DD17B}.Ad-Hoc|iPhone.Build.0 = Release|x86
		{05EFFE05-2120-49C8-A6C3-7F20422DD17B}.Ad-Hoc|iPhone.Deploy.0 = Release|x86
		{05EFFE05-2120-49C8-A6C3-7F20422DD17B}.Ad-Hoc|iPhoneSimulator.ActiveCfg = Release|x86
		{05EFFE05-2120-49C8-A6C3-7F20422DD17B}.Ad-Hoc|iPhoneSimulator.Build.0 = Release|x86
		{05EFFE05-2120-49C8-A6C3-7F20422DD17B}.Ad-Hoc|iPhoneSimulator.Deploy.0 = Release|x86
		{05EFFE05-2120-49C8-A6C3-7F20422DD17B}.Ad-Hoc|x64.ActiveCfg = Release|x64
		{05EFFE05-2120-49C8-A6C3-7F20422DD17B}.Ad-Hoc|x64.Build.0 = Release|x64
		{05EFFE05-2120-49C8-A6C3-7F20422DD17B}.Ad-Hoc|x64.Deploy.0 = Release|x64
		{05EFFE05-2120-49C8-A6C3-7F20422DD17B}.Ad-Hoc|x86.ActiveCfg = Release|x86
		{05EFFE05-2120-49C8-A6C3-7F20422DD17B}.Ad-Hoc|x86.Build.0 = Release|x86
		{05EFFE05-2120-49C8-A6C3-7F20422DD17B}.Ad-Hoc|x86.Deploy.0 = Release|x86
		{05EFFE05-2120-49C8-A6C3-7F20422DD17B}.AppStore|Any CPU.ActiveCfg = Release|x86
		{05EFFE05-2120-49C8-A6C3-7F20422DD17B}.AppStore|Any CPU.Build.0 = Release|x86
		{05EFFE05-2120-49C8-A6C3-7F20422DD17B}.AppStore|Any CPU.Deploy.0 = Release|x86
		{05EFFE05-2120-49C8-A6C3-7F20422DD17B}.AppStore|ARM.ActiveCfg = Release|ARM
		{05EFFE05-2120-49C8-A6C3-7F20422DD17B}.AppStore|ARM.Build.0 = Release|ARM
		{05EFFE05-2120-49C8-A6C3-7F20422DD17B}.AppStore|ARM.Deploy.0 = Release|ARM
		{05EFFE05-2120-49C8-A6C3-7F20422DD17B}.AppStore|iPhone.ActiveCfg = Release|x86
		{05EFFE05-2120-49C8-A6C3-7F20422DD17B}.AppStore|iPhone.Build.0 = Release|x86
		{05EFFE05-2120-49C8-A6C3-7F20422DD17B}.AppStore|iPhone.Deploy.0 = Release|x86
		{05EFFE05-2120-49C8-A6C3-7F20422DD17B}.AppStore|iPhoneSimulator.ActiveCfg = Release|x86
		{05EFFE05-2120-49C8-A6C3-7F20422DD17B}.AppStore|iPhoneSimulator.Build.0 = Release|x86
		{05EFFE05-2120-49C8-A6C3-7F20422DD17B}.AppStore|iPhoneSimulator.Deploy.0 = Release|x86
		{05EFFE05-2120-49C8-A6C3-7F20422DD17B}.AppStore|x64.ActiveCfg = Release|x64
		{05EFFE05-2120-49C8-A6C3-7F20422DD17B}.AppStore|x64.Build.0 = Release|x64
		{05EFFE05-2120-49C8-A6C3-7F20422DD17B}.AppStore|x64.Deploy.0 = Release|x64
		{05EFFE05-2120-49C8-A6C3-7F20422DD17B}.AppStore|x86.ActiveCfg = Release|x86
		{05EFFE05-2120-49C8-A6C3-7F20422DD17B}.AppStore|x86.Build.0 = Release|x86
		{05EFFE05-2120-49C8-A6C3-7F20422DD17B}.AppStore|x86.Deploy.0 = Release|x86
		{05EFFE05-2120-49C8-A6C3-7F20422DD17B}.Debug|Any CPU.ActiveCfg = Debug|x86
		{05EFFE05-2120-49C8-A6C3-7F20422DD17B}.Debug|Any CPU.Build.0 = Debug|x86
		{05EFFE05-2120-49C8-A6C3-7F20422DD17B}.Debug|Any CPU.Deploy.0 = Debug|x86
		{05EFFE05-2120-49C8-A6C3-7F20422DD17B}.Debug|ARM.ActiveCfg = Debug|ARM
		{05EFFE05-2120-49C8-A6C3-7F20422DD17B}.Debug|ARM.Build.0 = Debug|ARM
		{05EFFE05-2120-49C8-A6C3-7F20422DD17B}.Debug|ARM.Deploy.0 = Debug|ARM
		{05EFFE05-2120-49C8-A6C3-7F20422DD17B}.Debug|iPhone.ActiveCfg = Debug|x86
		{05EFFE05-2120-49C8-A6C3-7F20422DD17B}.Debug|iPhone.Build.0 = Debug|x86
		{05EFFE05-2120-49C8-A6C3-7F20422DD17B}.Debug|iPhone.Deploy.0 = Debug|x86
		{05EFFE05-2120-49C8-A6C3-7F20422DD17B}.Debug|iPhoneSimulator.ActiveCfg = Debug|x86
		{05EFFE05-2120-49C8-A6C3-7F20422DD17B}.Debug|iPhoneSimulator.Build.0 = Debug|x86
		{05EFFE05-2120-49C8-A6C3-7F20422DD17B}.Debug|iPhoneSimulator.Deploy.0 = Debug|x86
		{05EFFE05-2120-49C8-A6C3-7F20422DD17B}.Debug|x64.ActiveCfg = Debug|x64
		{05EFFE05-2120-49C8-A6C3-7F20422DD17B}.Debug|x64.Build.0 = Debug|x64
		{05EFFE05-2120-49C8-A6C3-7F20422DD17B}.Debug|x64.Deploy.0 = Debug|x64
		{05EFFE05-2120-49C8-A6C3-7F20422DD17B}.Debug|x86.ActiveCfg = Debug|x86
		{05EFFE05-2120-49C8-A6C3-7F20422DD17B}.Debug|x86.Build.0 = Debug|x86
		{05EFFE05-2120-49C8-A6C3-7F20422DD17B}.Debug|x86.Deploy.0 = Debug|x86
		{05EFFE05-2120-49C8-A6C3-7F20422DD17B}.Release|Any CPU.ActiveCfg = Release|x86
		{05EFFE05-2120-49C8-A6C3-7F20422DD17B}.Release|Any CPU.Build.0 = Release|x86
		{05EFFE05-2120-49C8-A6C3-7F20422DD17B}.Release|Any CPU.Deploy.0 = Release|x86
		{05EFFE05-2120-49C8-A6C3-7F20422DD17B}.Release|ARM.ActiveCfg = Release|ARM
		{05EFFE05-2120-49C8-A6C3-7F20422DD17B}.Release|ARM.Build.0 = Release|ARM
		{05EFFE05-2120-49C8-A6C3-7F20422DD17B}.Release|ARM.Deploy.0 = Release|ARM
		{05EFFE05-2120-49C8-A6C3-7F20422DD17B}.Release|iPhone.ActiveCfg = Release|x86
		{05EFFE05-2120-49C8-A6C3-7F20422DD17B}.Release|iPhone.Build.0 = Release|x86
		{05EFFE05-2120-49C8-A6C3-7F20422DD17B}.Release|iPhone.Deploy.0 = Release|x86
		{05EFFE05-2120-49C8-A6C3-7F20422DD17B}.Release|iPhoneSimulator.ActiveCfg = Release|x86
		{05EFFE05-2120-49C8-A6C3-7F20422DD17B}.Release|iPhoneSimulator.Build.0 = Release|x86
		{05EFFE05-2120-49C8-A6C3-7F20422DD17B}.Release|iPhoneSimulator.Deploy.0 = Release|x86
		{05EFFE05-2120-49C8-A6C3-7F20422DD17B}.Release|x64.ActiveCfg = Release|x64
		{05EFFE05-2120-49C8-A6C3-7F20422DD17B}.Release|x64.Build.0 = Release|x64
		{05EFFE05-2120-49C8-A6C3-7F20422DD17B}.Release|x64.Deploy.0 = Release|x64
		{05EFFE05-2120-49C8-A6C3-7F20422DD17B}.Release|x86.ActiveCfg = Release|x86
		{05EFFE05-2120-49C8-A6C3-7F20422DD17B}.Release|x86.Build.0 = Release|x86
		{05EFFE05-2120-49C8-A6C3-7F20422DD17B}.Release|x86.Deploy.0 = Release|x86
		{E5D71D45-060C-4AF7-8D1A-B565DC92489B}.Ad-Hoc|Any CPU.ActiveCfg = Debug|Any CPU
		{E5D71D45-060C-4AF7-8D1A-B565DC92489B}.Ad-Hoc|Any CPU.Build.0 = Debug|Any CPU
		{E5D71D45-060C-4AF7-8D1A-B565DC92489B}.Ad-Hoc|Any CPU.Deploy.0 = Debug|Any CPU
		{E5D71D45-060C-4AF7-8D1A-B565DC92489B}.Ad-Hoc|ARM.ActiveCfg = Debug|Any CPU
		{E5D71D45-060C-4AF7-8D1A-B565DC92489B}.Ad-Hoc|ARM.Build.0 = Debug|Any CPU
		{E5D71D45-060C-4AF7-8D1A-B565DC92489B}.Ad-Hoc|ARM.Deploy.0 = Debug|Any CPU
		{E5D71D45-060C-4AF7-8D1A-B565DC92489B}.Ad-Hoc|iPhone.ActiveCfg = Debug|Any CPU
		{E5D71D45-060C-4AF7-8D1A-B565DC92489B}.Ad-Hoc|iPhone.Build.0 = Debug|Any CPU
		{E5D71D45-060C-4AF7-8D1A-B565DC92489B}.Ad-Hoc|iPhone.Deploy.0 = Debug|Any CPU
		{E5D71D45-060C-4AF7-8D1A-B565DC92489B}.Ad-Hoc|iPhoneSimulator.ActiveCfg = Debug|Any CPU
		{E5D71D45-060C-4AF7-8D1A-B565DC92489B}.Ad-Hoc|iPhoneSimulator.Build.0 = Debug|Any CPU
		{E5D71D45-060C-4AF7-8D1A-B565DC92489B}.Ad-Hoc|iPhoneSimulator.Deploy.0 = Debug|Any CPU
		{E5D71D45-060C-4AF7-8D1A-B565DC92489B}.Ad-Hoc|x64.ActiveCfg = Debug|Any CPU
		{E5D71D45-060C-4AF7-8D1A-B565DC92489B}.Ad-Hoc|x64.Build.0 = Debug|Any CPU
		{E5D71D45-060C-4AF7-8D1A-B565DC92489B}.Ad-Hoc|x64.Deploy.0 = Debug|Any CPU
		{E5D71D45-060C-4AF7-8D1A-B565DC92489B}.Ad-Hoc|x86.ActiveCfg = Debug|Any CPU
		{E5D71D45-060C-4AF7-8D1A-B565DC92489B}.Ad-Hoc|x86.Build.0 = Debug|Any CPU
		{E5D71D45-060C-4AF7-8D1A-B565DC92489B}.Ad-Hoc|x86.Deploy.0 = Debug|Any CPU
		{E5D71D45-060C-4AF7-8D1A-B565DC92489B}.AppStore|Any CPU.ActiveCfg = Debug|Any CPU
		{E5D71D45-060C-4AF7-8D1A-B565DC92489B}.AppStore|Any CPU.Build.0 = Debug|Any CPU
		{E5D71D45-060C-4AF7-8D1A-B565DC92489B}.AppStore|Any CPU.Deploy.0 = Debug|Any CPU
		{E5D71D45-060C-4AF7-8D1A-B565DC92489B}.AppStore|ARM.ActiveCfg = Debug|Any CPU
		{E5D71D45-060C-4AF7-8D1A-B565DC92489B}.AppStore|ARM.Build.0 = Debug|Any CPU
		{E5D71D45-060C-4AF7-8D1A-B565DC92489B}.AppStore|ARM.Deploy.0 = Debug|Any CPU
		{E5D71D45-060C-4AF7-8D1A-B565DC92489B}.AppStore|iPhone.ActiveCfg = Debug|Any CPU
		{E5D71D45-060C-4AF7-8D1A-B565DC92489B}.AppStore|iPhone.Build.0 = Debug|Any CPU
		{E5D71D45-060C-4AF7-8D1A-B565DC92489B}.AppStore|iPhone.Deploy.0 = Debug|Any CPU
		{E5D71D45-060C-4AF7-8D1A-B565DC92489B}.AppStore|iPhoneSimulator.ActiveCfg = Debug|Any CPU
		{E5D71D45-060C-4AF7-8D1A-B565DC92489B}.AppStore|iPhoneSimulator.Build.0 = Debug|Any CPU
		{E5D71D45-060C-4AF7-8D1A-B565DC92489B}.AppStore|iPhoneSimulator.Deploy.0 = Debug|Any CPU
		{E5D71D45-060C-4AF7-8D1A-B565DC92489B}.AppStore|x64.ActiveCfg = Debug|Any CPU
		{E5D71D45-060C-4AF7-8D1A-B565DC92489B}.AppStore|x64.Build.0 = Debug|Any CPU
		{E5D71D45-060C-4AF7-8D1A-B565DC92489B}.AppStore|x64.Deploy.0 = Debug|Any CPU
		{E5D71D45-060C-4AF7-8D1A-B565DC92489B}.AppStore|x86.ActiveCfg = Debug|Any CPU
		{E5D71D45-060C-4AF7-8D1A-B565DC92489B}.AppStore|x86.Build.0 = Debug|Any CPU
		{E5D71D45-060C-4AF7-8D1A-B565DC92489B}.AppStore|x86.Deploy.0 = Debug|Any CPU
		{E5D71D45-060C-4AF7-8D1A-B565DC92489B}.Debug|Any CPU.ActiveCfg = Debug|Any CPU
		{E5D71D45-060C-4AF7-8D1A-B565DC92489B}.Debug|Any CPU.Build.0 = Debug|Any CPU
		{E5D71D45-060C-4AF7-8D1A-B565DC92489B}.Debug|Any CPU.Deploy.0 = Debug|Any CPU
		{E5D71D45-060C-4AF7-8D1A-B565DC92489B}.Debug|ARM.ActiveCfg = Debug|Any CPU
		{E5D71D45-060C-4AF7-8D1A-B565DC92489B}.Debug|ARM.Build.0 = Debug|Any CPU
		{E5D71D45-060C-4AF7-8D1A-B565DC92489B}.Debug|ARM.Deploy.0 = Debug|Any CPU
		{E5D71D45-060C-4AF7-8D1A-B565DC92489B}.Debug|iPhone.ActiveCfg = Debug|Any CPU
		{E5D71D45-060C-4AF7-8D1A-B565DC92489B}.Debug|iPhone.Build.0 = Debug|Any CPU
		{E5D71D45-060C-4AF7-8D1A-B565DC92489B}.Debug|iPhone.Deploy.0 = Debug|Any CPU
		{E5D71D45-060C-4AF7-8D1A-B565DC92489B}.Debug|iPhoneSimulator.ActiveCfg = Debug|Any CPU
		{E5D71D45-060C-4AF7-8D1A-B565DC92489B}.Debug|iPhoneSimulator.Build.0 = Debug|Any CPU
		{E5D71D45-060C-4AF7-8D1A-B565DC92489B}.Debug|iPhoneSimulator.Deploy.0 = Debug|Any CPU
		{E5D71D45-060C-4AF7-8D1A-B565DC92489B}.Debug|x64.ActiveCfg = Debug|Any CPU
		{E5D71D45-060C-4AF7-8D1A-B565DC92489B}.Debug|x64.Build.0 = Debug|Any CPU
		{E5D71D45-060C-4AF7-8D1A-B565DC92489B}.Debug|x64.Deploy.0 = Debug|Any CPU
		{E5D71D45-060C-4AF7-8D1A-B565DC92489B}.Debug|x86.ActiveCfg = Debug|Any CPU
		{E5D71D45-060C-4AF7-8D1A-B565DC92489B}.Debug|x86.Build.0 = Debug|Any CPU
		{E5D71D45-060C-4AF7-8D1A-B565DC92489B}.Debug|x86.Deploy.0 = Debug|Any CPU
		{E5D71D45-060C-4AF7-8D1A-B565DC92489B}.Release|Any CPU.ActiveCfg = Release|Any CPU
		{E5D71D45-060C-4AF7-8D1A-B565DC92489B}.Release|Any CPU.Build.0 = Release|Any CPU
		{E5D71D45-060C-4AF7-8D1A-B565DC92489B}.Release|Any CPU.Deploy.0 = Release|Any CPU
		{E5D71D45-060C-4AF7-8D1A-B565DC92489B}.Release|ARM.ActiveCfg = Release|Any CPU
		{E5D71D45-060C-4AF7-8D1A-B565DC92489B}.Release|ARM.Build.0 = Release|Any CPU
		{E5D71D45-060C-4AF7-8D1A-B565DC92489B}.Release|ARM.Deploy.0 = Release|Any CPU
		{E5D71D45-060C-4AF7-8D1A-B565DC92489B}.Release|iPhone.ActiveCfg = Release|Any CPU
		{E5D71D45-060C-4AF7-8D1A-B565DC92489B}.Release|iPhone.Build.0 = Release|Any CPU
		{E5D71D45-060C-4AF7-8D1A-B565DC92489B}.Release|iPhone.Deploy.0 = Release|Any CPU
		{E5D71D45-060C-4AF7-8D1A-B565DC92489B}.Release|iPhoneSimulator.ActiveCfg = Release|Any CPU
		{E5D71D45-060C-4AF7-8D1A-B565DC92489B}.Release|iPhoneSimulator.Build.0 = Release|Any CPU
		{E5D71D45-060C-4AF7-8D1A-B565DC92489B}.Release|iPhoneSimulator.Deploy.0 = Release|Any CPU
		{E5D71D45-060C-4AF7-8D1A-B565DC92489B}.Release|x64.ActiveCfg = Release|Any CPU
		{E5D71D45-060C-4AF7-8D1A-B565DC92489B}.Release|x64.Build.0 = Release|Any CPU
		{E5D71D45-060C-4AF7-8D1A-B565DC92489B}.Release|x64.Deploy.0 = Release|Any CPU
		{E5D71D45-060C-4AF7-8D1A-B565DC92489B}.Release|x86.ActiveCfg = Release|Any CPU
		{E5D71D45-060C-4AF7-8D1A-B565DC92489B}.Release|x86.Build.0 = Release|Any CPU
		{E5D71D45-060C-4AF7-8D1A-B565DC92489B}.Release|x86.Deploy.0 = Release|Any CPU
	EndGlobalSection
	GlobalSection(SolutionProperties) = preSolution
		HideSolutionNode = FALSE
	EndGlobalSection
	GlobalSection(ExtensibilityGlobals) = postSolution
		SolutionGuid = {A8E1E3EA-B6D2-4CEF-9B57-ED8C28CC73CC}
	EndGlobalSection
EndGlobal
